
Microsoft Visual Studio Solution File, Format Version 12.00
# Visual Studio Version 17
VisualStudioVersion = 17.1.31911.260
MinimumVisualStudioVersion = 10.0.40219.1
Project("{2150E333-8FDC-42A3-9474-1A3956D46DE8}") = "WinForms", "WinForms", "{12FCD389-3B42-46FC-9956-076CF43F2600}"
EndProject
Project("{9A19103F-16F7-4668-BE54-9A1E7A4F7556}") = "Main Demo VE X net5", "WinForms\CSharp\Main Demo X\Main Demo VE X net5.csproj", "{B6509564-651D-4A92-83AC-F87E09E289D8}"
EndProject
Project("{9A19103F-16F7-4668-BE54-9A1E7A4F7556}") = "Video Join Demo X net5", "WinForms\CSharp\Video Join Demo X\Video Join Demo X net5.csproj", "{8DF6014C-BB8F-4F6D-ABE6-EAF3A7DC995A}"
EndProject
Project("{9A19103F-16F7-4668-BE54-9A1E7A4F7556}") = "Video From Images X net5", "WinForms\CSharp\Video from images X\Video From Images X net5.csproj", "{0FA5BB02-E2B6-4065-9DF8-C4FD452E2289}"
EndProject
Project("{F184B08F-C81C-45F6-A57F-5ABD9991F28F}") = "Video From Images X VB net5", "WinForms\VB\Video From Images X VB\Video From Images X VB net5.vbproj", "{BAE3D798-DF3C-415D-B4BD-3D45F356D04B}"
EndProject
Global
	GlobalSection(SolutionConfigurationPlatforms) = preSolution
		Debug|Any CPU = Debug|Any CPU
		Release|Any CPU = Release|Any CPU
	EndGlobalSection
	GlobalSection(ProjectConfigurationPlatforms) = postSolution
		{B6509564-651D-4A92-83AC-F87E09E289D8}.Debug|Any CPU.ActiveCfg = Debug|Any CPU
		{B6509564-651D-4A92-83AC-F87E09E289D8}.Debug|Any CPU.Build.0 = Debug|Any CPU
		{B6509564-651D-4A92-83AC-F87E09E289D8}.Release|Any CPU.ActiveCfg = Release|Any CPU
		{B6509564-651D-4A92-83AC-F87E09E289D8}.Release|Any CPU.Build.0 = Release|Any CPU
		{8DF6014C-BB8F-4F6D-ABE6-EAF3A7DC995A}.Debug|Any CPU.ActiveCfg = Debug|Any CPU
		{8DF6014C-BB8F-4F6D-ABE6-EAF3A7DC995A}.Debug|Any CPU.Build.0 = Debug|Any CPU
		{8DF6014C-BB8F-4F6D-ABE6-EAF3A7DC995A}.Release|Any CPU.ActiveCfg = Release|Any CPU
		{8DF6014C-BB8F-4F6D-ABE6-EAF3A7DC995A}.Release|Any CPU.Build.0 = Release|Any CPU
		{0FA5BB02-E2B6-4065-9DF8-C4FD452E2289}.Debug|Any CPU.ActiveCfg = Debug|Any CPU
		{0FA5BB02-E2B6-4065-9DF8-C4FD452E2289}.Debug|Any CPU.Build.0 = Debug|Any CPU
		{0FA5BB02-E2B6-4065-9DF8-C4FD452E2289}.Release|Any CPU.ActiveCfg = Release|Any CPU
		{0FA5BB02-E2B6-4065-9DF8-C4FD452E2289}.Release|Any CPU.Build.0 = Release|Any CPU
		{BAE3D798-DF3C-415D-B4BD-3D45F356D04B}.Debug|Any CPU.ActiveCfg = Debug|Any CPU
		{BAE3D798-DF3C-415D-B4BD-3D45F356D04B}.Debug|Any CPU.Build.0 = Debug|Any CPU
		{BAE3D798-DF3C-415D-B4BD-3D45F356D04B}.Release|Any CPU.ActiveCfg = Release|Any CPU
		{BAE3D798-DF3C-415D-B4BD-3D45F356D04B}.Release|Any CPU.Build.0 = Release|Any CPU
	EndGlobalSection
	GlobalSection(SolutionProperties) = preSolution
		HideSolutionNode = FALSE
	EndGlobalSection
	GlobalSection(NestedProjects) = preSolution
		{B6509564-651D-4A92-83AC-F87E09E289D8} = {12FCD389-3B42-46FC-9956-076CF43F2600}
		{8DF6014C-BB8F-4F6D-ABE6-EAF3A7DC995A} = {12FCD389-3B42-46FC-9956-076CF43F2600}
		{0FA5BB02-E2B6-4065-9DF8-C4FD452E2289} = {12FCD389-3B42-46FC-9956-076CF43F2600}
		{BAE3D798-DF3C-415D-B4BD-3D45F356D04B} = {12FCD389-3B42-46FC-9956-076CF43F2600}
	EndGlobalSection
	GlobalSection(ExtensibilityGlobals) = postSolution
		SolutionGuid = {23833106-1A40-4105-9674-C90843B23533}
	EndGlobalSection
EndGlobal
