
Microsoft Visual Studio Solution File, Format Version 12.00
# Visual Studio Version 17
VisualStudioVersion = 17.1.31911.260
MinimumVisualStudioVersion = 10.0.40219.1
Project("{2150E333-8FDC-42A3-9474-1A3956D46DE8}") = "WinForms", "WinForms", "{12FCD389-3B42-46FC-9956-076CF43F2600}"
EndProject
Project("{F184B08F-C81C-45F6-A57F-5ABD9991F28F}") = "Audio Capture Demo VB (NuGet)", "WinForms\VB.Net\Audio Capture\Audio Capture Demo VB (NuGet).vbproj", "{ACD23D54-6F2A-438A-ACCA-4D7BF0C301B9}"
EndProject
Project("{F184B08F-C81C-45F6-A57F-5ABD9991F28F}") = "DV Capture Demo VB (NuGet)", "WinForms\VB.Net\DV Capture\DV Capture Demo VB (NuGet).vbproj", "{C598DCFC-B94C-475F-ACF8-5A03C43926F3}"
EndProject
Project("{F184B08F-C81C-45F6-A57F-5ABD9991F28F}") = "IP Capture Demo VB (NuGet)", "WinForms\VB.Net\IP Capture\IP Capture Demo VB (NuGet).vbproj", "{479447F5-0D55-4314-A0BB-CD4635F1A618}"
EndProject
Project("{F184B08F-C81C-45F6-A57F-5ABD9991F28F}") = "Main Demo VC VB (NuGet)", "WinForms\VB.Net\Main Demo\Main Demo VC VB (NuGet).vbproj", "{44E478B6-EEF3-4AD3-915B-A0FE60B49F23}"
EndProject
Project("{F184B08F-C81C-45F6-A57F-5ABD9991F28F}") = "Screen Capture Demo VB (NuGet)", "WinForms\VB.Net\Screen Capture\Screen Capture Demo VB (NuGet).vbproj", "{74E6041D-20BD-4642-9F9F-6D2542B4E40F}"
EndProject
Project("{F184B08F-C81C-45F6-A57F-5ABD9991F28F}") = "Simple Video Capture Demo VB (NuGet)", "WinForms\VB.Net\Simple Video Capture\Simple Video Capture Demo VB (NuGet).vbproj", "{02905B55-4A30-433A-B937-B2580332EB80}"
EndProject
Global
	GlobalSection(SolutionConfigurationPlatforms) = preSolution
		Debug|x64 = Debug|x64
		Release|x64 = Release|x64
	EndGlobalSection
	GlobalSection(ProjectConfigurationPlatforms) = postSolution
		{ACD23D54-6F2A-438A-ACCA-4D7BF0C301B9}.Debug|x64.ActiveCfg = Debug|x64
		{ACD23D54-6F2A-438A-ACCA-4D7BF0C301B9}.Debug|x64.Build.0 = Debug|x64
		{ACD23D54-6F2A-438A-ACCA-4D7BF0C301B9}.Release|x64.ActiveCfg = Release|x64
		{ACD23D54-6F2A-438A-ACCA-4D7BF0C301B9}.Release|x64.Build.0 = Release|x64
		{C598DCFC-B94C-475F-ACF8-5A03C43926F3}.Debug|x64.ActiveCfg = Debug|x64
		{C598DCFC-B94C-475F-ACF8-5A03C43926F3}.Debug|x64.Build.0 = Debug|x64
		{C598DCFC-B94C-475F-ACF8-5A03C43926F3}.Release|x64.ActiveCfg = Release|x64
		{C598DCFC-B94C-475F-ACF8-5A03C43926F3}.Release|x64.Build.0 = Release|x64
		{479447F5-0D55-4314-A0BB-CD4635F1A618}.Debug|x64.ActiveCfg = Debug|x64
		{479447F5-0D55-4314-A0BB-CD4635F1A618}.Debug|x64.Build.0 = Debug|x64
		{479447F5-0D55-4314-A0BB-CD4635F1A618}.Release|x64.ActiveCfg = Release|x64
		{479447F5-0D55-4314-A0BB-CD4635F1A618}.Release|x64.Build.0 = Release|x64
		{44E478B6-EEF3-4AD3-915B-A0FE60B49F23}.Debug|x64.ActiveCfg = Debug|x64
		{44E478B6-EEF3-4AD3-915B-A0FE60B49F23}.Debug|x64.Build.0 = Debug|x64
		{44E478B6-EEF3-4AD3-915B-A0FE60B49F23}.Release|x64.ActiveCfg = Release|x64
		{44E478B6-EEF3-4AD3-915B-A0FE60B49F23}.Release|x64.Build.0 = Release|x64
		{74E6041D-20BD-4642-9F9F-6D2542B4E40F}.Debug|x64.ActiveCfg = Debug|x64
		{74E6041D-20BD-4642-9F9F-6D2542B4E40F}.Debug|x64.Build.0 = Debug|x64
		{74E6041D-20BD-4642-9F9F-6D2542B4E40F}.Release|x64.ActiveCfg = Release|x64
		{74E6041D-20BD-4642-9F9F-6D2542B4E40F}.Release|x64.Build.0 = Release|x64
		{02905B55-4A30-433A-B937-B2580332EB80}.Debug|x64.ActiveCfg = Debug|x64
		{02905B55-4A30-433A-B937-B2580332EB80}.Debug|x64.Build.0 = Debug|x64
		{02905B55-4A30-433A-B937-B2580332EB80}.Release|x64.ActiveCfg = Release|x64
		{02905B55-4A30-433A-B937-B2580332EB80}.Release|x64.Build.0 = Release|x64
	EndGlobalSection
	GlobalSection(SolutionProperties) = preSolution
		HideSolutionNode = FALSE
	EndGlobalSection
	GlobalSection(NestedProjects) = preSolution
		{ACD23D54-6F2A-438A-ACCA-4D7BF0C301B9} = {12FCD389-3B42-46FC-9956-076CF43F2600}
		{C598DCFC-B94C-475F-ACF8-5A03C43926F3} = {12FCD389-3B42-46FC-9956-076CF43F2600}
		{479447F5-0D55-4314-A0BB-CD4635F1A618} = {12FCD389-3B42-46FC-9956-076CF43F2600}
		{44E478B6-EEF3-4AD3-915B-A0FE60B49F23} = {12FCD389-3B42-46FC-9956-076CF43F2600}
		{74E6041D-20BD-4642-9F9F-6D2542B4E40F} = {12FCD389-3B42-46FC-9956-076CF43F2600}
		{02905B55-4A30-433A-B937-B2580332EB80} = {12FCD389-3B42-46FC-9956-076CF43F2600}
	EndGlobalSection
	GlobalSection(ExtensibilityGlobals) = postSolution
		SolutionGuid = {83E0FE87-A19F-494A-A992-482A3E006CF5}
		Reflector0SourceLocation = E:\_my_projects\_projects\MediaFramework.Net\vidcap_converted\DirectEncodeNET.dll
		Reflector0SourceName = DirectEncodeNET
		Reflector0SourceVersion = 4.51.0.0
		Reflector0SourceAssemblyName = 
		Reflector0DestinationLocation = E:\_my_projects\_projects\MediaFramework.Net\VisioForge.MediaFramework\DirectEncodeNET.dll
		Reflector0DestinationName = DirectEncodeNET
		Reflector0DestinationVersion = 4.51.0.0
		Reflector0DestinationAssemblyName = 
	EndGlobalSection
EndGlobal
