
Microsoft Visual Studio Solution File, Format Version 12.00
# Visual Studio Version 17
VisualStudioVersion = 17.1.31911.260
MinimumVisualStudioVersion = 10.0.40219.1
Project("{9A19103F-16F7-4668-BE54-9A1E7A4F7556}") = "Video Join Demo X AV", "Avalonia\Video Join Demo X AV\Video Join Demo X AV.csproj", "{726060B8-8B46-4BE8-895C-0E4ED79FE713}"
EndProject
Global
	GlobalSection(SolutionConfigurationPlatforms) = preSolution
		Debug|Any CPU = Debug|Any CPU
		Release|Any CPU = Release|Any CPU
	EndGlobalSection
	GlobalSection(ProjectConfigurationPlatforms) = postSolution
		{726060B8-8B46-4BE8-895C-0E4ED79FE713}.Debug|Any CPU.ActiveCfg = Debug|Any CPU
		{726060B8-8B46-4BE8-895C-0E4ED79FE713}.Debug|Any CPU.Build.0 = Debug|Any CPU
		{726060B8-8B46-4BE8-895C-0E4ED79FE713}.Release|Any CPU.ActiveCfg = Release|Any CPU
		{726060B8-8B46-4BE8-895C-0E4ED79FE713}.Release|Any CPU.Build.0 = Release|Any CPU
	EndGlobalSection
	GlobalSection(SolutionProperties) = preSolution
		HideSolutionNode = FALSE
	EndGlobalSection
	GlobalSection(ExtensibilityGlobals) = postSolution
		SolutionGuid = {23833106-1A40-4105-9674-C90843B23533}
	EndGlobalSection
EndGlobal
