
Microsoft Visual Studio Solution File, Format Version 12.00
# Visual Studio Version 17
VisualStudioVersion = 17.1.31911.260
MinimumVisualStudioVersion = 10.0.40219.1
Project("{2150E333-8FDC-42A3-9474-1A3956D46DE8}") = "WinForms", "WinForms", "{12FCD389-3B42-46FC-9956-076CF43F2600}"
EndProject
Project("{2150E333-8FDC-42A3-9474-1A3956D46DE8}") = "WPF", "WPF", "{BEB35102-F434-47CE-A231-2FC3F089F75B}"
EndProject
Project("{9A19103F-16F7-4668-BE54-9A1E7A4F7556}") = "Video From Images (NuGet) net9", "WinForms\CSharp\Video from images\Video From Images (NuGet) net9.csproj", "{C384417A-6BBD-497A-ADF1-4C1A2D8FD05B}"
EndProject
Project("{2150E333-8FDC-42A3-9474-1A3956D46DE8}") = "Console", "Console", "{025921BD-26DB-4C30-9A95-3C545CF0AA33}"
EndProject
Project("{9A19103F-16F7-4668-BE54-9A1E7A4F7556}") = "Main Demo VE CLI (NuGet) net9", "Console\CSharp\Main Demo CLI\Main Demo VE CLI (NuGet) net9.csproj", "{9BBD5871-E18F-4494-82B7-B771774E75EA}"
EndProject
Project("{9A19103F-16F7-4668-BE54-9A1E7A4F7556}") = "Video From Images VE CLI (NuGet) net9", "Console\CSharp\Video From Images CLI\Video From Images VE CLI (NuGet) net9.csproj", "{0631F2FB-54CB-4E8E-B0D6-D26FBFCDA408}"
EndProject
Project("{9A19103F-16F7-4668-BE54-9A1E7A4F7556}") = "Main Demo VE (NuGet) net9", "WinForms\CSharp\Main Demo\Main Demo VE (NuGet) net9.csproj", "{3EDD8396-3B02-40C2-8C2E-E7F1B361D984}"
EndProject
Project("{9A19103F-16F7-4668-BE54-9A1E7A4F7556}") = "Video From Images In Memory Demo (NuGet) net9", "WinForms\CSharp\Video from images in memory\Video From Images In Memory Demo (NuGet) net9.csproj", "{14581C24-A301-46FE-AEF7-8416CE94D255}"
EndProject
Project("{9A19103F-16F7-4668-BE54-9A1E7A4F7556}") = "Main Demo VE WPF (NuGet) net9", "WPF\CSharp\Main Demo\Main Demo VE WPF (NuGet) net9.csproj", "{A78A3FEC-8284-41F7-9156-5EF8043E012B}"
EndProject
Project("{9A19103F-16F7-4668-BE54-9A1E7A4F7556}") = "Video Join Demo (NuGet) net9", "WinForms\CSharp\Video Join Demo\Video Join Demo (NuGet) net9.csproj", "{8FAFA52C-9BE5-4D7A-8279-8A0C7B3B59C6}"
EndProject
Project("{9A19103F-16F7-4668-BE54-9A1E7A4F7556}") = "File Encryptor (NuGet) net9", "WinForms\CSharp\File Encryptor\File Encryptor (NuGet) net9.csproj", "{93B3DDE1-D743-4618-ADDB-F071B69E3E11}"
EndProject
Project("{9A19103F-16F7-4668-BE54-9A1E7A4F7556}") = "Audio Extractor (NuGet) net9", "WinForms\CSharp\Audio Extractor\Audio Extractor (NuGet) net9.csproj", "{8713598F-5D60-484B-9334-6576C11837DD}"
EndProject
Project("{9A19103F-16F7-4668-BE54-9A1E7A4F7556}") = "Multiple Audio Tracks Demo (NuGet) net9", "WPF\CSharp\Multiple Audio Tracks Demo\Multiple Audio Tracks Demo (NuGet) net9.csproj", "{5FCCCABA-879A-415A-8251-C38577E99A9D}"
EndProject
Project("{9A19103F-16F7-4668-BE54-9A1E7A4F7556}") = "Cut Video File net9", "WPF\CSharp\Cut Video File\Cut Video File net9.csproj", "{D5822DCB-5869-4244-812F-F33E8B588125}"
EndProject
Project("{FAE04EC0-301F-11D3-BF4B-00C04F79EFBC}") = "Audio Extractor WPF net9", "WPF\CSharp\Audio Extractor\Audio Extractor WPF net9.csproj", "{8C03A673-F321-48A9-9C91-AB94A345DD93}"
EndProject
Project("{FAE04EC0-301F-11D3-BF4B-00C04F79EFBC}") = "File Encryptor WPF net9", "WPF\CSharp\File Encryptor\File Encryptor WPF net9.csproj", "{CAC27F95-CCFD-4427-B823-72094BBD7386}"
EndProject
Project("{FAE04EC0-301F-11D3-BF4B-00C04F79EFBC}") = "Video From Images WPF net9", "WPF\CSharp\Video from images\Video From Images WPF net9.csproj", "{F459EF90-210C-43B5-8D0E-1D57C8E66B6B}"
EndProject
Project("{FAE04EC0-301F-11D3-BF4B-00C04F79EFBC}") = "Video From Images In Memory WPF net9", "WPF\CSharp\Video from images in memory\Video From Images In Memory WPF net9.csproj", "{3257E164-4A59-40EF-8AA3-19294629CBCC}"
EndProject
Project("{FAE04EC0-301F-11D3-BF4B-00C04F79EFBC}") = "Video Join Demo WPF net9", "WPF\CSharp\Video Join Demo\Video Join Demo WPF net9.csproj", "{DB5BFC37-00EA-40BC-81EB-0FB83045B966}"
EndProject
Global
	GlobalSection(SolutionConfigurationPlatforms) = preSolution
		Debug|Any CPU = Debug|Any CPU
		Debug|x86 = Debug|x86
		Debug|x64 = Debug|x64
		Release|Any CPU = Release|Any CPU
		Release|x86 = Release|x86
		Release|x64 = Release|x64
	EndGlobalSection
	GlobalSection(ProjectConfigurationPlatforms) = postSolution
		{C384417A-6BBD-497A-ADF1-4C1A2D8FD05B}.Debug|Any CPU.ActiveCfg = Debug|Any CPU
		{C384417A-6BBD-497A-ADF1-4C1A2D8FD05B}.Debug|Any CPU.Build.0 = Debug|Any CPU
		{C384417A-6BBD-497A-ADF1-4C1A2D8FD05B}.Debug|x86.ActiveCfg = Debug|x86
		{C384417A-6BBD-497A-ADF1-4C1A2D8FD05B}.Debug|x86.Build.0 = Debug|x86
		{C384417A-6BBD-497A-ADF1-4C1A2D8FD05B}.Debug|x64.ActiveCfg = Debug|Any CPU
		{C384417A-6BBD-497A-ADF1-4C1A2D8FD05B}.Debug|x64.Build.0 = Debug|Any CPU
		{C384417A-6BBD-497A-ADF1-4C1A2D8FD05B}.Release|Any CPU.ActiveCfg = Release|Any CPU
		{C384417A-6BBD-497A-ADF1-4C1A2D8FD05B}.Release|Any CPU.Build.0 = Release|Any CPU
		{C384417A-6BBD-497A-ADF1-4C1A2D8FD05B}.Release|x86.ActiveCfg = Release|x86
		{C384417A-6BBD-497A-ADF1-4C1A2D8FD05B}.Release|x86.Build.0 = Release|x86
		{C384417A-6BBD-497A-ADF1-4C1A2D8FD05B}.Release|x64.ActiveCfg = Release|Any CPU
		{C384417A-6BBD-497A-ADF1-4C1A2D8FD05B}.Release|x64.Build.0 = Release|Any CPU
		{9BBD5871-E18F-4494-82B7-B771774E75EA}.Debug|Any CPU.ActiveCfg = Debug|Any CPU
		{9BBD5871-E18F-4494-82B7-B771774E75EA}.Debug|Any CPU.Build.0 = Debug|Any CPU
		{9BBD5871-E18F-4494-82B7-B771774E75EA}.Debug|x86.ActiveCfg = Debug|x86
		{9BBD5871-E18F-4494-82B7-B771774E75EA}.Debug|x86.Build.0 = Debug|x86
		{9BBD5871-E18F-4494-82B7-B771774E75EA}.Debug|x64.ActiveCfg = Debug|Any CPU
		{9BBD5871-E18F-4494-82B7-B771774E75EA}.Debug|x64.Build.0 = Debug|Any CPU
		{9BBD5871-E18F-4494-82B7-B771774E75EA}.Release|Any CPU.ActiveCfg = Release|Any CPU
		{9BBD5871-E18F-4494-82B7-B771774E75EA}.Release|Any CPU.Build.0 = Release|Any CPU
		{9BBD5871-E18F-4494-82B7-B771774E75EA}.Release|x86.ActiveCfg = Release|x86
		{9BBD5871-E18F-4494-82B7-B771774E75EA}.Release|x86.Build.0 = Release|x86
		{9BBD5871-E18F-4494-82B7-B771774E75EA}.Release|x64.ActiveCfg = Release|Any CPU
		{9BBD5871-E18F-4494-82B7-B771774E75EA}.Release|x64.Build.0 = Release|Any CPU
		{0631F2FB-54CB-4E8E-B0D6-D26FBFCDA408}.Debug|Any CPU.ActiveCfg = Debug|Any CPU
		{0631F2FB-54CB-4E8E-B0D6-D26FBFCDA408}.Debug|Any CPU.Build.0 = Debug|Any CPU
		{0631F2FB-54CB-4E8E-B0D6-D26FBFCDA408}.Debug|x86.ActiveCfg = Debug|x86
		{0631F2FB-54CB-4E8E-B0D6-D26FBFCDA408}.Debug|x86.Build.0 = Debug|x86
		{0631F2FB-54CB-4E8E-B0D6-D26FBFCDA408}.Debug|x64.ActiveCfg = Debug|Any CPU
		{0631F2FB-54CB-4E8E-B0D6-D26FBFCDA408}.Debug|x64.Build.0 = Debug|Any CPU
		{0631F2FB-54CB-4E8E-B0D6-D26FBFCDA408}.Release|Any CPU.ActiveCfg = Release|Any CPU
		{0631F2FB-54CB-4E8E-B0D6-D26FBFCDA408}.Release|Any CPU.Build.0 = Release|Any CPU
		{0631F2FB-54CB-4E8E-B0D6-D26FBFCDA408}.Release|x86.ActiveCfg = Release|x86
		{0631F2FB-54CB-4E8E-B0D6-D26FBFCDA408}.Release|x86.Build.0 = Release|x86
		{0631F2FB-54CB-4E8E-B0D6-D26FBFCDA408}.Release|x64.ActiveCfg = Release|Any CPU
		{0631F2FB-54CB-4E8E-B0D6-D26FBFCDA408}.Release|x64.Build.0 = Release|Any CPU
		{3EDD8396-3B02-40C2-8C2E-E7F1B361D984}.Debug|Any CPU.ActiveCfg = Debug|Any CPU
		{3EDD8396-3B02-40C2-8C2E-E7F1B361D984}.Debug|Any CPU.Build.0 = Debug|Any CPU
		{3EDD8396-3B02-40C2-8C2E-E7F1B361D984}.Debug|x86.ActiveCfg = Debug|x86
		{3EDD8396-3B02-40C2-8C2E-E7F1B361D984}.Debug|x86.Build.0 = Debug|x86
		{3EDD8396-3B02-40C2-8C2E-E7F1B361D984}.Debug|x64.ActiveCfg = Debug|Any CPU
		{3EDD8396-3B02-40C2-8C2E-E7F1B361D984}.Debug|x64.Build.0 = Debug|Any CPU
		{3EDD8396-3B02-40C2-8C2E-E7F1B361D984}.Release|Any CPU.ActiveCfg = Release|Any CPU
		{3EDD8396-3B02-40C2-8C2E-E7F1B361D984}.Release|Any CPU.Build.0 = Release|Any CPU
		{3EDD8396-3B02-40C2-8C2E-E7F1B361D984}.Release|x86.ActiveCfg = Release|x86
		{3EDD8396-3B02-40C2-8C2E-E7F1B361D984}.Release|x86.Build.0 = Release|x86
		{3EDD8396-3B02-40C2-8C2E-E7F1B361D984}.Release|x64.ActiveCfg = Release|Any CPU
		{3EDD8396-3B02-40C2-8C2E-E7F1B361D984}.Release|x64.Build.0 = Release|Any CPU
		{14581C24-A301-46FE-AEF7-8416CE94D255}.Debug|Any CPU.ActiveCfg = Debug|Any CPU
		{14581C24-A301-46FE-AEF7-8416CE94D255}.Debug|Any CPU.Build.0 = Debug|Any CPU
		{14581C24-A301-46FE-AEF7-8416CE94D255}.Debug|x86.ActiveCfg = Debug|x86
		{14581C24-A301-46FE-AEF7-8416CE94D255}.Debug|x86.Build.0 = Debug|x86
		{14581C24-A301-46FE-AEF7-8416CE94D255}.Debug|x64.ActiveCfg = Debug|Any CPU
		{14581C24-A301-46FE-AEF7-8416CE94D255}.Debug|x64.Build.0 = Debug|Any CPU
		{14581C24-A301-46FE-AEF7-8416CE94D255}.Release|Any CPU.ActiveCfg = Release|Any CPU
		{14581C24-A301-46FE-AEF7-8416CE94D255}.Release|Any CPU.Build.0 = Release|Any CPU
		{14581C24-A301-46FE-AEF7-8416CE94D255}.Release|x86.ActiveCfg = Release|x86
		{14581C24-A301-46FE-AEF7-8416CE94D255}.Release|x86.Build.0 = Release|x86
		{14581C24-A301-46FE-AEF7-8416CE94D255}.Release|x64.ActiveCfg = Release|Any CPU
		{14581C24-A301-46FE-AEF7-8416CE94D255}.Release|x64.Build.0 = Release|Any CPU
		{A78A3FEC-8284-41F7-9156-5EF8043E012B}.Debug|Any CPU.ActiveCfg = Debug|Any CPU
		{A78A3FEC-8284-41F7-9156-5EF8043E012B}.Debug|Any CPU.Build.0 = Debug|Any CPU
		{A78A3FEC-8284-41F7-9156-5EF8043E012B}.Debug|x86.ActiveCfg = Debug|x86
		{A78A3FEC-8284-41F7-9156-5EF8043E012B}.Debug|x86.Build.0 = Debug|x86
		{A78A3FEC-8284-41F7-9156-5EF8043E012B}.Debug|x64.ActiveCfg = Debug|Any CPU
		{A78A3FEC-8284-41F7-9156-5EF8043E012B}.Debug|x64.Build.0 = Debug|Any CPU
		{A78A3FEC-8284-41F7-9156-5EF8043E012B}.Release|Any CPU.ActiveCfg = Release|Any CPU
		{A78A3FEC-8284-41F7-9156-5EF8043E012B}.Release|Any CPU.Build.0 = Release|Any CPU
		{A78A3FEC-8284-41F7-9156-5EF8043E012B}.Release|x86.ActiveCfg = Release|x86
		{A78A3FEC-8284-41F7-9156-5EF8043E012B}.Release|x86.Build.0 = Release|x86
		{A78A3FEC-8284-41F7-9156-5EF8043E012B}.Release|x64.ActiveCfg = Release|Any CPU
		{A78A3FEC-8284-41F7-9156-5EF8043E012B}.Release|x64.Build.0 = Release|Any CPU
		{8FAFA52C-9BE5-4D7A-8279-8A0C7B3B59C6}.Debug|Any CPU.ActiveCfg = Debug|Any CPU
		{8FAFA52C-9BE5-4D7A-8279-8A0C7B3B59C6}.Debug|Any CPU.Build.0 = Debug|Any CPU
		{8FAFA52C-9BE5-4D7A-8279-8A0C7B3B59C6}.Debug|x86.ActiveCfg = Debug|Any CPU
		{8FAFA52C-9BE5-4D7A-8279-8A0C7B3B59C6}.Debug|x86.Build.0 = Debug|Any CPU
		{8FAFA52C-9BE5-4D7A-8279-8A0C7B3B59C6}.Debug|x64.ActiveCfg = Debug|Any CPU
		{8FAFA52C-9BE5-4D7A-8279-8A0C7B3B59C6}.Debug|x64.Build.0 = Debug|Any CPU
		{8FAFA52C-9BE5-4D7A-8279-8A0C7B3B59C6}.Release|Any CPU.ActiveCfg = Release|Any CPU
		{8FAFA52C-9BE5-4D7A-8279-8A0C7B3B59C6}.Release|Any CPU.Build.0 = Release|Any CPU
		{8FAFA52C-9BE5-4D7A-8279-8A0C7B3B59C6}.Release|x86.ActiveCfg = Release|Any CPU
		{8FAFA52C-9BE5-4D7A-8279-8A0C7B3B59C6}.Release|x86.Build.0 = Release|Any CPU
		{8FAFA52C-9BE5-4D7A-8279-8A0C7B3B59C6}.Release|x64.ActiveCfg = Release|Any CPU
		{8FAFA52C-9BE5-4D7A-8279-8A0C7B3B59C6}.Release|x64.Build.0 = Release|Any CPU
		{93B3DDE1-D743-4618-ADDB-F071B69E3E11}.Debug|Any CPU.ActiveCfg = Debug|Any CPU
		{93B3DDE1-D743-4618-ADDB-F071B69E3E11}.Debug|Any CPU.Build.0 = Debug|Any CPU
		{93B3DDE1-D743-4618-ADDB-F071B69E3E11}.Debug|x86.ActiveCfg = Debug|Any CPU
		{93B3DDE1-D743-4618-ADDB-F071B69E3E11}.Debug|x86.Build.0 = Debug|Any CPU
		{93B3DDE1-D743-4618-ADDB-F071B69E3E11}.Debug|x64.ActiveCfg = Debug|Any CPU
		{93B3DDE1-D743-4618-ADDB-F071B69E3E11}.Debug|x64.Build.0 = Debug|Any CPU
		{93B3DDE1-D743-4618-ADDB-F071B69E3E11}.Release|Any CPU.ActiveCfg = Release|Any CPU
		{93B3DDE1-D743-4618-ADDB-F071B69E3E11}.Release|Any CPU.Build.0 = Release|Any CPU
		{93B3DDE1-D743-4618-ADDB-F071B69E3E11}.Release|x86.ActiveCfg = Release|Any CPU
		{93B3DDE1-D743-4618-ADDB-F071B69E3E11}.Release|x86.Build.0 = Release|Any CPU
		{93B3DDE1-D743-4618-ADDB-F071B69E3E11}.Release|x64.ActiveCfg = Release|Any CPU
		{93B3DDE1-D743-4618-ADDB-F071B69E3E11}.Release|x64.Build.0 = Release|Any CPU
		{8713598F-5D60-484B-9334-6576C11837DD}.Debug|Any CPU.ActiveCfg = Debug|Any CPU
		{8713598F-5D60-484B-9334-6576C11837DD}.Debug|Any CPU.Build.0 = Debug|Any CPU
		{8713598F-5D60-484B-9334-6576C11837DD}.Debug|x86.ActiveCfg = Debug|Any CPU
		{8713598F-5D60-484B-9334-6576C11837DD}.Debug|x86.Build.0 = Debug|Any CPU
		{8713598F-5D60-484B-9334-6576C11837DD}.Debug|x64.ActiveCfg = Debug|Any CPU
		{8713598F-5D60-484B-9334-6576C11837DD}.Debug|x64.Build.0 = Debug|Any CPU
		{8713598F-5D60-484B-9334-6576C11837DD}.Release|Any CPU.ActiveCfg = Release|Any CPU
		{8713598F-5D60-484B-9334-6576C11837DD}.Release|Any CPU.Build.0 = Release|Any CPU
		{8713598F-5D60-484B-9334-6576C11837DD}.Release|x86.ActiveCfg = Release|Any CPU
		{8713598F-5D60-484B-9334-6576C11837DD}.Release|x86.Build.0 = Release|Any CPU
		{8713598F-5D60-484B-9334-6576C11837DD}.Release|x64.ActiveCfg = Release|Any CPU
		{8713598F-5D60-484B-9334-6576C11837DD}.Release|x64.Build.0 = Release|Any CPU
		{5FCCCABA-879A-415A-8251-C38577E99A9D}.Debug|Any CPU.ActiveCfg = Debug|Any CPU
		{5FCCCABA-879A-415A-8251-C38577E99A9D}.Debug|Any CPU.Build.0 = Debug|Any CPU
		{5FCCCABA-879A-415A-8251-C38577E99A9D}.Debug|x86.ActiveCfg = Debug|Any CPU
		{5FCCCABA-879A-415A-8251-C38577E99A9D}.Debug|x86.Build.0 = Debug|Any CPU
		{5FCCCABA-879A-415A-8251-C38577E99A9D}.Debug|x64.ActiveCfg = Debug|Any CPU
		{5FCCCABA-879A-415A-8251-C38577E99A9D}.Debug|x64.Build.0 = Debug|Any CPU
		{5FCCCABA-879A-415A-8251-C38577E99A9D}.Release|Any CPU.ActiveCfg = Release|Any CPU
		{5FCCCABA-879A-415A-8251-C38577E99A9D}.Release|Any CPU.Build.0 = Release|Any CPU
		{5FCCCABA-879A-415A-8251-C38577E99A9D}.Release|x86.ActiveCfg = Release|Any CPU
		{5FCCCABA-879A-415A-8251-C38577E99A9D}.Release|x86.Build.0 = Release|Any CPU
		{5FCCCABA-879A-415A-8251-C38577E99A9D}.Release|x64.ActiveCfg = Release|Any CPU
		{5FCCCABA-879A-415A-8251-C38577E99A9D}.Release|x64.Build.0 = Release|Any CPU
		{D5822DCB-5869-4244-812F-F33E8B588125}.Debug|Any CPU.ActiveCfg = Debug|Any CPU
		{D5822DCB-5869-4244-812F-F33E8B588125}.Debug|Any CPU.Build.0 = Debug|Any CPU
		{D5822DCB-5869-4244-812F-F33E8B588125}.Debug|x86.ActiveCfg = Debug|Any CPU
		{D5822DCB-5869-4244-812F-F33E8B588125}.Debug|x86.Build.0 = Debug|Any CPU
		{D5822DCB-5869-4244-812F-F33E8B588125}.Debug|x64.ActiveCfg = Debug|Any CPU
		{D5822DCB-5869-4244-812F-F33E8B588125}.Debug|x64.Build.0 = Debug|Any CPU
		{D5822DCB-5869-4244-812F-F33E8B588125}.Release|Any CPU.ActiveCfg = Release|Any CPU
		{D5822DCB-5869-4244-812F-F33E8B588125}.Release|Any CPU.Build.0 = Release|Any CPU
		{D5822DCB-5869-4244-812F-F33E8B588125}.Release|x86.ActiveCfg = Release|Any CPU
		{D5822DCB-5869-4244-812F-F33E8B588125}.Release|x86.Build.0 = Release|Any CPU
		{D5822DCB-5869-4244-812F-F33E8B588125}.Release|x64.ActiveCfg = Release|Any CPU
		{D5822DCB-5869-4244-812F-F33E8B588125}.Release|x64.Build.0 = Release|Any CPU
		{8C03A673-F321-48A9-9C91-AB94A345DD93}.Debug|Any CPU.ActiveCfg = Debug|Any CPU
		{8C03A673-F321-48A9-9C91-AB94A345DD93}.Debug|Any CPU.Build.0 = Debug|Any CPU
		{8C03A673-F321-48A9-9C91-AB94A345DD93}.Debug|x86.ActiveCfg = Debug|Any CPU
		{8C03A673-F321-48A9-9C91-AB94A345DD93}.Debug|x86.Build.0 = Debug|Any CPU
		{8C03A673-F321-48A9-9C91-AB94A345DD93}.Debug|x64.ActiveCfg = Debug|Any CPU
		{8C03A673-F321-48A9-9C91-AB94A345DD93}.Debug|x64.Build.0 = Debug|Any CPU
		{8C03A673-F321-48A9-9C91-AB94A345DD93}.Release|Any CPU.ActiveCfg = Release|Any CPU
		{8C03A673-F321-48A9-9C91-AB94A345DD93}.Release|Any CPU.Build.0 = Release|Any CPU
		{8C03A673-F321-48A9-9C91-AB94A345DD93}.Release|x86.ActiveCfg = Release|Any CPU
		{8C03A673-F321-48A9-9C91-AB94A345DD93}.Release|x86.Build.0 = Release|Any CPU
		{8C03A673-F321-48A9-9C91-AB94A345DD93}.Release|x64.ActiveCfg = Release|Any CPU
		{8C03A673-F321-48A9-9C91-AB94A345DD93}.Release|x64.Build.0 = Release|Any CPU
		{CAC27F95-CCFD-4427-B823-72094BBD7386}.Debug|Any CPU.ActiveCfg = Debug|Any CPU
		{CAC27F95-CCFD-4427-B823-72094BBD7386}.Debug|Any CPU.Build.0 = Debug|Any CPU
		{CAC27F95-CCFD-4427-B823-72094BBD7386}.Debug|x86.ActiveCfg = Debug|Any CPU
		{CAC27F95-CCFD-4427-B823-72094BBD7386}.Debug|x86.Build.0 = Debug|Any CPU
		{CAC27F95-CCFD-4427-B823-72094BBD7386}.Debug|x64.ActiveCfg = Debug|Any CPU
		{CAC27F95-CCFD-4427-B823-72094BBD7386}.Debug|x64.Build.0 = Debug|Any CPU
		{CAC27F95-CCFD-4427-B823-72094BBD7386}.Release|Any CPU.ActiveCfg = Release|Any CPU
		{CAC27F95-CCFD-4427-B823-72094BBD7386}.Release|Any CPU.Build.0 = Release|Any CPU
		{CAC27F95-CCFD-4427-B823-72094BBD7386}.Release|x86.ActiveCfg = Release|Any CPU
		{CAC27F95-CCFD-4427-B823-72094BBD7386}.Release|x86.Build.0 = Release|Any CPU
		{CAC27F95-CCFD-4427-B823-72094BBD7386}.Release|x64.ActiveCfg = Release|Any CPU
		{CAC27F95-CCFD-4427-B823-72094BBD7386}.Release|x64.Build.0 = Release|Any CPU
		{F459EF90-210C-43B5-8D0E-1D57C8E66B6B}.Debug|Any CPU.ActiveCfg = Debug|Any CPU
		{F459EF90-210C-43B5-8D0E-1D57C8E66B6B}.Debug|Any CPU.Build.0 = Debug|Any CPU
		{F459EF90-210C-43B5-8D0E-1D57C8E66B6B}.Debug|x86.ActiveCfg = Debug|Any CPU
		{F459EF90-210C-43B5-8D0E-1D57C8E66B6B}.Debug|x86.Build.0 = Debug|Any CPU
		{F459EF90-210C-43B5-8D0E-1D57C8E66B6B}.Debug|x64.ActiveCfg = Debug|Any CPU
		{F459EF90-210C-43B5-8D0E-1D57C8E66B6B}.Debug|x64.Build.0 = Debug|Any CPU
		{F459EF90-210C-43B5-8D0E-1D57C8E66B6B}.Release|Any CPU.ActiveCfg = Release|Any CPU
		{F459EF90-210C-43B5-8D0E-1D57C8E66B6B}.Release|Any CPU.Build.0 = Release|Any CPU
		{F459EF90-210C-43B5-8D0E-1D57C8E66B6B}.Release|x86.ActiveCfg = Release|Any CPU
		{F459EF90-210C-43B5-8D0E-1D57C8E66B6B}.Release|x86.Build.0 = Release|Any CPU
		{F459EF90-210C-43B5-8D0E-1D57C8E66B6B}.Release|x64.ActiveCfg = Release|Any CPU
		{F459EF90-210C-43B5-8D0E-1D57C8E66B6B}.Release|x64.Build.0 = Release|Any CPU
		{3257E164-4A59-40EF-8AA3-19294629CBCC}.Debug|Any CPU.ActiveCfg = Debug|Any CPU
		{3257E164-4A59-40EF-8AA3-19294629CBCC}.Debug|Any CPU.Build.0 = Debug|Any CPU
		{3257E164-4A59-40EF-8AA3-19294629CBCC}.Debug|x86.ActiveCfg = Debug|Any CPU
		{3257E164-4A59-40EF-8AA3-19294629CBCC}.Debug|x86.Build.0 = Debug|Any CPU
		{3257E164-4A59-40EF-8AA3-19294629CBCC}.Debug|x64.ActiveCfg = Debug|Any CPU
		{3257E164-4A59-40EF-8AA3-19294629CBCC}.Debug|x64.Build.0 = Debug|Any CPU
		{3257E164-4A59-40EF-8AA3-19294629CBCC}.Release|Any CPU.ActiveCfg = Release|Any CPU
		{3257E164-4A59-40EF-8AA3-19294629CBCC}.Release|Any CPU.Build.0 = Release|Any CPU
		{3257E164-4A59-40EF-8AA3-19294629CBCC}.Release|x86.ActiveCfg = Release|Any CPU
		{3257E164-4A59-40EF-8AA3-19294629CBCC}.Release|x86.Build.0 = Release|Any CPU
		{3257E164-4A59-40EF-8AA3-19294629CBCC}.Release|x64.ActiveCfg = Release|Any CPU
		{3257E164-4A59-40EF-8AA3-19294629CBCC}.Release|x64.Build.0 = Release|Any CPU
		{DB5BFC37-00EA-40BC-81EB-0FB83045B966}.Debug|Any CPU.ActiveCfg = Debug|Any CPU
		{DB5BFC37-00EA-40BC-81EB-0FB83045B966}.Debug|Any CPU.Build.0 = Debug|Any CPU
		{DB5BFC37-00EA-40BC-81EB-0FB83045B966}.Debug|x86.ActiveCfg = Debug|Any CPU
		{DB5BFC37-00EA-40BC-81EB-0FB83045B966}.Debug|x86.Build.0 = Debug|Any CPU
		{DB5BFC37-00EA-40BC-81EB-0FB83045B966}.Debug|x64.ActiveCfg = Debug|Any CPU
		{DB5BFC37-00EA-40BC-81EB-0FB83045B966}.Debug|x64.Build.0 = Debug|Any CPU
		{DB5BFC37-00EA-40BC-81EB-0FB83045B966}.Release|Any CPU.ActiveCfg = Release|Any CPU
		{DB5BFC37-00EA-40BC-81EB-0FB83045B966}.Release|Any CPU.Build.0 = Release|Any CPU
		{DB5BFC37-00EA-40BC-81EB-0FB83045B966}.Release|x86.ActiveCfg = Release|Any CPU
		{DB5BFC37-00EA-40BC-81EB-0FB83045B966}.Release|x86.Build.0 = Release|Any CPU
		{DB5BFC37-00EA-40BC-81EB-0FB83045B966}.Release|x64.ActiveCfg = Release|Any CPU
		{DB5BFC37-00EA-40BC-81EB-0FB83045B966}.Release|x64.Build.0 = Release|Any CPU
	EndGlobalSection
	GlobalSection(SolutionProperties) = preSolution
		HideSolutionNode = FALSE
	EndGlobalSection
	GlobalSection(NestedProjects) = preSolution
		{C384417A-6BBD-497A-ADF1-4C1A2D8FD05B} = {12FCD389-3B42-46FC-9956-076CF43F2600}
		{9BBD5871-E18F-4494-82B7-B771774E75EA} = {025921BD-26DB-4C30-9A95-3C545CF0AA33}
		{0631F2FB-54CB-4E8E-B0D6-D26FBFCDA408} = {025921BD-26DB-4C30-9A95-3C545CF0AA33}
		{3EDD8396-3B02-40C2-8C2E-E7F1B361D984} = {12FCD389-3B42-46FC-9956-076CF43F2600}
		{14581C24-A301-46FE-AEF7-8416CE94D255} = {12FCD389-3B42-46FC-9956-076CF43F2600}
		{A78A3FEC-8284-41F7-9156-5EF8043E012B} = {BEB35102-F434-47CE-A231-2FC3F089F75B}
		{8FAFA52C-9BE5-4D7A-8279-8A0C7B3B59C6} = {12FCD389-3B42-46FC-9956-076CF43F2600}
		{93B3DDE1-D743-4618-ADDB-F071B69E3E11} = {12FCD389-3B42-46FC-9956-076CF43F2600}
		{8713598F-5D60-484B-9334-6576C11837DD} = {12FCD389-3B42-46FC-9956-076CF43F2600}
		{5FCCCABA-879A-415A-8251-C38577E99A9D} = {BEB35102-F434-47CE-A231-2FC3F089F75B}
		{D5822DCB-5869-4244-812F-F33E8B588125} = {BEB35102-F434-47CE-A231-2FC3F089F75B}
		{8C03A673-F321-48A9-9C91-AB94A345DD93} = {BEB35102-F434-47CE-A231-2FC3F089F75B}
		{CAC27F95-CCFD-4427-B823-72094BBD7386} = {BEB35102-F434-47CE-A231-2FC3F089F75B}
		{F459EF90-210C-43B5-8D0E-1D57C8E66B6B} = {BEB35102-F434-47CE-A231-2FC3F089F75B}
		{3257E164-4A59-40EF-8AA3-19294629CBCC} = {BEB35102-F434-47CE-A231-2FC3F089F75B}
		{DB5BFC37-00EA-40BC-81EB-0FB83045B966} = {BEB35102-F434-47CE-A231-2FC3F089F75B}
	EndGlobalSection
	GlobalSection(ExtensibilityGlobals) = postSolution
		SolutionGuid = {23833106-1A40-4105-9674-C90843B23533}
	EndGlobalSection
EndGlobal
