
Microsoft Visual Studio Solution File, Format Version 12.00
# Visual Studio Version 17
VisualStudioVersion = 17.1.31911.260
MinimumVisualStudioVersion = 10.0.40219.1
Project("{2150E333-8FDC-42A3-9474-1A3956D46DE8}") = "WinForms", "WinForms", "{12FCD389-3B42-46FC-9956-076CF43F2600}"
EndProject
Project("{F184B08F-C81C-45F6-A57F-5ABD9991F28F}") = "Main Demo VE VB (NuGet)", "WinForms\VB.Net\Main Demo\Main Demo VE VB (NuGet).vbproj", "{DB65F5CF-D6F2-4278-BC75-ED30CF980520}"
EndProject
Global
	GlobalSection(SolutionConfigurationPlatforms) = preSolution
		Debug|x64 = Debug|x64
		Release|x64 = Release|x64
	EndGlobalSection
	GlobalSection(ProjectConfigurationPlatforms) = postSolution
		{DB65F5CF-D6F2-4278-BC75-ED30CF980520}.Debug|x64.ActiveCfg = Debug|x64
		{DB65F5CF-D6F2-4278-BC75-ED30CF980520}.Debug|x64.Build.0 = Debug|x64
		{DB65F5CF-D6F2-4278-BC75-ED30CF980520}.Release|x64.ActiveCfg = Release|x64
		{DB65F5CF-D6F2-4278-BC75-ED30CF980520}.Release|x64.Build.0 = Release|x64
	EndGlobalSection
	GlobalSection(SolutionProperties) = preSolution
		HideSolutionNode = FALSE
	EndGlobalSection
	GlobalSection(NestedProjects) = preSolution
		{DB65F5CF-D6F2-4278-BC75-ED30CF980520} = {12FCD389-3B42-46FC-9956-076CF43F2600}
	EndGlobalSection
	GlobalSection(ExtensibilityGlobals) = postSolution
		SolutionGuid = {FA2A8F6C-98EF-49B6-9F5B-1648A00B0F11}
		Reflector0DestinationAssemblyName = 
		Reflector0DestinationVersion = 4.51.0.0
		Reflector0DestinationName = DirectEncodeNET
		Reflector0DestinationLocation = E:\_my_projects\_projects\MediaFramework.Net\VisioForge.MediaFramework\DirectEncodeNET.dll
		Reflector0SourceAssemblyName = 
		Reflector0SourceVersion = 4.51.0.0
		Reflector0SourceName = DirectEncodeNET
		Reflector0SourceLocation = E:\_my_projects\_projects\MediaFramework.Net\vidcap_converted\DirectEncodeNET.dll
	EndGlobalSection
EndGlobal
