
Microsoft Visual Studio Solution File, Format Version 12.00
# Visual Studio Version 16
VisualStudioVersion = 16.0.28922.388
MinimumVisualStudioVersion = 10.0.40219.1
Project("{2150E333-8FDC-42A3-9474-1A3956D46DE8}") = "WinForms", "WinForms", "{743796DD-6F87-4CD9-8419-0B8CE16B4CB9}"
EndProject
Project("{2150E333-8FDC-42A3-9474-1A3956D46DE8}") = "WPF", "WPF", "{C65A40AE-D7BC-4311-85F5-30D463D55564}"
EndProject
Project("{2150E333-8FDC-42A3-9474-1A3956D46DE8}") = "CodeSnippets", "CodeSnippets", "{6E4DFE4D-F6E3-4D76-9143-0C408F773B65}"
EndProject
Project("{9A19103F-16F7-4668-BE54-9A1E7A4F7556}") = "read-file-info NetCore", "WinForms\CSharp\_CodeSnippets\read-file-info\read-file-info NetCore.csproj", "{D4D627F7-FED9-412E-BB82-19261157E0C4}"
EndProject
Project("{9A19103F-16F7-4668-BE54-9A1E7A4F7556}") = "youtube-player NetCore", "WinForms\CSharp\_CodeSnippets\youtube-player\youtube-player NetCore.csproj", "{2A077675-B3B9-4CF3-96ED-5659E118EE7A}"
EndProject
Project("{9A19103F-16F7-4668-BE54-9A1E7A4F7556}") = "Audio Player Demo NetCore", "WinForms\CSharp\Audio Player\Audio Player Demo NetCore.csproj", "{A99ACCC3-BE3E-436F-BDF4-D787A69F0C44}"
EndProject
Project("{9A19103F-16F7-4668-BE54-9A1E7A4F7556}") = "DVD Player Demo NetCore", "WinForms\CSharp\DVD Player\DVD Player Demo NetCore.csproj", "{85E5F4AE-30C2-4655-887A-40B281160A0B}"
EndProject
Project("{9A19103F-16F7-4668-BE54-9A1E7A4F7556}") = "Karaoke Demo NetCore", "WinForms\CSharp\Karaoke Demo\Karaoke Demo NetCore.csproj", "{26BCE1D2-6B29-400E-B17F-690851D7AA80}"
EndProject
Project("{9A19103F-16F7-4668-BE54-9A1E7A4F7556}") = "Main Demo MP NetCore", "WinForms\CSharp\Main Demo\Main Demo MP NetCore.csproj", "{2328894C-99B1-42FF-85FC-2D7BA0528C51}"
EndProject
Project("{9A19103F-16F7-4668-BE54-9A1E7A4F7556}") = "Memory Playback Demo NetCore", "WinForms\CSharp\Memory Stream\Memory Playback Demo NetCore.csproj", "{0B7DD57C-8DDE-483B-A75B-D95FCB3C19D0}"
EndProject
Project("{9A19103F-16F7-4668-BE54-9A1E7A4F7556}") = "Multiple Video Streams Demo NetCore", "WinForms\CSharp\Multiple Video Streams\Multiple Video Streams Demo NetCore.csproj", "{2C88A958-84C6-4161-B220-375457E7C19E}"
EndProject
Project("{9A19103F-16F7-4668-BE54-9A1E7A4F7556}") = "Seamless Playback Demo NetCore", "WinForms\CSharp\Seamless Playback\Seamless Playback Demo NetCore.csproj", "{2FC24123-1FE8-456D-8C9B-157AB5DC9CCA}"
EndProject
Project("{9A19103F-16F7-4668-BE54-9A1E7A4F7556}") = "Simple Video Player Demo NetCore", "WinForms\CSharp\Simple Video Player\Simple Video Player Demo NetCore.csproj", "{3601708D-F0DB-4132-994D-A22CA2916329}"
EndProject
Project("{9A19103F-16F7-4668-BE54-9A1E7A4F7556}") = "Two Windows Demo NetCore", "WinForms\CSharp\Two Windows\Two Windows Demo NetCore.csproj", "{8D34E362-56C6-480B-88FA-DE5F993E37E6}"
EndProject
Project("{9A19103F-16F7-4668-BE54-9A1E7A4F7556}") = "Video Mixing Demo NetCore", "WinForms\CSharp\Video Mixing Demo\Video Mixing Demo NetCore.csproj", "{80AA55F4-A522-44FD-8891-AA19B13B327D}"
EndProject
Project("{9A19103F-16F7-4668-BE54-9A1E7A4F7556}") = "Main Demo MP WPF NetCore", "WPF\CSharp\Main Demo NetCore\Main Demo MP WPF NetCore.csproj", "{EB14EE79-D20D-4002-8E04-C7DD75EE9583}"
EndProject
Project("{9A19103F-16F7-4668-BE54-9A1E7A4F7556}") = "VR 360 Demo NetCore", "WinForms\CSharp\VR 360 Demo\VR 360 Demo NetCore.csproj", "{E4C914A2-A28B-4F92-948B-3B1BD14BCEE2}"
EndProject
Global
	GlobalSection(SolutionConfigurationPlatforms) = preSolution
		Debug|Any CPU = Debug|Any CPU
		Debug|x86 = Debug|x86
		Release|Any CPU = Release|Any CPU
		Release|x86 = Release|x86
	EndGlobalSection
	GlobalSection(ProjectConfigurationPlatforms) = postSolution
		{D4D627F7-FED9-412E-BB82-19261157E0C4}.Debug|Any CPU.ActiveCfg = Debug|Any CPU
		{D4D627F7-FED9-412E-BB82-19261157E0C4}.Debug|Any CPU.Build.0 = Debug|Any CPU
		{D4D627F7-FED9-412E-BB82-19261157E0C4}.Debug|x86.ActiveCfg = Debug|Any CPU
		{D4D627F7-FED9-412E-BB82-19261157E0C4}.Debug|x86.Build.0 = Debug|Any CPU
		{D4D627F7-FED9-412E-BB82-19261157E0C4}.Release|Any CPU.ActiveCfg = Release|Any CPU
		{D4D627F7-FED9-412E-BB82-19261157E0C4}.Release|Any CPU.Build.0 = Release|Any CPU
		{D4D627F7-FED9-412E-BB82-19261157E0C4}.Release|x86.ActiveCfg = Release|Any CPU
		{D4D627F7-FED9-412E-BB82-19261157E0C4}.Release|x86.Build.0 = Release|Any CPU
		{2A077675-B3B9-4CF3-96ED-5659E118EE7A}.Debug|Any CPU.ActiveCfg = Debug|Any CPU
		{2A077675-B3B9-4CF3-96ED-5659E118EE7A}.Debug|Any CPU.Build.0 = Debug|Any CPU
		{2A077675-B3B9-4CF3-96ED-5659E118EE7A}.Debug|x86.ActiveCfg = Debug|Any CPU
		{2A077675-B3B9-4CF3-96ED-5659E118EE7A}.Debug|x86.Build.0 = Debug|Any CPU
		{2A077675-B3B9-4CF3-96ED-5659E118EE7A}.Release|Any CPU.ActiveCfg = Release|Any CPU
		{2A077675-B3B9-4CF3-96ED-5659E118EE7A}.Release|Any CPU.Build.0 = Release|Any CPU
		{2A077675-B3B9-4CF3-96ED-5659E118EE7A}.Release|x86.ActiveCfg = Release|Any CPU
		{2A077675-B3B9-4CF3-96ED-5659E118EE7A}.Release|x86.Build.0 = Release|Any CPU
		{A99ACCC3-BE3E-436F-BDF4-D787A69F0C44}.Debug|Any CPU.ActiveCfg = Debug|Any CPU
		{A99ACCC3-BE3E-436F-BDF4-D787A69F0C44}.Debug|Any CPU.Build.0 = Debug|Any CPU
		{A99ACCC3-BE3E-436F-BDF4-D787A69F0C44}.Debug|x86.ActiveCfg = Debug|Any CPU
		{A99ACCC3-BE3E-436F-BDF4-D787A69F0C44}.Debug|x86.Build.0 = Debug|Any CPU
		{A99ACCC3-BE3E-436F-BDF4-D787A69F0C44}.Release|Any CPU.ActiveCfg = Release|Any CPU
		{A99ACCC3-BE3E-436F-BDF4-D787A69F0C44}.Release|Any CPU.Build.0 = Release|Any CPU
		{A99ACCC3-BE3E-436F-BDF4-D787A69F0C44}.Release|x86.ActiveCfg = Release|Any CPU
		{A99ACCC3-BE3E-436F-BDF4-D787A69F0C44}.Release|x86.Build.0 = Release|Any CPU
		{85E5F4AE-30C2-4655-887A-40B281160A0B}.Debug|Any CPU.ActiveCfg = Debug|Any CPU
		{85E5F4AE-30C2-4655-887A-40B281160A0B}.Debug|Any CPU.Build.0 = Debug|Any CPU
		{85E5F4AE-30C2-4655-887A-40B281160A0B}.Debug|x86.ActiveCfg = Debug|Any CPU
		{85E5F4AE-30C2-4655-887A-40B281160A0B}.Debug|x86.Build.0 = Debug|Any CPU
		{85E5F4AE-30C2-4655-887A-40B281160A0B}.Release|Any CPU.ActiveCfg = Release|Any CPU
		{85E5F4AE-30C2-4655-887A-40B281160A0B}.Release|Any CPU.Build.0 = Release|Any CPU
		{85E5F4AE-30C2-4655-887A-40B281160A0B}.Release|x86.ActiveCfg = Release|Any CPU
		{85E5F4AE-30C2-4655-887A-40B281160A0B}.Release|x86.Build.0 = Release|Any CPU
		{26BCE1D2-6B29-400E-B17F-690851D7AA80}.Debug|Any CPU.ActiveCfg = Debug|Any CPU
		{26BCE1D2-6B29-400E-B17F-690851D7AA80}.Debug|Any CPU.Build.0 = Debug|Any CPU
		{26BCE1D2-6B29-400E-B17F-690851D7AA80}.Debug|x86.ActiveCfg = Debug|Any CPU
		{26BCE1D2-6B29-400E-B17F-690851D7AA80}.Debug|x86.Build.0 = Debug|Any CPU
		{26BCE1D2-6B29-400E-B17F-690851D7AA80}.Release|Any CPU.ActiveCfg = Release|Any CPU
		{26BCE1D2-6B29-400E-B17F-690851D7AA80}.Release|Any CPU.Build.0 = Release|Any CPU
		{26BCE1D2-6B29-400E-B17F-690851D7AA80}.Release|x86.ActiveCfg = Release|Any CPU
		{26BCE1D2-6B29-400E-B17F-690851D7AA80}.Release|x86.Build.0 = Release|Any CPU
		{2328894C-99B1-42FF-85FC-2D7BA0528C51}.Debug|Any CPU.ActiveCfg = Debug|Any CPU
		{2328894C-99B1-42FF-85FC-2D7BA0528C51}.Debug|Any CPU.Build.0 = Debug|Any CPU
		{2328894C-99B1-42FF-85FC-2D7BA0528C51}.Debug|x86.ActiveCfg = Debug|Any CPU
		{2328894C-99B1-42FF-85FC-2D7BA0528C51}.Debug|x86.Build.0 = Debug|Any CPU
		{2328894C-99B1-42FF-85FC-2D7BA0528C51}.Release|Any CPU.ActiveCfg = Release|Any CPU
		{2328894C-99B1-42FF-85FC-2D7BA0528C51}.Release|Any CPU.Build.0 = Release|Any CPU
		{2328894C-99B1-42FF-85FC-2D7BA0528C51}.Release|x86.ActiveCfg = Release|Any CPU
		{2328894C-99B1-42FF-85FC-2D7BA0528C51}.Release|x86.Build.0 = Release|Any CPU
		{0B7DD57C-8DDE-483B-A75B-D95FCB3C19D0}.Debug|Any CPU.ActiveCfg = Debug|Any CPU
		{0B7DD57C-8DDE-483B-A75B-D95FCB3C19D0}.Debug|Any CPU.Build.0 = Debug|Any CPU
		{0B7DD57C-8DDE-483B-A75B-D95FCB3C19D0}.Debug|x86.ActiveCfg = Debug|Any CPU
		{0B7DD57C-8DDE-483B-A75B-D95FCB3C19D0}.Debug|x86.Build.0 = Debug|Any CPU
		{0B7DD57C-8DDE-483B-A75B-D95FCB3C19D0}.Release|Any CPU.ActiveCfg = Release|Any CPU
		{0B7DD57C-8DDE-483B-A75B-D95FCB3C19D0}.Release|Any CPU.Build.0 = Release|Any CPU
		{0B7DD57C-8DDE-483B-A75B-D95FCB3C19D0}.Release|x86.ActiveCfg = Release|Any CPU
		{0B7DD57C-8DDE-483B-A75B-D95FCB3C19D0}.Release|x86.Build.0 = Release|Any CPU
		{2C88A958-84C6-4161-B220-375457E7C19E}.Debug|Any CPU.ActiveCfg = Debug|Any CPU
		{2C88A958-84C6-4161-B220-375457E7C19E}.Debug|Any CPU.Build.0 = Debug|Any CPU
		{2C88A958-84C6-4161-B220-375457E7C19E}.Debug|x86.ActiveCfg = Debug|Any CPU
		{2C88A958-84C6-4161-B220-375457E7C19E}.Debug|x86.Build.0 = Debug|Any CPU
		{2C88A958-84C6-4161-B220-375457E7C19E}.Release|Any CPU.ActiveCfg = Release|Any CPU
		{2C88A958-84C6-4161-B220-375457E7C19E}.Release|Any CPU.Build.0 = Release|Any CPU
		{2C88A958-84C6-4161-B220-375457E7C19E}.Release|x86.ActiveCfg = Release|Any CPU
		{2C88A958-84C6-4161-B220-375457E7C19E}.Release|x86.Build.0 = Release|Any CPU
		{2FC24123-1FE8-456D-8C9B-157AB5DC9CCA}.Debug|Any CPU.ActiveCfg = Debug|Any CPU
		{2FC24123-1FE8-456D-8C9B-157AB5DC9CCA}.Debug|Any CPU.Build.0 = Debug|Any CPU
		{2FC24123-1FE8-456D-8C9B-157AB5DC9CCA}.Debug|x86.ActiveCfg = Debug|Any CPU
		{2FC24123-1FE8-456D-8C9B-157AB5DC9CCA}.Debug|x86.Build.0 = Debug|Any CPU
		{2FC24123-1FE8-456D-8C9B-157AB5DC9CCA}.Release|Any CPU.ActiveCfg = Release|Any CPU
		{2FC24123-1FE8-456D-8C9B-157AB5DC9CCA}.Release|Any CPU.Build.0 = Release|Any CPU
		{2FC24123-1FE8-456D-8C9B-157AB5DC9CCA}.Release|x86.ActiveCfg = Release|Any CPU
		{2FC24123-1FE8-456D-8C9B-157AB5DC9CCA}.Release|x86.Build.0 = Release|Any CPU
		{3601708D-F0DB-4132-994D-A22CA2916329}.Debug|Any CPU.ActiveCfg = Debug|Any CPU
		{3601708D-F0DB-4132-994D-A22CA2916329}.Debug|Any CPU.Build.0 = Debug|Any CPU
		{3601708D-F0DB-4132-994D-A22CA2916329}.Debug|x86.ActiveCfg = Debug|Any CPU
		{3601708D-F0DB-4132-994D-A22CA2916329}.Debug|x86.Build.0 = Debug|Any CPU
		{3601708D-F0DB-4132-994D-A22CA2916329}.Release|Any CPU.ActiveCfg = Release|Any CPU
		{3601708D-F0DB-4132-994D-A22CA2916329}.Release|Any CPU.Build.0 = Release|Any CPU
		{3601708D-F0DB-4132-994D-A22CA2916329}.Release|x86.ActiveCfg = Release|Any CPU
		{3601708D-F0DB-4132-994D-A22CA2916329}.Release|x86.Build.0 = Release|Any CPU
		{8D34E362-56C6-480B-88FA-DE5F993E37E6}.Debug|Any CPU.ActiveCfg = Debug|Any CPU
		{8D34E362-56C6-480B-88FA-DE5F993E37E6}.Debug|Any CPU.Build.0 = Debug|Any CPU
		{8D34E362-56C6-480B-88FA-DE5F993E37E6}.Debug|x86.ActiveCfg = Debug|Any CPU
		{8D34E362-56C6-480B-88FA-DE5F993E37E6}.Debug|x86.Build.0 = Debug|Any CPU
		{8D34E362-56C6-480B-88FA-DE5F993E37E6}.Release|Any CPU.ActiveCfg = Release|Any CPU
		{8D34E362-56C6-480B-88FA-DE5F993E37E6}.Release|Any CPU.Build.0 = Release|Any CPU
		{8D34E362-56C6-480B-88FA-DE5F993E37E6}.Release|x86.ActiveCfg = Release|Any CPU
		{8D34E362-56C6-480B-88FA-DE5F993E37E6}.Release|x86.Build.0 = Release|Any CPU
		{80AA55F4-A522-44FD-8891-AA19B13B327D}.Debug|Any CPU.ActiveCfg = Debug|Any CPU
		{80AA55F4-A522-44FD-8891-AA19B13B327D}.Debug|Any CPU.Build.0 = Debug|Any CPU
		{80AA55F4-A522-44FD-8891-AA19B13B327D}.Debug|x86.ActiveCfg = Debug|Any CPU
		{80AA55F4-A522-44FD-8891-AA19B13B327D}.Debug|x86.Build.0 = Debug|Any CPU
		{80AA55F4-A522-44FD-8891-AA19B13B327D}.Release|Any CPU.ActiveCfg = Release|Any CPU
		{80AA55F4-A522-44FD-8891-AA19B13B327D}.Release|Any CPU.Build.0 = Release|Any CPU
		{80AA55F4-A522-44FD-8891-AA19B13B327D}.Release|x86.ActiveCfg = Release|Any CPU
		{80AA55F4-A522-44FD-8891-AA19B13B327D}.Release|x86.Build.0 = Release|Any CPU
		{EB14EE79-D20D-4002-8E04-C7DD75EE9583}.Debug|Any CPU.ActiveCfg = Debug|Any CPU
		{EB14EE79-D20D-4002-8E04-C7DD75EE9583}.Debug|Any CPU.Build.0 = Debug|Any CPU
		{EB14EE79-D20D-4002-8E04-C7DD75EE9583}.Debug|x86.ActiveCfg = Debug|Any CPU
		{EB14EE79-D20D-4002-8E04-C7DD75EE9583}.Debug|x86.Build.0 = Debug|Any CPU
		{EB14EE79-D20D-4002-8E04-C7DD75EE9583}.Release|Any CPU.ActiveCfg = Release|Any CPU
		{EB14EE79-D20D-4002-8E04-C7DD75EE9583}.Release|Any CPU.Build.0 = Release|Any CPU
		{EB14EE79-D20D-4002-8E04-C7DD75EE9583}.Release|x86.ActiveCfg = Release|Any CPU
		{EB14EE79-D20D-4002-8E04-C7DD75EE9583}.Release|x86.Build.0 = Release|Any CPU
		{E4C914A2-A28B-4F92-948B-3B1BD14BCEE2}.Debug|Any CPU.ActiveCfg = Debug|Any CPU
		{E4C914A2-A28B-4F92-948B-3B1BD14BCEE2}.Debug|Any CPU.Build.0 = Debug|Any CPU
		{E4C914A2-A28B-4F92-948B-3B1BD14BCEE2}.Debug|x86.ActiveCfg = Debug|Any CPU
		{E4C914A2-A28B-4F92-948B-3B1BD14BCEE2}.Debug|x86.Build.0 = Debug|Any CPU
		{E4C914A2-A28B-4F92-948B-3B1BD14BCEE2}.Release|Any CPU.ActiveCfg = Release|Any CPU
		{E4C914A2-A28B-4F92-948B-3B1BD14BCEE2}.Release|Any CPU.Build.0 = Release|Any CPU
		{E4C914A2-A28B-4F92-948B-3B1BD14BCEE2}.Release|x86.ActiveCfg = Release|Any CPU
		{E4C914A2-A28B-4F92-948B-3B1BD14BCEE2}.Release|x86.Build.0 = Release|Any CPU
	EndGlobalSection
	GlobalSection(SolutionProperties) = preSolution
		HideSolutionNode = FALSE
	EndGlobalSection
	GlobalSection(NestedProjects) = preSolution
		{D4D627F7-FED9-412E-BB82-19261157E0C4} = {6E4DFE4D-F6E3-4D76-9143-0C408F773B65}
		{2A077675-B3B9-4CF3-96ED-5659E118EE7A} = {6E4DFE4D-F6E3-4D76-9143-0C408F773B65}
		{A99ACCC3-BE3E-436F-BDF4-D787A69F0C44} = {743796DD-6F87-4CD9-8419-0B8CE16B4CB9}
		{85E5F4AE-30C2-4655-887A-40B281160A0B} = {743796DD-6F87-4CD9-8419-0B8CE16B4CB9}
		{26BCE1D2-6B29-400E-B17F-690851D7AA80} = {743796DD-6F87-4CD9-8419-0B8CE16B4CB9}
		{2328894C-99B1-42FF-85FC-2D7BA0528C51} = {743796DD-6F87-4CD9-8419-0B8CE16B4CB9}
		{0B7DD57C-8DDE-483B-A75B-D95FCB3C19D0} = {743796DD-6F87-4CD9-8419-0B8CE16B4CB9}
		{2C88A958-84C6-4161-B220-375457E7C19E} = {743796DD-6F87-4CD9-8419-0B8CE16B4CB9}
		{2FC24123-1FE8-456D-8C9B-157AB5DC9CCA} = {743796DD-6F87-4CD9-8419-0B8CE16B4CB9}
		{3601708D-F0DB-4132-994D-A22CA2916329} = {743796DD-6F87-4CD9-8419-0B8CE16B4CB9}
		{8D34E362-56C6-480B-88FA-DE5F993E37E6} = {743796DD-6F87-4CD9-8419-0B8CE16B4CB9}
		{80AA55F4-A522-44FD-8891-AA19B13B327D} = {743796DD-6F87-4CD9-8419-0B8CE16B4CB9}
		{EB14EE79-D20D-4002-8E04-C7DD75EE9583} = {C65A40AE-D7BC-4311-85F5-30D463D55564}
		{E4C914A2-A28B-4F92-948B-3B1BD14BCEE2} = {743796DD-6F87-4CD9-8419-0B8CE16B4CB9}
	EndGlobalSection
	GlobalSection(ExtensibilityGlobals) = postSolution
		SolutionGuid = {421FE47D-FE2B-4EF3-A888-EC10030B8DBE}
	EndGlobalSection
EndGlobal
