
Microsoft Visual Studio Solution File, Format Version 12.00
# Visual Studio Version 17
VisualStudioVersion = 17.1.31911.260
MinimumVisualStudioVersion = 10.0.40219.1
Project("{9A19103F-16F7-4668-BE54-9A1E7A4F7556}") = "Audio Player Demo (NuGet) net6", "WinForms\CSharp\Audio Player\Audio Player Demo (NuGet) net6.csproj", "{AEBEA0DD-44E1-4351-A9F2-FC6E46CFFB93}"
EndProject
Project("{9A19103F-16F7-4668-BE54-9A1E7A4F7556}") = "DVD Player Demo (NuGet) net6", "WinForms\CSharp\DVD Player\DVD Player Demo (NuGet) net6.csproj", "{5D95E60B-D07E-4ACE-89E6-C28C09F4151B}"
EndProject
Project("{9A19103F-16F7-4668-BE54-9A1E7A4F7556}") = "Memory Playback Demo (NuGet) net6", "WinForms\CSharp\Memory Stream\Memory Playback Demo (NuGet) net6.csproj", "{25DA5DDB-F811-4D93-A359-28C76185E9C1}"
EndProject
Project("{9A19103F-16F7-4668-BE54-9A1E7A4F7556}") = "Two Windows Demo (NuGet) net6", "WinForms\CSharp\Two Windows\Two Windows Demo (NuGet) net6.csproj", "{04E1EC37-8636-4E41-85D7-A3934C6C023D}"
EndProject
Project("{2150E333-8FDC-42A3-9474-1A3956D46DE8}") = "WinForms", "WinForms", "{743796DD-6F87-4CD9-8419-0B8CE16B4CB9}"
EndProject
Project("{2150E333-8FDC-42A3-9474-1A3956D46DE8}") = "WPF", "WPF", "{C65A40AE-D7BC-4311-85F5-30D463D55564}"
EndProject
Project("{9A19103F-16F7-4668-BE54-9A1E7A4F7556}") = "Seamless Playback Demo (NuGet) net6", "WinForms\CSharp\Seamless Playback\Seamless Playback Demo (NuGet) net6.csproj", "{3A2FBF0F-A809-4C9E-8C87-798EC6ABB3BF}"
EndProject
Project("{9A19103F-16F7-4668-BE54-9A1E7A4F7556}") = "Multiple Video Streams Demo (NuGet) net6", "WinForms\CSharp\Multiple Video Streams\Multiple Video Streams Demo (NuGet) net6.csproj", "{BFDCC3A2-6364-43A1-88EE-8950763735FB}"
EndProject
Project("{9A19103F-16F7-4668-BE54-9A1E7A4F7556}") = "Video Mixing Demo (NuGet) net6", "WinForms\CSharp\Video Mixing Demo\Video Mixing Demo (NuGet) net6.csproj", "{F6BB9AA5-9C91-4C28-9414-9BC9781B968A}"
EndProject
Project("{9A19103F-16F7-4668-BE54-9A1E7A4F7556}") = "Simple Video Player Demo (NuGet) net6", "WinForms\CSharp\Simple Video Player\Simple Video Player Demo (NuGet) net6.csproj", "{32BB8666-08DB-448E-B758-893EF8D26D92}"
EndProject
Project("{9A19103F-16F7-4668-BE54-9A1E7A4F7556}") = "Main Demo MP (NuGet) net6", "WinForms\CSharp\Main Demo\Main Demo MP (NuGet) net6.csproj", "{F3381D78-62A8-4730-A559-3B5ACDE8F667}"
EndProject
Project("{9A19103F-16F7-4668-BE54-9A1E7A4F7556}") = "Main Demo MP WPF (NuGet) net6", "WPF\CSharp\Main Demo\Main Demo MP WPF (NuGet) net6.csproj", "{E412F69E-2111-433E-856E-6ADE54655503}"
EndProject
Project("{2150E333-8FDC-42A3-9474-1A3956D46DE8}") = "CodeSnippets", "CodeSnippets", "{6E4DFE4D-F6E3-4D76-9143-0C408F773B65}"
EndProject
Project("{9A19103F-16F7-4668-BE54-9A1E7A4F7556}") = "read-file-info (NuGet) net6", "_CodeSnippets\read-file-info\read-file-info (NuGet) net6.csproj", "{DDEF7252-9D8C-4324-8B18-A1944494F463}"
EndProject
Project("{9A19103F-16F7-4668-BE54-9A1E7A4F7556}") = "Karaoke Demo (NuGet) net6", "WinForms\CSharp\Karaoke Demo\Karaoke Demo (NuGet) net6.csproj", "{57DA73CE-CE2B-4660-81D4-3CF28CA0A647}"
EndProject
Project("{9A19103F-16F7-4668-BE54-9A1E7A4F7556}") = "YouTube Player Demo (NuGet) net6", "WinForms\CSharp\YouTube Player Demo\YouTube Player Demo (NuGet) net6.csproj", "{2E73EBCD-58F8-4ADC-9212-BC71F65F8DBA}"
EndProject
Project("{9A19103F-16F7-4668-BE54-9A1E7A4F7556}") = "Encrypted Memory Playback Demo (NuGet) net6", "WinForms\CSharp\Encrypted Memory Playback Demo\Encrypted Memory Playback Demo (NuGet) net6.csproj", "{F315B30D-50DF-4660-87B2-9F88B2AFF7B5}"
EndProject
Project("{9A19103F-16F7-4668-BE54-9A1E7A4F7556}") = "Skinned Player (NuGet) net6", "WPF\CSharp\Skinned Player\Skinned Player (NuGet) net6.csproj", "{638FCE66-3B4D-47EE-8467-E04D18023C97}"
EndProject
Project("{9A19103F-16F7-4668-BE54-9A1E7A4F7556}") = "Nvidia Maxine Player (NuGet) net6", "WPF\CSharp\Nvidia Maxine Player\Nvidia Maxine Player (NuGet) net6.csproj", "{3C647DEF-9EE0-4EEA-ABE9-EA88975F810E}"
EndProject
Global
	GlobalSection(SolutionConfigurationPlatforms) = preSolution
		Debug|Any CPU = Debug|Any CPU
		Debug|x86 = Debug|x86
		Release|Any CPU = Release|Any CPU
		Release|x86 = Release|x86
	EndGlobalSection
	GlobalSection(ProjectConfigurationPlatforms) = postSolution
		{AEBEA0DD-44E1-4351-A9F2-FC6E46CFFB93}.Debug|Any CPU.ActiveCfg = Debug|Any CPU
		{AEBEA0DD-44E1-4351-A9F2-FC6E46CFFB93}.Debug|Any CPU.Build.0 = Debug|Any CPU
		{AEBEA0DD-44E1-4351-A9F2-FC6E46CFFB93}.Debug|x86.ActiveCfg = Debug|x86
		{AEBEA0DD-44E1-4351-A9F2-FC6E46CFFB93}.Debug|x86.Build.0 = Debug|x86
		{AEBEA0DD-44E1-4351-A9F2-FC6E46CFFB93}.Release|Any CPU.ActiveCfg = Release|Any CPU
		{AEBEA0DD-44E1-4351-A9F2-FC6E46CFFB93}.Release|Any CPU.Build.0 = Release|Any CPU
		{AEBEA0DD-44E1-4351-A9F2-FC6E46CFFB93}.Release|x86.ActiveCfg = Release|x86
		{AEBEA0DD-44E1-4351-A9F2-FC6E46CFFB93}.Release|x86.Build.0 = Release|x86
		{5D95E60B-D07E-4ACE-89E6-C28C09F4151B}.Debug|Any CPU.ActiveCfg = Debug|Any CPU
		{5D95E60B-D07E-4ACE-89E6-C28C09F4151B}.Debug|Any CPU.Build.0 = Debug|Any CPU
		{5D95E60B-D07E-4ACE-89E6-C28C09F4151B}.Debug|x86.ActiveCfg = Debug|x86
		{5D95E60B-D07E-4ACE-89E6-C28C09F4151B}.Debug|x86.Build.0 = Debug|x86
		{5D95E60B-D07E-4ACE-89E6-C28C09F4151B}.Release|Any CPU.ActiveCfg = Release|Any CPU
		{5D95E60B-D07E-4ACE-89E6-C28C09F4151B}.Release|Any CPU.Build.0 = Release|Any CPU
		{5D95E60B-D07E-4ACE-89E6-C28C09F4151B}.Release|x86.ActiveCfg = Release|x86
		{5D95E60B-D07E-4ACE-89E6-C28C09F4151B}.Release|x86.Build.0 = Release|x86
		{25DA5DDB-F811-4D93-A359-28C76185E9C1}.Debug|Any CPU.ActiveCfg = Debug|Any CPU
		{25DA5DDB-F811-4D93-A359-28C76185E9C1}.Debug|Any CPU.Build.0 = Debug|Any CPU
		{25DA5DDB-F811-4D93-A359-28C76185E9C1}.Debug|x86.ActiveCfg = Debug|x86
		{25DA5DDB-F811-4D93-A359-28C76185E9C1}.Debug|x86.Build.0 = Debug|x86
		{25DA5DDB-F811-4D93-A359-28C76185E9C1}.Release|Any CPU.ActiveCfg = Release|Any CPU
		{25DA5DDB-F811-4D93-A359-28C76185E9C1}.Release|Any CPU.Build.0 = Release|Any CPU
		{25DA5DDB-F811-4D93-A359-28C76185E9C1}.Release|x86.ActiveCfg = Release|x86
		{25DA5DDB-F811-4D93-A359-28C76185E9C1}.Release|x86.Build.0 = Release|x86
		{04E1EC37-8636-4E41-85D7-A3934C6C023D}.Debug|Any CPU.ActiveCfg = Debug|Any CPU
		{04E1EC37-8636-4E41-85D7-A3934C6C023D}.Debug|Any CPU.Build.0 = Debug|Any CPU
		{04E1EC37-8636-4E41-85D7-A3934C6C023D}.Debug|x86.ActiveCfg = Debug|x86
		{04E1EC37-8636-4E41-85D7-A3934C6C023D}.Debug|x86.Build.0 = Debug|x86
		{04E1EC37-8636-4E41-85D7-A3934C6C023D}.Release|Any CPU.ActiveCfg = Release|Any CPU
		{04E1EC37-8636-4E41-85D7-A3934C6C023D}.Release|Any CPU.Build.0 = Release|Any CPU
		{04E1EC37-8636-4E41-85D7-A3934C6C023D}.Release|x86.ActiveCfg = Release|x86
		{04E1EC37-8636-4E41-85D7-A3934C6C023D}.Release|x86.Build.0 = Release|x86
		{3A2FBF0F-A809-4C9E-8C87-798EC6ABB3BF}.Debug|Any CPU.ActiveCfg = Debug|Any CPU
		{3A2FBF0F-A809-4C9E-8C87-798EC6ABB3BF}.Debug|Any CPU.Build.0 = Debug|Any CPU
		{3A2FBF0F-A809-4C9E-8C87-798EC6ABB3BF}.Debug|x86.ActiveCfg = Debug|x86
		{3A2FBF0F-A809-4C9E-8C87-798EC6ABB3BF}.Debug|x86.Build.0 = Debug|x86
		{3A2FBF0F-A809-4C9E-8C87-798EC6ABB3BF}.Release|Any CPU.ActiveCfg = Release|Any CPU
		{3A2FBF0F-A809-4C9E-8C87-798EC6ABB3BF}.Release|Any CPU.Build.0 = Release|Any CPU
		{3A2FBF0F-A809-4C9E-8C87-798EC6ABB3BF}.Release|x86.ActiveCfg = Release|x86
		{3A2FBF0F-A809-4C9E-8C87-798EC6ABB3BF}.Release|x86.Build.0 = Release|x86
		{BFDCC3A2-6364-43A1-88EE-8950763735FB}.Debug|Any CPU.ActiveCfg = Debug|Any CPU
		{BFDCC3A2-6364-43A1-88EE-8950763735FB}.Debug|Any CPU.Build.0 = Debug|Any CPU
		{BFDCC3A2-6364-43A1-88EE-8950763735FB}.Debug|x86.ActiveCfg = Debug|x86
		{BFDCC3A2-6364-43A1-88EE-8950763735FB}.Debug|x86.Build.0 = Debug|x86
		{BFDCC3A2-6364-43A1-88EE-8950763735FB}.Release|Any CPU.ActiveCfg = Release|Any CPU
		{BFDCC3A2-6364-43A1-88EE-8950763735FB}.Release|Any CPU.Build.0 = Release|Any CPU
		{BFDCC3A2-6364-43A1-88EE-8950763735FB}.Release|x86.ActiveCfg = Release|x86
		{BFDCC3A2-6364-43A1-88EE-8950763735FB}.Release|x86.Build.0 = Release|x86
		{F6BB9AA5-9C91-4C28-9414-9BC9781B968A}.Debug|Any CPU.ActiveCfg = Debug|Any CPU
		{F6BB9AA5-9C91-4C28-9414-9BC9781B968A}.Debug|Any CPU.Build.0 = Debug|Any CPU
		{F6BB9AA5-9C91-4C28-9414-9BC9781B968A}.Debug|x86.ActiveCfg = Debug|x86
		{F6BB9AA5-9C91-4C28-9414-9BC9781B968A}.Debug|x86.Build.0 = Debug|x86
		{F6BB9AA5-9C91-4C28-9414-9BC9781B968A}.Release|Any CPU.ActiveCfg = Release|Any CPU
		{F6BB9AA5-9C91-4C28-9414-9BC9781B968A}.Release|Any CPU.Build.0 = Release|Any CPU
		{F6BB9AA5-9C91-4C28-9414-9BC9781B968A}.Release|x86.ActiveCfg = Release|x86
		{F6BB9AA5-9C91-4C28-9414-9BC9781B968A}.Release|x86.Build.0 = Release|x86
		{32BB8666-08DB-448E-B758-893EF8D26D92}.Debug|Any CPU.ActiveCfg = Debug|Any CPU
		{32BB8666-08DB-448E-B758-893EF8D26D92}.Debug|Any CPU.Build.0 = Debug|Any CPU
		{32BB8666-08DB-448E-B758-893EF8D26D92}.Debug|x86.ActiveCfg = Debug|x86
		{32BB8666-08DB-448E-B758-893EF8D26D92}.Debug|x86.Build.0 = Debug|x86
		{32BB8666-08DB-448E-B758-893EF8D26D92}.Release|Any CPU.ActiveCfg = Release|Any CPU
		{32BB8666-08DB-448E-B758-893EF8D26D92}.Release|Any CPU.Build.0 = Release|Any CPU
		{32BB8666-08DB-448E-B758-893EF8D26D92}.Release|x86.ActiveCfg = Release|x86
		{32BB8666-08DB-448E-B758-893EF8D26D92}.Release|x86.Build.0 = Release|x86
		{F3381D78-62A8-4730-A559-3B5ACDE8F667}.Debug|Any CPU.ActiveCfg = Debug|Any CPU
		{F3381D78-62A8-4730-A559-3B5ACDE8F667}.Debug|Any CPU.Build.0 = Debug|Any CPU
		{F3381D78-62A8-4730-A559-3B5ACDE8F667}.Debug|x86.ActiveCfg = Debug|x86
		{F3381D78-62A8-4730-A559-3B5ACDE8F667}.Debug|x86.Build.0 = Debug|x86
		{F3381D78-62A8-4730-A559-3B5ACDE8F667}.Release|Any CPU.ActiveCfg = Release|Any CPU
		{F3381D78-62A8-4730-A559-3B5ACDE8F667}.Release|Any CPU.Build.0 = Release|Any CPU
		{F3381D78-62A8-4730-A559-3B5ACDE8F667}.Release|x86.ActiveCfg = Release|x86
		{F3381D78-62A8-4730-A559-3B5ACDE8F667}.Release|x86.Build.0 = Release|x86
		{E412F69E-2111-433E-856E-6ADE54655503}.Debug|Any CPU.ActiveCfg = Debug|Any CPU
		{E412F69E-2111-433E-856E-6ADE54655503}.Debug|Any CPU.Build.0 = Debug|Any CPU
		{E412F69E-2111-433E-856E-6ADE54655503}.Debug|x86.ActiveCfg = Debug|x86
		{E412F69E-2111-433E-856E-6ADE54655503}.Debug|x86.Build.0 = Debug|x86
		{E412F69E-2111-433E-856E-6ADE54655503}.Release|Any CPU.ActiveCfg = Release|Any CPU
		{E412F69E-2111-433E-856E-6ADE54655503}.Release|Any CPU.Build.0 = Release|Any CPU
		{E412F69E-2111-433E-856E-6ADE54655503}.Release|x86.ActiveCfg = Release|x86
		{E412F69E-2111-433E-856E-6ADE54655503}.Release|x86.Build.0 = Release|x86
		{DDEF7252-9D8C-4324-8B18-A1944494F463}.Debug|Any CPU.ActiveCfg = Debug|Any CPU
		{DDEF7252-9D8C-4324-8B18-A1944494F463}.Debug|Any CPU.Build.0 = Debug|Any CPU
		{DDEF7252-9D8C-4324-8B18-A1944494F463}.Debug|x86.ActiveCfg = Debug|Any CPU
		{DDEF7252-9D8C-4324-8B18-A1944494F463}.Debug|x86.Build.0 = Debug|Any CPU
		{DDEF7252-9D8C-4324-8B18-A1944494F463}.Release|Any CPU.ActiveCfg = Release|Any CPU
		{DDEF7252-9D8C-4324-8B18-A1944494F463}.Release|Any CPU.Build.0 = Release|Any CPU
		{DDEF7252-9D8C-4324-8B18-A1944494F463}.Release|x86.ActiveCfg = Release|Any CPU
		{DDEF7252-9D8C-4324-8B18-A1944494F463}.Release|x86.Build.0 = Release|Any CPU
		{57DA73CE-CE2B-4660-81D4-3CF28CA0A647}.Debug|Any CPU.ActiveCfg = Debug|Any CPU
		{57DA73CE-CE2B-4660-81D4-3CF28CA0A647}.Debug|Any CPU.Build.0 = Debug|Any CPU
		{57DA73CE-CE2B-4660-81D4-3CF28CA0A647}.Debug|x86.ActiveCfg = Debug|x86
		{57DA73CE-CE2B-4660-81D4-3CF28CA0A647}.Debug|x86.Build.0 = Debug|x86
		{57DA73CE-CE2B-4660-81D4-3CF28CA0A647}.Release|Any CPU.ActiveCfg = Release|Any CPU
		{57DA73CE-CE2B-4660-81D4-3CF28CA0A647}.Release|Any CPU.Build.0 = Release|Any CPU
		{57DA73CE-CE2B-4660-81D4-3CF28CA0A647}.Release|x86.ActiveCfg = Release|x86
		{57DA73CE-CE2B-4660-81D4-3CF28CA0A647}.Release|x86.Build.0 = Release|x86
		{2E73EBCD-58F8-4ADC-9212-BC71F65F8DBA}.Debug|Any CPU.ActiveCfg = Debug|Any CPU
		{2E73EBCD-58F8-4ADC-9212-BC71F65F8DBA}.Debug|Any CPU.Build.0 = Debug|Any CPU
		{2E73EBCD-58F8-4ADC-9212-BC71F65F8DBA}.Debug|x86.ActiveCfg = Debug|x86
		{2E73EBCD-58F8-4ADC-9212-BC71F65F8DBA}.Debug|x86.Build.0 = Debug|x86
		{2E73EBCD-58F8-4ADC-9212-BC71F65F8DBA}.Release|Any CPU.ActiveCfg = Release|Any CPU
		{2E73EBCD-58F8-4ADC-9212-BC71F65F8DBA}.Release|Any CPU.Build.0 = Release|Any CPU
		{2E73EBCD-58F8-4ADC-9212-BC71F65F8DBA}.Release|x86.ActiveCfg = Release|x86
		{2E73EBCD-58F8-4ADC-9212-BC71F65F8DBA}.Release|x86.Build.0 = Release|x86
		{F315B30D-50DF-4660-87B2-9F88B2AFF7B5}.Debug|Any CPU.ActiveCfg = Debug|Any CPU
		{F315B30D-50DF-4660-87B2-9F88B2AFF7B5}.Debug|Any CPU.Build.0 = Debug|Any CPU
		{F315B30D-50DF-4660-87B2-9F88B2AFF7B5}.Debug|x86.ActiveCfg = Debug|Any CPU
		{F315B30D-50DF-4660-87B2-9F88B2AFF7B5}.Debug|x86.Build.0 = Debug|Any CPU
		{F315B30D-50DF-4660-87B2-9F88B2AFF7B5}.Release|Any CPU.ActiveCfg = Release|Any CPU
		{F315B30D-50DF-4660-87B2-9F88B2AFF7B5}.Release|Any CPU.Build.0 = Release|Any CPU
		{F315B30D-50DF-4660-87B2-9F88B2AFF7B5}.Release|x86.ActiveCfg = Release|Any CPU
		{F315B30D-50DF-4660-87B2-9F88B2AFF7B5}.Release|x86.Build.0 = Release|Any CPU
		{638FCE66-3B4D-47EE-8467-E04D18023C97}.Debug|Any CPU.ActiveCfg = Debug|Any CPU
		{638FCE66-3B4D-47EE-8467-E04D18023C97}.Debug|Any CPU.Build.0 = Debug|Any CPU
		{638FCE66-3B4D-47EE-8467-E04D18023C97}.Debug|x86.ActiveCfg = Debug|Any CPU
		{638FCE66-3B4D-47EE-8467-E04D18023C97}.Debug|x86.Build.0 = Debug|Any CPU
		{638FCE66-3B4D-47EE-8467-E04D18023C97}.Release|Any CPU.ActiveCfg = Release|Any CPU
		{638FCE66-3B4D-47EE-8467-E04D18023C97}.Release|Any CPU.Build.0 = Release|Any CPU
		{638FCE66-3B4D-47EE-8467-E04D18023C97}.Release|x86.ActiveCfg = Release|Any CPU
		{638FCE66-3B4D-47EE-8467-E04D18023C97}.Release|x86.Build.0 = Release|Any CPU
		{3C647DEF-9EE0-4EEA-ABE9-EA88975F810E}.Debug|Any CPU.ActiveCfg = Debug|Any CPU
		{3C647DEF-9EE0-4EEA-ABE9-EA88975F810E}.Debug|Any CPU.Build.0 = Debug|Any CPU
		{3C647DEF-9EE0-4EEA-ABE9-EA88975F810E}.Debug|x86.ActiveCfg = Debug|Any CPU
		{3C647DEF-9EE0-4EEA-ABE9-EA88975F810E}.Debug|x86.Build.0 = Debug|Any CPU
		{3C647DEF-9EE0-4EEA-ABE9-EA88975F810E}.Release|Any CPU.ActiveCfg = Release|Any CPU
		{3C647DEF-9EE0-4EEA-ABE9-EA88975F810E}.Release|Any CPU.Build.0 = Release|Any CPU
		{3C647DEF-9EE0-4EEA-ABE9-EA88975F810E}.Release|x86.ActiveCfg = Release|Any CPU
		{3C647DEF-9EE0-4EEA-ABE9-EA88975F810E}.Release|x86.Build.0 = Release|Any CPU
	EndGlobalSection
	GlobalSection(SolutionProperties) = preSolution
		HideSolutionNode = FALSE
	EndGlobalSection
	GlobalSection(NestedProjects) = preSolution
		{AEBEA0DD-44E1-4351-A9F2-FC6E46CFFB93} = {743796DD-6F87-4CD9-8419-0B8CE16B4CB9}
		{5D95E60B-D07E-4ACE-89E6-C28C09F4151B} = {743796DD-6F87-4CD9-8419-0B8CE16B4CB9}
		{25DA5DDB-F811-4D93-A359-28C76185E9C1} = {743796DD-6F87-4CD9-8419-0B8CE16B4CB9}
		{04E1EC37-8636-4E41-85D7-A3934C6C023D} = {743796DD-6F87-4CD9-8419-0B8CE16B4CB9}
		{3A2FBF0F-A809-4C9E-8C87-798EC6ABB3BF} = {743796DD-6F87-4CD9-8419-0B8CE16B4CB9}
		{BFDCC3A2-6364-43A1-88EE-8950763735FB} = {743796DD-6F87-4CD9-8419-0B8CE16B4CB9}
		{F6BB9AA5-9C91-4C28-9414-9BC9781B968A} = {743796DD-6F87-4CD9-8419-0B8CE16B4CB9}
		{32BB8666-08DB-448E-B758-893EF8D26D92} = {743796DD-6F87-4CD9-8419-0B8CE16B4CB9}
		{F3381D78-62A8-4730-A559-3B5ACDE8F667} = {743796DD-6F87-4CD9-8419-0B8CE16B4CB9}
		{E412F69E-2111-433E-856E-6ADE54655503} = {C65A40AE-D7BC-4311-85F5-30D463D55564}
		{DDEF7252-9D8C-4324-8B18-A1944494F463} = {6E4DFE4D-F6E3-4D76-9143-0C408F773B65}
		{57DA73CE-CE2B-4660-81D4-3CF28CA0A647} = {743796DD-6F87-4CD9-8419-0B8CE16B4CB9}
		{2E73EBCD-58F8-4ADC-9212-BC71F65F8DBA} = {743796DD-6F87-4CD9-8419-0B8CE16B4CB9}
		{F315B30D-50DF-4660-87B2-9F88B2AFF7B5} = {743796DD-6F87-4CD9-8419-0B8CE16B4CB9}
		{638FCE66-3B4D-47EE-8467-E04D18023C97} = {C65A40AE-D7BC-4311-85F5-30D463D55564}
		{3C647DEF-9EE0-4EEA-ABE9-EA88975F810E} = {C65A40AE-D7BC-4311-85F5-30D463D55564}
	EndGlobalSection
	GlobalSection(ExtensibilityGlobals) = postSolution
		SolutionGuid = {421FE47D-FE2B-4EF3-A888-EC10030B8DBE}
	EndGlobalSection
EndGlobal
