
Microsoft Visual Studio Solution File, Format Version 12.00
# Visual Studio Version 17
VisualStudioVersion = 17.1.32421.90
MinimumVisualStudioVersion = 10.0.40219.1
Project("{2150E333-8FDC-42A3-9474-1A3956D46DE8}") = "WinForms", "WinForms", "{743796DD-6F87-4CD9-8419-0B8CE16B4CB9}"
EndProject
Project("{9A19103F-16F7-4668-BE54-9A1E7A4F7556}") = "RTSP MultiView Demo (NuGet) net5", "WinForms\CSharp\RTSP MultiView Demo\RTSP MultiView Demo (NuGet) net5.csproj", "{DB660834-EC8E-4BA0-A073-A72F16361CFD}"
EndProject
Project("{9A19103F-16F7-4668-BE54-9A1E7A4F7556}") = "Simple Video Capture Demo (NuGet) net5", "WinForms\CSharp\Simple Video Capture Demo\Simple Video Capture Demo (NuGet) net5.csproj", "{B7F32B88-9FAA-48D1-A5ED-3E11B8547ACC}"
EndProject
Project("{9A19103F-16F7-4668-BE54-9A1E7A4F7556}") = "Video Mixer Demo (NuGet) net5", "WinForms\CSharp\Video Mixer Demo\Video Mixer Demo (NuGet) net5.csproj", "{F36BD8CE-C0DE-43A7-8C72-DC8E1620C31F}"
EndProject
Global
	GlobalSection(SolutionConfigurationPlatforms) = preSolution
		Debug|Any CPU = Debug|Any CPU
		Release|Any CPU = Release|Any CPU
	EndGlobalSection
	GlobalSection(ProjectConfigurationPlatforms) = postSolution
		{DB660834-EC8E-4BA0-A073-A72F16361CFD}.Debug|Any CPU.ActiveCfg = Debug|Any CPU
		{DB660834-EC8E-4BA0-A073-A72F16361CFD}.Debug|Any CPU.Build.0 = Debug|Any CPU
		{DB660834-EC8E-4BA0-A073-A72F16361CFD}.Release|Any CPU.ActiveCfg = Release|Any CPU
		{DB660834-EC8E-4BA0-A073-A72F16361CFD}.Release|Any CPU.Build.0 = Release|Any CPU
		{B7F32B88-9FAA-48D1-A5ED-3E11B8547ACC}.Debug|Any CPU.ActiveCfg = Debug|Any CPU
		{B7F32B88-9FAA-48D1-A5ED-3E11B8547ACC}.Debug|Any CPU.Build.0 = Debug|Any CPU
		{B7F32B88-9FAA-48D1-A5ED-3E11B8547ACC}.Release|Any CPU.ActiveCfg = Release|Any CPU
		{B7F32B88-9FAA-48D1-A5ED-3E11B8547ACC}.Release|Any CPU.Build.0 = Release|Any CPU
		{F36BD8CE-C0DE-43A7-8C72-DC8E1620C31F}.Debug|Any CPU.ActiveCfg = Debug|Any CPU
		{F36BD8CE-C0DE-43A7-8C72-DC8E1620C31F}.Debug|Any CPU.Build.0 = Debug|Any CPU
		{F36BD8CE-C0DE-43A7-8C72-DC8E1620C31F}.Release|Any CPU.ActiveCfg = Release|Any CPU
		{F36BD8CE-C0DE-43A7-8C72-DC8E1620C31F}.Release|Any CPU.Build.0 = Release|Any CPU
	EndGlobalSection
	GlobalSection(SolutionProperties) = preSolution
		HideSolutionNode = FALSE
	EndGlobalSection
	GlobalSection(NestedProjects) = preSolution
		{DB660834-EC8E-4BA0-A073-A72F16361CFD} = {743796DD-6F87-4CD9-8419-0B8CE16B4CB9}
		{B7F32B88-9FAA-48D1-A5ED-3E11B8547ACC} = {743796DD-6F87-4CD9-8419-0B8CE16B4CB9}
		{F36BD8CE-C0DE-43A7-8C72-DC8E1620C31F} = {743796DD-6F87-4CD9-8419-0B8CE16B4CB9}
	EndGlobalSection
	GlobalSection(ExtensibilityGlobals) = postSolution
		SolutionGuid = {421FE47D-FE2B-4EF3-A888-EC10030B8DBE}
	EndGlobalSection
EndGlobal
