
Microsoft Visual Studio Solution File, Format Version 12.00
# Visual Studio Version 17
VisualStudioVersion = 17.1.32421.90
MinimumVisualStudioVersion = 10.0.40219.1
Project("{9A19103F-16F7-4668-BE54-9A1E7A4F7556}") = "Media Info CLI", "Console\Media Info CLI\Media Info CLI.csproj", "{60892F01-E9A8-463F-86BA-A9381FE4CE2E}"
EndProject
Project("{9A19103F-16F7-4668-BE54-9A1E7A4F7556}") = "RTSPView", "Console\RTSPView\RTSPView.csproj", "{031CC542-17A1-43CF-BB70-FCCB52F06632}"
EndProject
Project("{9A19103F-16F7-4668-BE54-9A1E7A4F7556}") = "RTSPViewCV", "Console\RTSPViewCV\RTSPViewCV.csproj", "{F97934EA-E814-4A0C-AD39-948FC490DCFC}"
EndProject
Project("{9A19103F-16F7-4668-BE54-9A1E7A4F7556}") = "HLSStreamer", "Console\HLS Streamer\HLSStreamer.csproj", "{2D0DED4E-DEC6-4710-9470-46CA41215ED4}"
EndProject
Project("{9A19103F-16F7-4668-BE54-9A1E7A4F7556}") = "FileConvert", "Console\FileConvert\FileConvert.csproj", "{5E996ED9-DE61-419D-973F-14A2A6936123}"
EndProject
Project("{FAE04EC0-301F-11D3-BF4B-00C04F79EFBC}") = "lut-sample", "_CodeSnippets\lut-sample\lut-sample.csproj", "{49D9AE64-9136-0140-A7E7-61188B6147D4}"
EndProject
Project("{FAE04EC0-301F-11D3-BF4B-00C04F79EFBC}") = "RTSP Capture Original", "Console\RTSP Capture Original\RTSP Capture Original.csproj", "{F1CD46A9-9867-6AA5-B9DA-9B8E19C23543}"
EndProject
Project("{FAE04EC0-301F-11D3-BF4B-00C04F79EFBC}") = "RTSP Webcam Server", "Console\RTSP Webcam Server\RTSP Webcam Server.csproj", "{438055A6-F768-243B-3359-E74A1853FA1E}"
EndProject
Global
	GlobalSection(SolutionConfigurationPlatforms) = preSolution
		Debug|Any CPU = Debug|Any CPU
		Release|Any CPU = Release|Any CPU
	EndGlobalSection
	GlobalSection(ProjectConfigurationPlatforms) = postSolution
		{60892F01-E9A8-463F-86BA-A9381FE4CE2E}.Debug|Any CPU.ActiveCfg = Debug|Any CPU
		{60892F01-E9A8-463F-86BA-A9381FE4CE2E}.Debug|Any CPU.Build.0 = Debug|Any CPU
		{60892F01-E9A8-463F-86BA-A9381FE4CE2E}.Release|Any CPU.ActiveCfg = Release|Any CPU
		{60892F01-E9A8-463F-86BA-A9381FE4CE2E}.Release|Any CPU.Build.0 = Release|Any CPU
		{031CC542-17A1-43CF-BB70-FCCB52F06632}.Debug|Any CPU.ActiveCfg = Debug|Any CPU
		{031CC542-17A1-43CF-BB70-FCCB52F06632}.Debug|Any CPU.Build.0 = Debug|Any CPU
		{031CC542-17A1-43CF-BB70-FCCB52F06632}.Release|Any CPU.ActiveCfg = Release|Any CPU
		{031CC542-17A1-43CF-BB70-FCCB52F06632}.Release|Any CPU.Build.0 = Release|Any CPU
		{F97934EA-E814-4A0C-AD39-948FC490DCFC}.Debug|Any CPU.ActiveCfg = Debug|Any CPU
		{F97934EA-E814-4A0C-AD39-948FC490DCFC}.Debug|Any CPU.Build.0 = Debug|Any CPU
		{F97934EA-E814-4A0C-AD39-948FC490DCFC}.Release|Any CPU.ActiveCfg = Release|Any CPU
		{F97934EA-E814-4A0C-AD39-948FC490DCFC}.Release|Any CPU.Build.0 = Release|Any CPU
		{2D0DED4E-DEC6-4710-9470-46CA41215ED4}.Debug|Any CPU.ActiveCfg = Debug|Any CPU
		{2D0DED4E-DEC6-4710-9470-46CA41215ED4}.Debug|Any CPU.Build.0 = Debug|Any CPU
		{2D0DED4E-DEC6-4710-9470-46CA41215ED4}.Release|Any CPU.ActiveCfg = Release|Any CPU
		{2D0DED4E-DEC6-4710-9470-46CA41215ED4}.Release|Any CPU.Build.0 = Release|Any CPU
		{5E996ED9-DE61-419D-973F-14A2A6936123}.Debug|Any CPU.ActiveCfg = Debug|Any CPU
		{5E996ED9-DE61-419D-973F-14A2A6936123}.Debug|Any CPU.Build.0 = Debug|Any CPU
		{5E996ED9-DE61-419D-973F-14A2A6936123}.Release|Any CPU.ActiveCfg = Release|Any CPU
		{5E996ED9-DE61-419D-973F-14A2A6936123}.Release|Any CPU.Build.0 = Release|Any CPU
		{49D9AE64-9136-0140-A7E7-61188B6147D4}.Debug|Any CPU.ActiveCfg = Debug|Any CPU
		{49D9AE64-9136-0140-A7E7-61188B6147D4}.Debug|Any CPU.Build.0 = Debug|Any CPU
		{49D9AE64-9136-0140-A7E7-61188B6147D4}.Release|Any CPU.ActiveCfg = Release|Any CPU
		{49D9AE64-9136-0140-A7E7-61188B6147D4}.Release|Any CPU.Build.0 = Release|Any CPU
		{F1CD46A9-9867-6AA5-B9DA-9B8E19C23543}.Debug|Any CPU.ActiveCfg = Debug|Any CPU
		{F1CD46A9-9867-6AA5-B9DA-9B8E19C23543}.Debug|Any CPU.Build.0 = Debug|Any CPU
		{F1CD46A9-9867-6AA5-B9DA-9B8E19C23543}.Release|Any CPU.ActiveCfg = Release|Any CPU
		{F1CD46A9-9867-6AA5-B9DA-9B8E19C23543}.Release|Any CPU.Build.0 = Release|Any CPU
		{438055A6-F768-243B-3359-E74A1853FA1E}.Debug|Any CPU.ActiveCfg = Debug|Any CPU
		{438055A6-F768-243B-3359-E74A1853FA1E}.Debug|Any CPU.Build.0 = Debug|Any CPU
		{438055A6-F768-243B-3359-E74A1853FA1E}.Release|Any CPU.ActiveCfg = Release|Any CPU
		{438055A6-F768-243B-3359-E74A1853FA1E}.Release|Any CPU.Build.0 = Release|Any CPU
	EndGlobalSection
	GlobalSection(SolutionProperties) = preSolution
		HideSolutionNode = FALSE
	EndGlobalSection
	GlobalSection(ExtensibilityGlobals) = postSolution
		SolutionGuid = {421FE47D-FE2B-4EF3-A888-EC10030B8DBE}
	EndGlobalSection
EndGlobal
