
Microsoft Visual Studio Solution File, Format Version 12.00
# Visual Studio Version 17
VisualStudioVersion = 17.1.31911.260
MinimumVisualStudioVersion = 10.0.40219.1
Project("{9A19103F-16F7-4668-BE54-9A1E7A4F7556}") = "VisioForge.Core.Android.X8", "..\AndroidDependency\VisioForge.Core.Android.X8.csproj", "{FA322D0F-AB1E-429B-9267-C69A86C14FF1}"
EndProject
Project("{9A19103F-16F7-4668-BE54-9A1E7A4F7556}") = "SimpleCaptureMB8", "MAUI\SimpleCapture\SimpleCaptureMB8.csproj", "{F9102788-2140-4A5F-970B-5CC507D21810}"
EndProject
Project("{9A19103F-16F7-4668-BE54-9A1E7A4F7556}") = "SimplePlayerMB8", "MAUI\SimplePlayer\SimplePlayerMB8.csproj", "{F36827D8-D7C8-470D-9CA0-D0C611F1E1CA}"
EndProject
Project("{9A19103F-16F7-4668-BE54-9A1E7A4F7556}") = "RTSPViewerMB8", "MAUI\RTSPViewer\RTSPViewerMB8.csproj", "{2DA8BD79-846C-4794-B932-31BE44386930}"
EndProject
Project("{9A19103F-16F7-4668-BE54-9A1E7A4F7556}") = "MobileStreamerMB8", "MAUI\MobileStreamer\MobileStreamerMB8.csproj", "{90ABEAD0-1EF1-46B1-92F8-4167C2952A84}"
EndProject
Project("{9A19103F-16F7-4668-BE54-9A1E7A4F7556}") = "ScreenCaptureMB8", "MAUI\ScreenCaptureMB\ScreenCaptureMB8.csproj", "{B7647997-F44A-4221-A67A-F494FA5CE696}"
EndProject
Global
	GlobalSection(SolutionConfigurationPlatforms) = preSolution
		Debug|Any CPU = Debug|Any CPU
		Release|Any CPU = Release|Any CPU
	EndGlobalSection
	GlobalSection(ProjectConfigurationPlatforms) = postSolution
		{FA322D0F-AB1E-429B-9267-C69A86C14FF1}.Debug|Any CPU.ActiveCfg = Debug|Any CPU
		{FA322D0F-AB1E-429B-9267-C69A86C14FF1}.Debug|Any CPU.Build.0 = Debug|Any CPU
		{FA322D0F-AB1E-429B-9267-C69A86C14FF1}.Release|Any CPU.ActiveCfg = Release|Any CPU
		{FA322D0F-AB1E-429B-9267-C69A86C14FF1}.Release|Any CPU.Build.0 = Release|Any CPU
		{F9102788-2140-4A5F-970B-5CC507D21810}.Debug|Any CPU.ActiveCfg = Debug|Any CPU
		{F9102788-2140-4A5F-970B-5CC507D21810}.Debug|Any CPU.Build.0 = Debug|Any CPU
		{F9102788-2140-4A5F-970B-5CC507D21810}.Debug|Any CPU.Deploy.0 = Debug|Any CPU
		{F9102788-2140-4A5F-970B-5CC507D21810}.Release|Any CPU.ActiveCfg = Release|Any CPU
		{F9102788-2140-4A5F-970B-5CC507D21810}.Release|Any CPU.Build.0 = Release|Any CPU
		{F9102788-2140-4A5F-970B-5CC507D21810}.Release|Any CPU.Deploy.0 = Release|Any CPU
		{F36827D8-D7C8-470D-9CA0-D0C611F1E1CA}.Debug|Any CPU.ActiveCfg = Debug|Any CPU
		{F36827D8-D7C8-470D-9CA0-D0C611F1E1CA}.Debug|Any CPU.Build.0 = Debug|Any CPU
		{F36827D8-D7C8-470D-9CA0-D0C611F1E1CA}.Debug|Any CPU.Deploy.0 = Debug|Any CPU
		{F36827D8-D7C8-470D-9CA0-D0C611F1E1CA}.Release|Any CPU.ActiveCfg = Release|Any CPU
		{F36827D8-D7C8-470D-9CA0-D0C611F1E1CA}.Release|Any CPU.Build.0 = Release|Any CPU
		{F36827D8-D7C8-470D-9CA0-D0C611F1E1CA}.Release|Any CPU.Deploy.0 = Release|Any CPU
		{2DA8BD79-846C-4794-B932-31BE44386930}.Debug|Any CPU.ActiveCfg = Debug|Any CPU
		{2DA8BD79-846C-4794-B932-31BE44386930}.Debug|Any CPU.Build.0 = Debug|Any CPU
		{2DA8BD79-846C-4794-B932-31BE44386930}.Debug|Any CPU.Deploy.0 = Debug|Any CPU
		{2DA8BD79-846C-4794-B932-31BE44386930}.Release|Any CPU.ActiveCfg = Release|Any CPU
		{2DA8BD79-846C-4794-B932-31BE44386930}.Release|Any CPU.Build.0 = Release|Any CPU
		{2DA8BD79-846C-4794-B932-31BE44386930}.Release|Any CPU.Deploy.0 = Release|Any CPU
		{90ABEAD0-1EF1-46B1-92F8-4167C2952A84}.Debug|Any CPU.ActiveCfg = Debug|Any CPU
		{90ABEAD0-1EF1-46B1-92F8-4167C2952A84}.Debug|Any CPU.Build.0 = Debug|Any CPU
		{90ABEAD0-1EF1-46B1-92F8-4167C2952A84}.Debug|Any CPU.Deploy.0 = Debug|Any CPU
		{90ABEAD0-1EF1-46B1-92F8-4167C2952A84}.Release|Any CPU.ActiveCfg = Release|Any CPU
		{90ABEAD0-1EF1-46B1-92F8-4167C2952A84}.Release|Any CPU.Build.0 = Release|Any CPU
		{90ABEAD0-1EF1-46B1-92F8-4167C2952A84}.Release|Any CPU.Deploy.0 = Release|Any CPU
		{B7647997-F44A-4221-A67A-F494FA5CE696}.Debug|Any CPU.ActiveCfg = Debug|Any CPU
		{B7647997-F44A-4221-A67A-F494FA5CE696}.Debug|Any CPU.Build.0 = Debug|Any CPU
		{B7647997-F44A-4221-A67A-F494FA5CE696}.Debug|Any CPU.Deploy.0 = Debug|Any CPU
		{B7647997-F44A-4221-A67A-F494FA5CE696}.Release|Any CPU.ActiveCfg = Release|Any CPU
		{B7647997-F44A-4221-A67A-F494FA5CE696}.Release|Any CPU.Build.0 = Release|Any CPU
		{B7647997-F44A-4221-A67A-F494FA5CE696}.Release|Any CPU.Deploy.0 = Release|Any CPU
	EndGlobalSection
	GlobalSection(SolutionProperties) = preSolution
		HideSolutionNode = FALSE
	EndGlobalSection
	GlobalSection(ExtensibilityGlobals) = postSolution
		SolutionGuid = {23833106-1A40-4105-9674-C90843B23533}
	EndGlobalSection
EndGlobal
