
Microsoft Visual Studio Solution File, Format Version 12.00
# Visual Studio Version 17
VisualStudioVersion = 17.1.31911.260
MinimumVisualStudioVersion = 10.0.40219.1
Project("{9A19103F-16F7-4668-BE54-9A1E7A4F7556}") = "SimpleCaptureMB", "MAUI\SimpleCapture\SimpleCaptureMB.csproj", "{F9102788-2140-4A5F-970B-5CC507D21810}"
EndProject
Project("{9A19103F-16F7-4668-BE54-9A1E7A4F7556}") = "SimplePlayerMB", "MAUI\SimplePlayer\SimplePlayerMB.csproj", "{F36827D8-D7C8-470D-9CA0-D0C611F1E1CA}"
EndProject
Project("{9A19103F-16F7-4668-BE54-9A1E7A4F7556}") = "RTSPViewerMB", "MAUI\RTSPViewer\RTSPViewerMB.csproj", "{2DA8BD79-846C-4794-B932-31BE44386930}"
EndProject
Project("{9A19103F-16F7-4668-BE54-9A1E7A4F7556}") = "MobileStreamerMB", "MAUI\MobileStreamer\MobileStreamerMB.csproj", "{90ABEAD0-1EF1-46B1-92F8-4167C2952A84}"
EndProject
Project("{9A19103F-16F7-4668-BE54-9A1E7A4F7556}") = "ScreenCaptureMB", "MAUI\ScreenCaptureMB\ScreenCaptureMB.csproj", "{B7647997-F44A-4221-A67A-F494FA5CE696}"
EndProject
Project("{FAE04EC0-301F-11D3-BF4B-00C04F79EFBC}") = "HLSPlayerMB", "MAUI\HLS Player\HLSPlayerMB.csproj", "{D741B173-2E52-49CA-AA60-0678BE196F8A}"
EndProject
Project("{9A19103F-16F7-4668-BE54-9A1E7A4F7556}") = "NDIPlayerMB", "MAUI\NDIPlayer\NDIPlayerMB.csproj", "{AA75E520-55A3-43B6-BE91-99B4759B3CD7}"
EndProject
Project("{9A19103F-16F7-4668-BE54-9A1E7A4F7556}") = "VR360PlayerMB", "MAUI\VR360 Player\VR360PlayerMB.csproj", "{BA61DB2F-7CCE-4820-AEF0-A2AA420356BA}"
EndProject
Project("{9A19103F-16F7-4668-BE54-9A1E7A4F7556}") = "VideoOverlayRecorderMB", "MAUI\VideoOverlayRecorder\VideoOverlayRecorderMB.csproj", "{9D196BC1-ED3F-48A1-8ED9-8F7A1B2B71D6}"
EndProject
Project("{9A19103F-16F7-4668-BE54-9A1E7A4F7556}") = "LiveVideoCompositorMB", "MAUI\Live Video Compositor\LiveVideoCompositorMB.csproj", "{15CF233E-AB66-4D38-A63A-FB04A1BF5360}"
EndProject
Project("{2150E333-8FDC-42A3-9474-1A3956D46DE8}") = "MAUI", "MAUI", "{5358A8DD-221C-A68E-DDFB-CD91B98A505E}"
EndProject
Project("{9A19103F-16F7-4668-BE54-9A1E7A4F7556}") = "LiveSubtitlesMB", "MAUI\Live Subtitles MB\LiveSubtitlesMB.csproj", "{C3576E4C-A5AD-49BA-B115-E54F0587639C}"
EndProject
Project("{9A19103F-16F7-4668-BE54-9A1E7A4F7556}") = "OcrTextRecognitionMB", "MAUI\OCR Text Recognition MB\OcrTextRecognitionMB.csproj", "{7EF3BAB6-69EE-40DA-B403-E311856AF070}"
EndProject
Project("{9A19103F-16F7-4668-BE54-9A1E7A4F7556}") = "YoloObjectDetectionMB", "MAUI\YOLO Object Detection MB\YoloObjectDetectionMB.csproj", "{D3AC587E-9824-43DD-A78E-7EB04FF43E75}"
EndProject
Project("{9A19103F-16F7-4668-BE54-9A1E7A4F7556}") = "FaceRecognitionMB", "MAUI\Face Recognition MB\FaceRecognitionMB.csproj", "{027C9897-167A-4D7F-ADD7-69ADD1D98CF1}"
EndProject
Global
	GlobalSection(SolutionConfigurationPlatforms) = preSolution
		Debug|Any CPU = Debug|Any CPU
		Debug|x64 = Debug|x64
		Debug|x86 = Debug|x86
		Release|Any CPU = Release|Any CPU
		Release|x64 = Release|x64
		Release|x86 = Release|x86
	EndGlobalSection
	GlobalSection(ProjectConfigurationPlatforms) = postSolution
		{F9102788-2140-4A5F-970B-5CC507D21810}.Debug|Any CPU.ActiveCfg = Debug|Any CPU
		{F9102788-2140-4A5F-970B-5CC507D21810}.Debug|Any CPU.Build.0 = Debug|Any CPU
		{F9102788-2140-4A5F-970B-5CC507D21810}.Debug|Any CPU.Deploy.0 = Debug|Any CPU
		{F9102788-2140-4A5F-970B-5CC507D21810}.Debug|x64.ActiveCfg = Debug|Any CPU
		{F9102788-2140-4A5F-970B-5CC507D21810}.Debug|x64.Build.0 = Debug|Any CPU
		{F9102788-2140-4A5F-970B-5CC507D21810}.Debug|x86.ActiveCfg = Debug|Any CPU
		{F9102788-2140-4A5F-970B-5CC507D21810}.Debug|x86.Build.0 = Debug|Any CPU
		{F9102788-2140-4A5F-970B-5CC507D21810}.Release|Any CPU.ActiveCfg = Release|Any CPU
		{F9102788-2140-4A5F-970B-5CC507D21810}.Release|Any CPU.Build.0 = Release|Any CPU
		{F9102788-2140-4A5F-970B-5CC507D21810}.Release|Any CPU.Deploy.0 = Release|Any CPU
		{F9102788-2140-4A5F-970B-5CC507D21810}.Release|x64.ActiveCfg = Release|Any CPU
		{F9102788-2140-4A5F-970B-5CC507D21810}.Release|x64.Build.0 = Release|Any CPU
		{F9102788-2140-4A5F-970B-5CC507D21810}.Release|x86.ActiveCfg = Release|Any CPU
		{F9102788-2140-4A5F-970B-5CC507D21810}.Release|x86.Build.0 = Release|Any CPU
		{F36827D8-D7C8-470D-9CA0-D0C611F1E1CA}.Debug|Any CPU.ActiveCfg = Debug|Any CPU
		{F36827D8-D7C8-470D-9CA0-D0C611F1E1CA}.Debug|Any CPU.Build.0 = Debug|Any CPU
		{F36827D8-D7C8-470D-9CA0-D0C611F1E1CA}.Debug|Any CPU.Deploy.0 = Debug|Any CPU
		{F36827D8-D7C8-470D-9CA0-D0C611F1E1CA}.Debug|x64.ActiveCfg = Debug|Any CPU
		{F36827D8-D7C8-470D-9CA0-D0C611F1E1CA}.Debug|x64.Build.0 = Debug|Any CPU
		{F36827D8-D7C8-470D-9CA0-D0C611F1E1CA}.Debug|x86.ActiveCfg = Debug|Any CPU
		{F36827D8-D7C8-470D-9CA0-D0C611F1E1CA}.Debug|x86.Build.0 = Debug|Any CPU
		{F36827D8-D7C8-470D-9CA0-D0C611F1E1CA}.Release|Any CPU.ActiveCfg = Release|Any CPU
		{F36827D8-D7C8-470D-9CA0-D0C611F1E1CA}.Release|Any CPU.Build.0 = Release|Any CPU
		{F36827D8-D7C8-470D-9CA0-D0C611F1E1CA}.Release|Any CPU.Deploy.0 = Release|Any CPU
		{F36827D8-D7C8-470D-9CA0-D0C611F1E1CA}.Release|x64.ActiveCfg = Release|Any CPU
		{F36827D8-D7C8-470D-9CA0-D0C611F1E1CA}.Release|x64.Build.0 = Release|Any CPU
		{F36827D8-D7C8-470D-9CA0-D0C611F1E1CA}.Release|x86.ActiveCfg = Release|Any CPU
		{F36827D8-D7C8-470D-9CA0-D0C611F1E1CA}.Release|x86.Build.0 = Release|Any CPU
		{2DA8BD79-846C-4794-B932-31BE44386930}.Debug|Any CPU.ActiveCfg = Debug|Any CPU
		{2DA8BD79-846C-4794-B932-31BE44386930}.Debug|Any CPU.Build.0 = Debug|Any CPU
		{2DA8BD79-846C-4794-B932-31BE44386930}.Debug|Any CPU.Deploy.0 = Debug|Any CPU
		{2DA8BD79-846C-4794-B932-31BE44386930}.Debug|x64.ActiveCfg = Debug|Any CPU
		{2DA8BD79-846C-4794-B932-31BE44386930}.Debug|x64.Build.0 = Debug|Any CPU
		{2DA8BD79-846C-4794-B932-31BE44386930}.Debug|x86.ActiveCfg = Debug|Any CPU
		{2DA8BD79-846C-4794-B932-31BE44386930}.Debug|x86.Build.0 = Debug|Any CPU
		{2DA8BD79-846C-4794-B932-31BE44386930}.Release|Any CPU.ActiveCfg = Release|Any CPU
		{2DA8BD79-846C-4794-B932-31BE44386930}.Release|Any CPU.Build.0 = Release|Any CPU
		{2DA8BD79-846C-4794-B932-31BE44386930}.Release|Any CPU.Deploy.0 = Release|Any CPU
		{2DA8BD79-846C-4794-B932-31BE44386930}.Release|x64.ActiveCfg = Release|Any CPU
		{2DA8BD79-846C-4794-B932-31BE44386930}.Release|x64.Build.0 = Release|Any CPU
		{2DA8BD79-846C-4794-B932-31BE44386930}.Release|x86.ActiveCfg = Release|Any CPU
		{2DA8BD79-846C-4794-B932-31BE44386930}.Release|x86.Build.0 = Release|Any CPU
		{90ABEAD0-1EF1-46B1-92F8-4167C2952A84}.Debug|Any CPU.ActiveCfg = Debug|Any CPU
		{90ABEAD0-1EF1-46B1-92F8-4167C2952A84}.Debug|Any CPU.Build.0 = Debug|Any CPU
		{90ABEAD0-1EF1-46B1-92F8-4167C2952A84}.Debug|Any CPU.Deploy.0 = Debug|Any CPU
		{90ABEAD0-1EF1-46B1-92F8-4167C2952A84}.Debug|x64.ActiveCfg = Debug|Any CPU
		{90ABEAD0-1EF1-46B1-92F8-4167C2952A84}.Debug|x64.Build.0 = Debug|Any CPU
		{90ABEAD0-1EF1-46B1-92F8-4167C2952A84}.Debug|x86.ActiveCfg = Debug|Any CPU
		{90ABEAD0-1EF1-46B1-92F8-4167C2952A84}.Debug|x86.Build.0 = Debug|Any CPU
		{90ABEAD0-1EF1-46B1-92F8-4167C2952A84}.Release|Any CPU.ActiveCfg = Release|Any CPU
		{90ABEAD0-1EF1-46B1-92F8-4167C2952A84}.Release|Any CPU.Build.0 = Release|Any CPU
		{90ABEAD0-1EF1-46B1-92F8-4167C2952A84}.Release|Any CPU.Deploy.0 = Release|Any CPU
		{90ABEAD0-1EF1-46B1-92F8-4167C2952A84}.Release|x64.ActiveCfg = Release|Any CPU
		{90ABEAD0-1EF1-46B1-92F8-4167C2952A84}.Release|x64.Build.0 = Release|Any CPU
		{90ABEAD0-1EF1-46B1-92F8-4167C2952A84}.Release|x86.ActiveCfg = Release|Any CPU
		{90ABEAD0-1EF1-46B1-92F8-4167C2952A84}.Release|x86.Build.0 = Release|Any CPU
		{B7647997-F44A-4221-A67A-F494FA5CE696}.Debug|Any CPU.ActiveCfg = Debug|Any CPU
		{B7647997-F44A-4221-A67A-F494FA5CE696}.Debug|Any CPU.Build.0 = Debug|Any CPU
		{B7647997-F44A-4221-A67A-F494FA5CE696}.Debug|Any CPU.Deploy.0 = Debug|Any CPU
		{B7647997-F44A-4221-A67A-F494FA5CE696}.Debug|x64.ActiveCfg = Debug|Any CPU
		{B7647997-F44A-4221-A67A-F494FA5CE696}.Debug|x64.Build.0 = Debug|Any CPU
		{B7647997-F44A-4221-A67A-F494FA5CE696}.Debug|x86.ActiveCfg = Debug|Any CPU
		{B7647997-F44A-4221-A67A-F494FA5CE696}.Debug|x86.Build.0 = Debug|Any CPU
		{B7647997-F44A-4221-A67A-F494FA5CE696}.Release|Any CPU.ActiveCfg = Release|Any CPU
		{B7647997-F44A-4221-A67A-F494FA5CE696}.Release|Any CPU.Build.0 = Release|Any CPU
		{B7647997-F44A-4221-A67A-F494FA5CE696}.Release|Any CPU.Deploy.0 = Release|Any CPU
		{B7647997-F44A-4221-A67A-F494FA5CE696}.Release|x64.ActiveCfg = Release|Any CPU
		{B7647997-F44A-4221-A67A-F494FA5CE696}.Release|x64.Build.0 = Release|Any CPU
		{B7647997-F44A-4221-A67A-F494FA5CE696}.Release|x86.ActiveCfg = Release|Any CPU
		{B7647997-F44A-4221-A67A-F494FA5CE696}.Release|x86.Build.0 = Release|Any CPU
		{D741B173-2E52-49CA-AA60-0678BE196F8A}.Debug|Any CPU.ActiveCfg = Debug|Any CPU
		{D741B173-2E52-49CA-AA60-0678BE196F8A}.Debug|Any CPU.Build.0 = Debug|Any CPU
		{D741B173-2E52-49CA-AA60-0678BE196F8A}.Debug|x64.ActiveCfg = Debug|Any CPU
		{D741B173-2E52-49CA-AA60-0678BE196F8A}.Debug|x64.Build.0 = Debug|Any CPU
		{D741B173-2E52-49CA-AA60-0678BE196F8A}.Debug|x86.ActiveCfg = Debug|Any CPU
		{D741B173-2E52-49CA-AA60-0678BE196F8A}.Debug|x86.Build.0 = Debug|Any CPU
		{D741B173-2E52-49CA-AA60-0678BE196F8A}.Release|Any CPU.ActiveCfg = Release|Any CPU
		{D741B173-2E52-49CA-AA60-0678BE196F8A}.Release|Any CPU.Build.0 = Release|Any CPU
		{D741B173-2E52-49CA-AA60-0678BE196F8A}.Release|x64.ActiveCfg = Release|Any CPU
		{D741B173-2E52-49CA-AA60-0678BE196F8A}.Release|x64.Build.0 = Release|Any CPU
		{D741B173-2E52-49CA-AA60-0678BE196F8A}.Release|x86.ActiveCfg = Release|Any CPU
		{D741B173-2E52-49CA-AA60-0678BE196F8A}.Release|x86.Build.0 = Release|Any CPU
		{AA75E520-55A3-43B6-BE91-99B4759B3CD7}.Debug|Any CPU.ActiveCfg = Debug|Any CPU
		{AA75E520-55A3-43B6-BE91-99B4759B3CD7}.Debug|Any CPU.Build.0 = Debug|Any CPU
		{AA75E520-55A3-43B6-BE91-99B4759B3CD7}.Debug|Any CPU.Deploy.0 = Debug|Any CPU
		{AA75E520-55A3-43B6-BE91-99B4759B3CD7}.Debug|x64.ActiveCfg = Debug|Any CPU
		{AA75E520-55A3-43B6-BE91-99B4759B3CD7}.Debug|x64.Build.0 = Debug|Any CPU
		{AA75E520-55A3-43B6-BE91-99B4759B3CD7}.Debug|x86.ActiveCfg = Debug|Any CPU
		{AA75E520-55A3-43B6-BE91-99B4759B3CD7}.Debug|x86.Build.0 = Debug|Any CPU
		{AA75E520-55A3-43B6-BE91-99B4759B3CD7}.Release|Any CPU.ActiveCfg = Release|Any CPU
		{AA75E520-55A3-43B6-BE91-99B4759B3CD7}.Release|Any CPU.Build.0 = Release|Any CPU
		{AA75E520-55A3-43B6-BE91-99B4759B3CD7}.Release|Any CPU.Deploy.0 = Release|Any CPU
		{AA75E520-55A3-43B6-BE91-99B4759B3CD7}.Release|x64.ActiveCfg = Release|Any CPU
		{AA75E520-55A3-43B6-BE91-99B4759B3CD7}.Release|x64.Build.0 = Release|Any CPU
		{AA75E520-55A3-43B6-BE91-99B4759B3CD7}.Release|x86.ActiveCfg = Release|Any CPU
		{AA75E520-55A3-43B6-BE91-99B4759B3CD7}.Release|x86.Build.0 = Release|Any CPU
		{BA61DB2F-7CCE-4820-AEF0-A2AA420356BA}.Debug|Any CPU.ActiveCfg = Debug|Any CPU
		{BA61DB2F-7CCE-4820-AEF0-A2AA420356BA}.Debug|Any CPU.Build.0 = Debug|Any CPU
		{BA61DB2F-7CCE-4820-AEF0-A2AA420356BA}.Debug|Any CPU.Deploy.0 = Debug|Any CPU
		{BA61DB2F-7CCE-4820-AEF0-A2AA420356BA}.Debug|x64.ActiveCfg = Debug|Any CPU
		{BA61DB2F-7CCE-4820-AEF0-A2AA420356BA}.Debug|x64.Build.0 = Debug|Any CPU
		{BA61DB2F-7CCE-4820-AEF0-A2AA420356BA}.Debug|x86.ActiveCfg = Debug|Any CPU
		{BA61DB2F-7CCE-4820-AEF0-A2AA420356BA}.Debug|x86.Build.0 = Debug|Any CPU
		{BA61DB2F-7CCE-4820-AEF0-A2AA420356BA}.Release|Any CPU.ActiveCfg = Release|Any CPU
		{BA61DB2F-7CCE-4820-AEF0-A2AA420356BA}.Release|Any CPU.Build.0 = Release|Any CPU
		{BA61DB2F-7CCE-4820-AEF0-A2AA420356BA}.Release|Any CPU.Deploy.0 = Release|Any CPU
		{BA61DB2F-7CCE-4820-AEF0-A2AA420356BA}.Release|x64.ActiveCfg = Release|Any CPU
		{BA61DB2F-7CCE-4820-AEF0-A2AA420356BA}.Release|x64.Build.0 = Release|Any CPU
		{BA61DB2F-7CCE-4820-AEF0-A2AA420356BA}.Release|x86.ActiveCfg = Release|Any CPU
		{BA61DB2F-7CCE-4820-AEF0-A2AA420356BA}.Release|x86.Build.0 = Release|Any CPU
		{9D196BC1-ED3F-48A1-8ED9-8F7A1B2B71D6}.Debug|Any CPU.ActiveCfg = Debug|Any CPU
		{9D196BC1-ED3F-48A1-8ED9-8F7A1B2B71D6}.Debug|Any CPU.Build.0 = Debug|Any CPU
		{9D196BC1-ED3F-48A1-8ED9-8F7A1B2B71D6}.Debug|Any CPU.Deploy.0 = Debug|Any CPU
		{9D196BC1-ED3F-48A1-8ED9-8F7A1B2B71D6}.Debug|x64.ActiveCfg = Debug|Any CPU
		{9D196BC1-ED3F-48A1-8ED9-8F7A1B2B71D6}.Debug|x64.Build.0 = Debug|Any CPU
		{9D196BC1-ED3F-48A1-8ED9-8F7A1B2B71D6}.Debug|x86.ActiveCfg = Debug|Any CPU
		{9D196BC1-ED3F-48A1-8ED9-8F7A1B2B71D6}.Debug|x86.Build.0 = Debug|Any CPU
		{9D196BC1-ED3F-48A1-8ED9-8F7A1B2B71D6}.Release|Any CPU.ActiveCfg = Release|Any CPU
		{9D196BC1-ED3F-48A1-8ED9-8F7A1B2B71D6}.Release|Any CPU.Build.0 = Release|Any CPU
		{9D196BC1-ED3F-48A1-8ED9-8F7A1B2B71D6}.Release|Any CPU.Deploy.0 = Release|Any CPU
		{9D196BC1-ED3F-48A1-8ED9-8F7A1B2B71D6}.Release|x64.ActiveCfg = Release|Any CPU
		{9D196BC1-ED3F-48A1-8ED9-8F7A1B2B71D6}.Release|x64.Build.0 = Release|Any CPU
		{9D196BC1-ED3F-48A1-8ED9-8F7A1B2B71D6}.Release|x86.ActiveCfg = Release|Any CPU
		{9D196BC1-ED3F-48A1-8ED9-8F7A1B2B71D6}.Release|x86.Build.0 = Release|Any CPU
		{15CF233E-AB66-4D38-A63A-FB04A1BF5360}.Debug|Any CPU.ActiveCfg = Debug|Any CPU
		{15CF233E-AB66-4D38-A63A-FB04A1BF5360}.Debug|Any CPU.Build.0 = Debug|Any CPU
		{15CF233E-AB66-4D38-A63A-FB04A1BF5360}.Debug|Any CPU.Deploy.0 = Debug|Any CPU
		{15CF233E-AB66-4D38-A63A-FB04A1BF5360}.Debug|x64.ActiveCfg = Debug|Any CPU
		{15CF233E-AB66-4D38-A63A-FB04A1BF5360}.Debug|x64.Build.0 = Debug|Any CPU
		{15CF233E-AB66-4D38-A63A-FB04A1BF5360}.Debug|x86.ActiveCfg = Debug|Any CPU
		{15CF233E-AB66-4D38-A63A-FB04A1BF5360}.Debug|x86.Build.0 = Debug|Any CPU
		{15CF233E-AB66-4D38-A63A-FB04A1BF5360}.Release|Any CPU.ActiveCfg = Release|Any CPU
		{15CF233E-AB66-4D38-A63A-FB04A1BF5360}.Release|Any CPU.Build.0 = Release|Any CPU
		{15CF233E-AB66-4D38-A63A-FB04A1BF5360}.Release|Any CPU.Deploy.0 = Release|Any CPU
		{15CF233E-AB66-4D38-A63A-FB04A1BF5360}.Release|x64.ActiveCfg = Release|Any CPU
		{15CF233E-AB66-4D38-A63A-FB04A1BF5360}.Release|x64.Build.0 = Release|Any CPU
		{15CF233E-AB66-4D38-A63A-FB04A1BF5360}.Release|x86.ActiveCfg = Release|Any CPU
		{15CF233E-AB66-4D38-A63A-FB04A1BF5360}.Release|x86.Build.0 = Release|Any CPU
		{C3576E4C-A5AD-49BA-B115-E54F0587639C}.Debug|Any CPU.ActiveCfg = Debug|Any CPU
		{C3576E4C-A5AD-49BA-B115-E54F0587639C}.Debug|Any CPU.Build.0 = Debug|Any CPU
		{C3576E4C-A5AD-49BA-B115-E54F0587639C}.Debug|x64.ActiveCfg = Debug|Any CPU
		{C3576E4C-A5AD-49BA-B115-E54F0587639C}.Debug|x64.Build.0 = Debug|Any CPU
		{C3576E4C-A5AD-49BA-B115-E54F0587639C}.Debug|x86.ActiveCfg = Debug|Any CPU
		{C3576E4C-A5AD-49BA-B115-E54F0587639C}.Debug|x86.Build.0 = Debug|Any CPU
		{C3576E4C-A5AD-49BA-B115-E54F0587639C}.Release|Any CPU.ActiveCfg = Release|Any CPU
		{C3576E4C-A5AD-49BA-B115-E54F0587639C}.Release|Any CPU.Build.0 = Release|Any CPU
		{C3576E4C-A5AD-49BA-B115-E54F0587639C}.Release|x64.ActiveCfg = Release|Any CPU
		{C3576E4C-A5AD-49BA-B115-E54F0587639C}.Release|x64.Build.0 = Release|Any CPU
		{C3576E4C-A5AD-49BA-B115-E54F0587639C}.Release|x86.ActiveCfg = Release|Any CPU
		{C3576E4C-A5AD-49BA-B115-E54F0587639C}.Release|x86.Build.0 = Release|Any CPU
		{7EF3BAB6-69EE-40DA-B403-E311856AF070}.Debug|Any CPU.ActiveCfg = Debug|Any CPU
		{7EF3BAB6-69EE-40DA-B403-E311856AF070}.Debug|Any CPU.Build.0 = Debug|Any CPU
		{7EF3BAB6-69EE-40DA-B403-E311856AF070}.Debug|x64.ActiveCfg = Debug|Any CPU
		{7EF3BAB6-69EE-40DA-B403-E311856AF070}.Debug|x64.Build.0 = Debug|Any CPU
		{7EF3BAB6-69EE-40DA-B403-E311856AF070}.Debug|x86.ActiveCfg = Debug|Any CPU
		{7EF3BAB6-69EE-40DA-B403-E311856AF070}.Debug|x86.Build.0 = Debug|Any CPU
		{7EF3BAB6-69EE-40DA-B403-E311856AF070}.Release|Any CPU.ActiveCfg = Release|Any CPU
		{7EF3BAB6-69EE-40DA-B403-E311856AF070}.Release|Any CPU.Build.0 = Release|Any CPU
		{7EF3BAB6-69EE-40DA-B403-E311856AF070}.Release|x64.ActiveCfg = Release|Any CPU
		{7EF3BAB6-69EE-40DA-B403-E311856AF070}.Release|x64.Build.0 = Release|Any CPU
		{7EF3BAB6-69EE-40DA-B403-E311856AF070}.Release|x86.ActiveCfg = Release|Any CPU
		{7EF3BAB6-69EE-40DA-B403-E311856AF070}.Release|x86.Build.0 = Release|Any CPU
		{D3AC587E-9824-43DD-A78E-7EB04FF43E75}.Debug|Any CPU.ActiveCfg = Debug|Any CPU
		{D3AC587E-9824-43DD-A78E-7EB04FF43E75}.Debug|Any CPU.Build.0 = Debug|Any CPU
		{D3AC587E-9824-43DD-A78E-7EB04FF43E75}.Debug|x64.ActiveCfg = Debug|Any CPU
		{D3AC587E-9824-43DD-A78E-7EB04FF43E75}.Debug|x64.Build.0 = Debug|Any CPU
		{D3AC587E-9824-43DD-A78E-7EB04FF43E75}.Debug|x86.ActiveCfg = Debug|Any CPU
		{D3AC587E-9824-43DD-A78E-7EB04FF43E75}.Debug|x86.Build.0 = Debug|Any CPU
		{D3AC587E-9824-43DD-A78E-7EB04FF43E75}.Release|Any CPU.ActiveCfg = Release|Any CPU
		{D3AC587E-9824-43DD-A78E-7EB04FF43E75}.Release|Any CPU.Build.0 = Release|Any CPU
		{D3AC587E-9824-43DD-A78E-7EB04FF43E75}.Release|x64.ActiveCfg = Release|Any CPU
		{D3AC587E-9824-43DD-A78E-7EB04FF43E75}.Release|x64.Build.0 = Release|Any CPU
		{D3AC587E-9824-43DD-A78E-7EB04FF43E75}.Release|x86.ActiveCfg = Release|Any CPU
		{D3AC587E-9824-43DD-A78E-7EB04FF43E75}.Release|x86.Build.0 = Release|Any CPU
		{027C9897-167A-4D7F-ADD7-69ADD1D98CF1}.Debug|Any CPU.ActiveCfg = Debug|Any CPU
		{027C9897-167A-4D7F-ADD7-69ADD1D98CF1}.Debug|Any CPU.Build.0 = Debug|Any CPU
		{027C9897-167A-4D7F-ADD7-69ADD1D98CF1}.Debug|x64.ActiveCfg = Debug|Any CPU
		{027C9897-167A-4D7F-ADD7-69ADD1D98CF1}.Debug|x64.Build.0 = Debug|Any CPU
		{027C9897-167A-4D7F-ADD7-69ADD1D98CF1}.Debug|x86.ActiveCfg = Debug|Any CPU
		{027C9897-167A-4D7F-ADD7-69ADD1D98CF1}.Debug|x86.Build.0 = Debug|Any CPU
		{027C9897-167A-4D7F-ADD7-69ADD1D98CF1}.Release|Any CPU.ActiveCfg = Release|Any CPU
		{027C9897-167A-4D7F-ADD7-69ADD1D98CF1}.Release|Any CPU.Build.0 = Release|Any CPU
		{027C9897-167A-4D7F-ADD7-69ADD1D98CF1}.Release|x64.ActiveCfg = Release|Any CPU
		{027C9897-167A-4D7F-ADD7-69ADD1D98CF1}.Release|x64.Build.0 = Release|Any CPU
		{027C9897-167A-4D7F-ADD7-69ADD1D98CF1}.Release|x86.ActiveCfg = Release|Any CPU
		{027C9897-167A-4D7F-ADD7-69ADD1D98CF1}.Release|x86.Build.0 = Release|Any CPU
	EndGlobalSection
	GlobalSection(SolutionProperties) = preSolution
		HideSolutionNode = FALSE
	EndGlobalSection
	GlobalSection(NestedProjects) = preSolution
		{C3576E4C-A5AD-49BA-B115-E54F0587639C} = {5358A8DD-221C-A68E-DDFB-CD91B98A505E}
		{7EF3BAB6-69EE-40DA-B403-E311856AF070} = {5358A8DD-221C-A68E-DDFB-CD91B98A505E}
		{D3AC587E-9824-43DD-A78E-7EB04FF43E75} = {5358A8DD-221C-A68E-DDFB-CD91B98A505E}
		{027C9897-167A-4D7F-ADD7-69ADD1D98CF1} = {5358A8DD-221C-A68E-DDFB-CD91B98A505E}
	EndGlobalSection
	GlobalSection(ExtensibilityGlobals) = postSolution
		SolutionGuid = {23833106-1A40-4105-9674-C90843B23533}
	EndGlobalSection
EndGlobal
