
Microsoft Visual Studio Solution File, Format Version 12.00
# Visual Studio Version 17
VisualStudioVersion = 17.1.32421.90
MinimumVisualStudioVersion = 10.0.40219.1
Project("{2150E333-8FDC-42A3-9474-1A3956D46DE8}") = "WinForms", "WinForms", "{743796DD-6F87-4CD9-8419-0B8CE16B4CB9}"
EndProject
Project("{9A19103F-16F7-4668-BE54-9A1E7A4F7556}") = "RTSP MultiView Demo (NuGet) netcore31", "WinForms\CSharp\RTSP MultiView Demo\RTSP MultiView Demo (NuGet) netcore31.csproj", "{D40B33B4-2368-43DA-AA77-216C6644A7D1}"
EndProject
Project("{9A19103F-16F7-4668-BE54-9A1E7A4F7556}") = "Simple Video Capture Demo (NuGet) netcore31", "WinForms\CSharp\Simple Video Capture Demo\Simple Video Capture Demo (NuGet) netcore31.csproj", "{5832B48F-FF26-4644-A309-07624418D498}"
EndProject
Project("{9A19103F-16F7-4668-BE54-9A1E7A4F7556}") = "Video Mixer Demo (NuGet) netcore31", "WinForms\CSharp\Video Mixer Demo\Video Mixer Demo (NuGet) netcore31.csproj", "{BBCC02E9-FDF0-4C1F-8968-38E4EC8D0112}"
EndProject
Global
	GlobalSection(SolutionConfigurationPlatforms) = preSolution
		Debug|Any CPU = Debug|Any CPU
		Release|Any CPU = Release|Any CPU
	EndGlobalSection
	GlobalSection(ProjectConfigurationPlatforms) = postSolution
		{D40B33B4-2368-43DA-AA77-216C6644A7D1}.Debug|Any CPU.ActiveCfg = Debug|Any CPU
		{D40B33B4-2368-43DA-AA77-216C6644A7D1}.Debug|Any CPU.Build.0 = Debug|Any CPU
		{D40B33B4-2368-43DA-AA77-216C6644A7D1}.Release|Any CPU.ActiveCfg = Release|Any CPU
		{D40B33B4-2368-43DA-AA77-216C6644A7D1}.Release|Any CPU.Build.0 = Release|Any CPU
		{5832B48F-FF26-4644-A309-07624418D498}.Debug|Any CPU.ActiveCfg = Debug|Any CPU
		{5832B48F-FF26-4644-A309-07624418D498}.Debug|Any CPU.Build.0 = Debug|Any CPU
		{5832B48F-FF26-4644-A309-07624418D498}.Release|Any CPU.ActiveCfg = Release|Any CPU
		{5832B48F-FF26-4644-A309-07624418D498}.Release|Any CPU.Build.0 = Release|Any CPU
		{BBCC02E9-FDF0-4C1F-8968-38E4EC8D0112}.Debug|Any CPU.ActiveCfg = Debug|Any CPU
		{BBCC02E9-FDF0-4C1F-8968-38E4EC8D0112}.Debug|Any CPU.Build.0 = Debug|Any CPU
		{BBCC02E9-FDF0-4C1F-8968-38E4EC8D0112}.Release|Any CPU.ActiveCfg = Release|Any CPU
		{BBCC02E9-FDF0-4C1F-8968-38E4EC8D0112}.Release|Any CPU.Build.0 = Release|Any CPU
	EndGlobalSection
	GlobalSection(SolutionProperties) = preSolution
		HideSolutionNode = FALSE
	EndGlobalSection
	GlobalSection(NestedProjects) = preSolution
		{D40B33B4-2368-43DA-AA77-216C6644A7D1} = {743796DD-6F87-4CD9-8419-0B8CE16B4CB9}
		{5832B48F-FF26-4644-A309-07624418D498} = {743796DD-6F87-4CD9-8419-0B8CE16B4CB9}
		{BBCC02E9-FDF0-4C1F-8968-38E4EC8D0112} = {743796DD-6F87-4CD9-8419-0B8CE16B4CB9}
	EndGlobalSection
	GlobalSection(ExtensibilityGlobals) = postSolution
		SolutionGuid = {421FE47D-FE2B-4EF3-A888-EC10030B8DBE}
	EndGlobalSection
EndGlobal
