
Microsoft Visual Studio Solution File, Format Version 12.00
# Visual Studio Version 17
VisualStudioVersion = 17.1.32421.90
MinimumVisualStudioVersion = 10.0.40219.1
Project("{2150E333-8FDC-42A3-9474-1A3956D46DE8}") = "WinForms", "WinForms", "{743796DD-6F87-4CD9-8419-0B8CE16B4CB9}"
EndProject
Project("{9A19103F-16F7-4668-BE54-9A1E7A4F7556}") = "RTSP MultiView Demo netcore31", "WinForms\CSharp\RTSP MultiView Demo\RTSP MultiView Demo netcore31.csproj", "{F7091D0A-A938-4B87-AAA9-F96E09B2DEAD}"
EndProject
Project("{9A19103F-16F7-4668-BE54-9A1E7A4F7556}") = "Simple Video Capture Demo netcore31", "WinForms\CSharp\Simple Video Capture Demo\Simple Video Capture Demo netcore31.csproj", "{FC83BB69-5D99-4743-B40D-3D5BF1AAACA9}"
EndProject
Project("{9A19103F-16F7-4668-BE54-9A1E7A4F7556}") = "Video Mixer Demo netcore31", "WinForms\CSharp\Video Mixer Demo\Video Mixer Demo netcore31.csproj", "{AD145212-3297-4271-81AC-72B703FC4894}"
EndProject
Project("{9A19103F-16F7-4668-BE54-9A1E7A4F7556}") = "Simple Player Demo netcore31", "WinForms\CSharp\Simple Player Demo\Simple Player Demo netcore31.csproj", "{599FDF28-7930-49EB-9B57-6417B64274AA}"
EndProject
Project("{9A19103F-16F7-4668-BE54-9A1E7A4F7556}") = "Memory Player Demo netcore31", "WinForms\CSharp\Memory Player Demo\Memory Player Demo netcore31.csproj", "{323B0BC0-334C-445C-89B9-7E0DB79F577E}"
EndProject
Project("{2150E333-8FDC-42A3-9474-1A3956D46DE8}") = "WPF", "WPF", "{ADBE7D51-E255-42D4-A4A9-77901508B53D}"
EndProject
Project("{9A19103F-16F7-4668-BE54-9A1E7A4F7556}") = "Screen Capture MB WPF netcore31", "WPF\CSharp\Screen Capture\Screen Capture MB WPF netcore31.csproj", "{FFFE6E1C-B1EE-4582-85BB-7B9D666250A4}"
EndProject
Project("{9A19103F-16F7-4668-BE54-9A1E7A4F7556}") = "Simple Video Capture Demo MB WPF netcore31", "WPF\CSharp\Simple Capture Demo\Simple Video Capture Demo MB WPF netcore31.csproj", "{FFB94201-E558-4098-A438-6ECF75D2C9E0}"
EndProject
Project("{9A19103F-16F7-4668-BE54-9A1E7A4F7556}") = "Simple Player Demo MB WPF netcore31", "WPF\CSharp\Simple Player Demo WPF\Simple Player Demo MB WPF netcore31.csproj", "{DD36B157-C425-4F67-A363-373ED414DF88}"
EndProject
Project("{9A19103F-16F7-4668-BE54-9A1E7A4F7556}") = "Decklink MB Demo netcore31", "WPF\CSharp\Decklink Demo\Decklink MB Demo netcore31.csproj", "{853CA3F0-1A5D-45A9-AA90-6C27170D881E}"
EndProject
Project("{9A19103F-16F7-4668-BE54-9A1E7A4F7556}") = "Social Networks Streamer Demo MB netcore31", "WPF\CSharp\Social Networks Streamer Demo\Social Networks Streamer Demo MB netcore31.csproj", "{B82B653D-4E2B-40CD-9C63-58DEF617CBD0}"
EndProject
Project("{9A19103F-16F7-4668-BE54-9A1E7A4F7556}") = "Video Compositor Demo netcore31", "WPF\CSharp\Video Compositor Demo\Video Compositor Demo netcore31.csproj", "{C3F461D0-9F4D-4B1F-9956-884665B1B652}"
EndProject
Project("{9A19103F-16F7-4668-BE54-9A1E7A4F7556}") = "Face Detector Live netcore31", "WPF\CSharp\Face Detector Live\Face Detector Live netcore31.csproj", "{CBA4A447-8489-430F-A5DC-F5EC658D556D}"
EndProject
Project("{9A19103F-16F7-4668-BE54-9A1E7A4F7556}") = "Live Video Compositor Demo netcore31", "WPF\CSharp\Live Video Compositor Demo\Live Video Compositor Demo netcore31.csproj", "{36A413B0-AF2C-4AA3-960D-BC5D165BC1AD}"
EndProject
Project("{9A19103F-16F7-4668-BE54-9A1E7A4F7556}") = "KLV Demo netcore31", "WPF\CSharp\KLV Demo\KLV Demo netcore31.csproj", "{5FCDD2C8-B102-4F8D-BA36-CA9A954B1A93}"
EndProject
Project("{9A19103F-16F7-4668-BE54-9A1E7A4F7556}") = "VNC Source Demo netcore31", "WPF\CSharp\VNC Source Demo\VNC Source Demo netcore31.csproj", "{E2896641-00F8-47FB-99AA-8104725F31B3}"
EndProject
Project("{9A19103F-16F7-4668-BE54-9A1E7A4F7556}") = "Karaoke Demo MB netcore31", "WinForms\CSharp\Karaoke Demo\Karaoke Demo MB netcore31.csproj", "{08094339-258E-4B6F-8845-3340E00CD971}"
EndProject
Project("{9A19103F-16F7-4668-BE54-9A1E7A4F7556}") = "NDI Source Demo netcore31", "WPF\CSharp\NDI Source Demo\NDI Source Demo netcore31.csproj", "{341299FF-FB46-4473-B902-31C700F1EFB3}"
EndProject
Project("{9A19103F-16F7-4668-BE54-9A1E7A4F7556}") = "Overlay Manager Demo netcore31", "WPF\CSharp\Overlay Manager Demo\Overlay Manager Demo netcore31.csproj", "{3BE709C8-66F4-4F45-A30D-21344CB6BCD2}"
EndProject
Project("{9A19103F-16F7-4668-BE54-9A1E7A4F7556}") = "Simple Player Core Demo netcore31", "WPF\CSharp\Simple Player Core Demo\Simple Player Core Demo netcore31.csproj", "{80AC544C-310C-4EA2-BA49-CEE632768DED}"
EndProject
Project("{9A19103F-16F7-4668-BE54-9A1E7A4F7556}") = "HTTP MJPEG Source Demo netcore31", "WPF\CSharp\HTTP MJPEG Source Demo\HTTP MJPEG Source Demo netcore31.csproj", "{1CE9ADAD-230C-4AA0-9ECA-07A365605ED4}"
EndProject
Project("{9A19103F-16F7-4668-BE54-9A1E7A4F7556}") = "USB3V-GigE Spinnaker netcore31", "WPF\CSharp\USB3V-GigE Spinnaker\USB3V-GigE Spinnaker netcore31.csproj", "{38574086-7DAE-49DF-9327-09D78B02D33E}"
EndProject
Project("{9A19103F-16F7-4668-BE54-9A1E7A4F7556}") = "GenICam Source Demo netcore31", "WPF\CSharp\GenICam Source Demo\GenICam Source Demo netcore31.csproj", "{C53F1F95-A799-4060-AC46-336E95B69C4C}"
EndProject
Project("{9A19103F-16F7-4668-BE54-9A1E7A4F7556}") = "RTSP MultiViewSync Demo netcore31", "WPF\CSharp\RTSP MultiViewSync Demo\RTSP MultiViewSync Demo netcore31.csproj", "{A59BECEE-36D0-48FD-A81B-FDE6C3E3970C}"
EndProject
Project("{9A19103F-16F7-4668-BE54-9A1E7A4F7556}") = "Basler Source Demo netcore31", "WPF\CSharp\Basler Source Demo\Basler Source Demo netcore31.csproj", "{4AADA3D3-9B34-431C-9C73-23F0A9196D50}"
EndProject
Project("{9A19103F-16F7-4668-BE54-9A1E7A4F7556}") = "AlliedVision Source Demo netcore31", "WPF\CSharp\AlliedVision Source Demo\AlliedVision Source Demo netcore31.csproj", "{4E1F869D-9FA5-4D7B-B8B9-B1BAD5AE9612}"
EndProject
Project("{9A19103F-16F7-4668-BE54-9A1E7A4F7556}") = "Decklink MultiOutput netcore31", "WPF\CSharp\Decklink MultiOutput\Decklink MultiOutput netcore31.csproj", "{5DB2C71E-DB8F-4ECD-BD5D-F4361A4813D4}"
EndProject
Global
	GlobalSection(SolutionConfigurationPlatforms) = preSolution
		Debug|Any CPU = Debug|Any CPU
		Release|Any CPU = Release|Any CPU
	EndGlobalSection
	GlobalSection(ProjectConfigurationPlatforms) = postSolution
		{F7091D0A-A938-4B87-AAA9-F96E09B2DEAD}.Debug|Any CPU.ActiveCfg = Debug|Any CPU
		{F7091D0A-A938-4B87-AAA9-F96E09B2DEAD}.Debug|Any CPU.Build.0 = Debug|Any CPU
		{F7091D0A-A938-4B87-AAA9-F96E09B2DEAD}.Release|Any CPU.ActiveCfg = Release|Any CPU
		{F7091D0A-A938-4B87-AAA9-F96E09B2DEAD}.Release|Any CPU.Build.0 = Release|Any CPU
		{FC83BB69-5D99-4743-B40D-3D5BF1AAACA9}.Debug|Any CPU.ActiveCfg = Debug|Any CPU
		{FC83BB69-5D99-4743-B40D-3D5BF1AAACA9}.Debug|Any CPU.Build.0 = Debug|Any CPU
		{FC83BB69-5D99-4743-B40D-3D5BF1AAACA9}.Release|Any CPU.ActiveCfg = Release|Any CPU
		{FC83BB69-5D99-4743-B40D-3D5BF1AAACA9}.Release|Any CPU.Build.0 = Release|Any CPU
		{AD145212-3297-4271-81AC-72B703FC4894}.Debug|Any CPU.ActiveCfg = Debug|Any CPU
		{AD145212-3297-4271-81AC-72B703FC4894}.Debug|Any CPU.Build.0 = Debug|Any CPU
		{AD145212-3297-4271-81AC-72B703FC4894}.Release|Any CPU.ActiveCfg = Release|Any CPU
		{AD145212-3297-4271-81AC-72B703FC4894}.Release|Any CPU.Build.0 = Release|Any CPU
		{599FDF28-7930-49EB-9B57-6417B64274AA}.Debug|Any CPU.ActiveCfg = Debug|Any CPU
		{599FDF28-7930-49EB-9B57-6417B64274AA}.Debug|Any CPU.Build.0 = Debug|Any CPU
		{599FDF28-7930-49EB-9B57-6417B64274AA}.Release|Any CPU.ActiveCfg = Release|Any CPU
		{599FDF28-7930-49EB-9B57-6417B64274AA}.Release|Any CPU.Build.0 = Release|Any CPU
		{323B0BC0-334C-445C-89B9-7E0DB79F577E}.Debug|Any CPU.ActiveCfg = Debug|Any CPU
		{323B0BC0-334C-445C-89B9-7E0DB79F577E}.Debug|Any CPU.Build.0 = Debug|Any CPU
		{323B0BC0-334C-445C-89B9-7E0DB79F577E}.Release|Any CPU.ActiveCfg = Release|Any CPU
		{323B0BC0-334C-445C-89B9-7E0DB79F577E}.Release|Any CPU.Build.0 = Release|Any CPU
		{FFFE6E1C-B1EE-4582-85BB-7B9D666250A4}.Debug|Any CPU.ActiveCfg = Debug|Any CPU
		{FFFE6E1C-B1EE-4582-85BB-7B9D666250A4}.Debug|Any CPU.Build.0 = Debug|Any CPU
		{FFFE6E1C-B1EE-4582-85BB-7B9D666250A4}.Release|Any CPU.ActiveCfg = Release|Any CPU
		{FFFE6E1C-B1EE-4582-85BB-7B9D666250A4}.Release|Any CPU.Build.0 = Release|Any CPU
		{FFB94201-E558-4098-A438-6ECF75D2C9E0}.Debug|Any CPU.ActiveCfg = Debug|Any CPU
		{FFB94201-E558-4098-A438-6ECF75D2C9E0}.Debug|Any CPU.Build.0 = Debug|Any CPU
		{FFB94201-E558-4098-A438-6ECF75D2C9E0}.Release|Any CPU.ActiveCfg = Release|Any CPU
		{FFB94201-E558-4098-A438-6ECF75D2C9E0}.Release|Any CPU.Build.0 = Release|Any CPU
		{DD36B157-C425-4F67-A363-373ED414DF88}.Debug|Any CPU.ActiveCfg = Debug|Any CPU
		{DD36B157-C425-4F67-A363-373ED414DF88}.Debug|Any CPU.Build.0 = Debug|Any CPU
		{DD36B157-C425-4F67-A363-373ED414DF88}.Release|Any CPU.ActiveCfg = Release|Any CPU
		{DD36B157-C425-4F67-A363-373ED414DF88}.Release|Any CPU.Build.0 = Release|Any CPU
		{853CA3F0-1A5D-45A9-AA90-6C27170D881E}.Debug|Any CPU.ActiveCfg = Debug|Any CPU
		{853CA3F0-1A5D-45A9-AA90-6C27170D881E}.Debug|Any CPU.Build.0 = Debug|Any CPU
		{853CA3F0-1A5D-45A9-AA90-6C27170D881E}.Release|Any CPU.ActiveCfg = Release|Any CPU
		{853CA3F0-1A5D-45A9-AA90-6C27170D881E}.Release|Any CPU.Build.0 = Release|Any CPU
		{B82B653D-4E2B-40CD-9C63-58DEF617CBD0}.Debug|Any CPU.ActiveCfg = Debug|Any CPU
		{B82B653D-4E2B-40CD-9C63-58DEF617CBD0}.Debug|Any CPU.Build.0 = Debug|Any CPU
		{B82B653D-4E2B-40CD-9C63-58DEF617CBD0}.Release|Any CPU.ActiveCfg = Release|Any CPU
		{B82B653D-4E2B-40CD-9C63-58DEF617CBD0}.Release|Any CPU.Build.0 = Release|Any CPU
		{C3F461D0-9F4D-4B1F-9956-884665B1B652}.Debug|Any CPU.ActiveCfg = Debug|Any CPU
		{C3F461D0-9F4D-4B1F-9956-884665B1B652}.Debug|Any CPU.Build.0 = Debug|Any CPU
		{C3F461D0-9F4D-4B1F-9956-884665B1B652}.Release|Any CPU.ActiveCfg = Release|Any CPU
		{C3F461D0-9F4D-4B1F-9956-884665B1B652}.Release|Any CPU.Build.0 = Release|Any CPU
		{CBA4A447-8489-430F-A5DC-F5EC658D556D}.Debug|Any CPU.ActiveCfg = Debug|Any CPU
		{CBA4A447-8489-430F-A5DC-F5EC658D556D}.Debug|Any CPU.Build.0 = Debug|Any CPU
		{CBA4A447-8489-430F-A5DC-F5EC658D556D}.Release|Any CPU.ActiveCfg = Release|Any CPU
		{CBA4A447-8489-430F-A5DC-F5EC658D556D}.Release|Any CPU.Build.0 = Release|Any CPU
		{36A413B0-AF2C-4AA3-960D-BC5D165BC1AD}.Debug|Any CPU.ActiveCfg = Debug|Any CPU
		{36A413B0-AF2C-4AA3-960D-BC5D165BC1AD}.Debug|Any CPU.Build.0 = Debug|Any CPU
		{36A413B0-AF2C-4AA3-960D-BC5D165BC1AD}.Release|Any CPU.ActiveCfg = Release|Any CPU
		{36A413B0-AF2C-4AA3-960D-BC5D165BC1AD}.Release|Any CPU.Build.0 = Release|Any CPU
		{5FCDD2C8-B102-4F8D-BA36-CA9A954B1A93}.Debug|Any CPU.ActiveCfg = Debug|Any CPU
		{5FCDD2C8-B102-4F8D-BA36-CA9A954B1A93}.Debug|Any CPU.Build.0 = Debug|Any CPU
		{5FCDD2C8-B102-4F8D-BA36-CA9A954B1A93}.Release|Any CPU.ActiveCfg = Release|Any CPU
		{5FCDD2C8-B102-4F8D-BA36-CA9A954B1A93}.Release|Any CPU.Build.0 = Release|Any CPU
		{E2896641-00F8-47FB-99AA-8104725F31B3}.Debug|Any CPU.ActiveCfg = Debug|Any CPU
		{E2896641-00F8-47FB-99AA-8104725F31B3}.Debug|Any CPU.Build.0 = Debug|Any CPU
		{E2896641-00F8-47FB-99AA-8104725F31B3}.Release|Any CPU.ActiveCfg = Release|Any CPU
		{E2896641-00F8-47FB-99AA-8104725F31B3}.Release|Any CPU.Build.0 = Release|Any CPU
		{08094339-258E-4B6F-8845-3340E00CD971}.Debug|Any CPU.ActiveCfg = Debug|Any CPU
		{08094339-258E-4B6F-8845-3340E00CD971}.Debug|Any CPU.Build.0 = Debug|Any CPU
		{08094339-258E-4B6F-8845-3340E00CD971}.Release|Any CPU.ActiveCfg = Release|Any CPU
		{08094339-258E-4B6F-8845-3340E00CD971}.Release|Any CPU.Build.0 = Release|Any CPU
		{341299FF-FB46-4473-B902-31C700F1EFB3}.Debug|Any CPU.ActiveCfg = Debug|Any CPU
		{341299FF-FB46-4473-B902-31C700F1EFB3}.Debug|Any CPU.Build.0 = Debug|Any CPU
		{341299FF-FB46-4473-B902-31C700F1EFB3}.Release|Any CPU.ActiveCfg = Release|Any CPU
		{341299FF-FB46-4473-B902-31C700F1EFB3}.Release|Any CPU.Build.0 = Release|Any CPU
		{3BE709C8-66F4-4F45-A30D-21344CB6BCD2}.Debug|Any CPU.ActiveCfg = Debug|Any CPU
		{3BE709C8-66F4-4F45-A30D-21344CB6BCD2}.Debug|Any CPU.Build.0 = Debug|Any CPU
		{3BE709C8-66F4-4F45-A30D-21344CB6BCD2}.Release|Any CPU.ActiveCfg = Release|Any CPU
		{3BE709C8-66F4-4F45-A30D-21344CB6BCD2}.Release|Any CPU.Build.0 = Release|Any CPU
		{80AC544C-310C-4EA2-BA49-CEE632768DED}.Debug|Any CPU.ActiveCfg = Debug|Any CPU
		{80AC544C-310C-4EA2-BA49-CEE632768DED}.Debug|Any CPU.Build.0 = Debug|Any CPU
		{80AC544C-310C-4EA2-BA49-CEE632768DED}.Release|Any CPU.ActiveCfg = Release|Any CPU
		{80AC544C-310C-4EA2-BA49-CEE632768DED}.Release|Any CPU.Build.0 = Release|Any CPU
		{1CE9ADAD-230C-4AA0-9ECA-07A365605ED4}.Debug|Any CPU.ActiveCfg = Debug|Any CPU
		{1CE9ADAD-230C-4AA0-9ECA-07A365605ED4}.Debug|Any CPU.Build.0 = Debug|Any CPU
		{1CE9ADAD-230C-4AA0-9ECA-07A365605ED4}.Release|Any CPU.ActiveCfg = Release|Any CPU
		{1CE9ADAD-230C-4AA0-9ECA-07A365605ED4}.Release|Any CPU.Build.0 = Release|Any CPU
		{38574086-7DAE-49DF-9327-09D78B02D33E}.Debug|Any CPU.ActiveCfg = Debug|Any CPU
		{38574086-7DAE-49DF-9327-09D78B02D33E}.Debug|Any CPU.Build.0 = Debug|Any CPU
		{38574086-7DAE-49DF-9327-09D78B02D33E}.Release|Any CPU.ActiveCfg = Release|Any CPU
		{38574086-7DAE-49DF-9327-09D78B02D33E}.Release|Any CPU.Build.0 = Release|Any CPU
		{C53F1F95-A799-4060-AC46-336E95B69C4C}.Debug|Any CPU.ActiveCfg = Debug|Any CPU
		{C53F1F95-A799-4060-AC46-336E95B69C4C}.Debug|Any CPU.Build.0 = Debug|Any CPU
		{C53F1F95-A799-4060-AC46-336E95B69C4C}.Release|Any CPU.ActiveCfg = Release|Any CPU
		{C53F1F95-A799-4060-AC46-336E95B69C4C}.Release|Any CPU.Build.0 = Release|Any CPU
		{A59BECEE-36D0-48FD-A81B-FDE6C3E3970C}.Debug|Any CPU.ActiveCfg = Debug|Any CPU
		{A59BECEE-36D0-48FD-A81B-FDE6C3E3970C}.Debug|Any CPU.Build.0 = Debug|Any CPU
		{A59BECEE-36D0-48FD-A81B-FDE6C3E3970C}.Release|Any CPU.ActiveCfg = Release|Any CPU
		{A59BECEE-36D0-48FD-A81B-FDE6C3E3970C}.Release|Any CPU.Build.0 = Release|Any CPU
		{4AADA3D3-9B34-431C-9C73-23F0A9196D50}.Debug|Any CPU.ActiveCfg = Debug|Any CPU
		{4AADA3D3-9B34-431C-9C73-23F0A9196D50}.Debug|Any CPU.Build.0 = Debug|Any CPU
		{4AADA3D3-9B34-431C-9C73-23F0A9196D50}.Release|Any CPU.ActiveCfg = Release|Any CPU
		{4AADA3D3-9B34-431C-9C73-23F0A9196D50}.Release|Any CPU.Build.0 = Release|Any CPU
		{4E1F869D-9FA5-4D7B-B8B9-B1BAD5AE9612}.Debug|Any CPU.ActiveCfg = Debug|Any CPU
		{4E1F869D-9FA5-4D7B-B8B9-B1BAD5AE9612}.Debug|Any CPU.Build.0 = Debug|Any CPU
		{4E1F869D-9FA5-4D7B-B8B9-B1BAD5AE9612}.Release|Any CPU.ActiveCfg = Release|Any CPU
		{4E1F869D-9FA5-4D7B-B8B9-B1BAD5AE9612}.Release|Any CPU.Build.0 = Release|Any CPU
		{5DB2C71E-DB8F-4ECD-BD5D-F4361A4813D4}.Debug|Any CPU.ActiveCfg = Debug|Any CPU
		{5DB2C71E-DB8F-4ECD-BD5D-F4361A4813D4}.Debug|Any CPU.Build.0 = Debug|Any CPU
		{5DB2C71E-DB8F-4ECD-BD5D-F4361A4813D4}.Release|Any CPU.ActiveCfg = Release|Any CPU
		{5DB2C71E-DB8F-4ECD-BD5D-F4361A4813D4}.Release|Any CPU.Build.0 = Release|Any CPU
	EndGlobalSection
	GlobalSection(SolutionProperties) = preSolution
		HideSolutionNode = FALSE
	EndGlobalSection
	GlobalSection(NestedProjects) = preSolution
		{F7091D0A-A938-4B87-AAA9-F96E09B2DEAD} = {743796DD-6F87-4CD9-8419-0B8CE16B4CB9}
		{FC83BB69-5D99-4743-B40D-3D5BF1AAACA9} = {743796DD-6F87-4CD9-8419-0B8CE16B4CB9}
		{AD145212-3297-4271-81AC-72B703FC4894} = {743796DD-6F87-4CD9-8419-0B8CE16B4CB9}
		{599FDF28-7930-49EB-9B57-6417B64274AA} = {743796DD-6F87-4CD9-8419-0B8CE16B4CB9}
		{323B0BC0-334C-445C-89B9-7E0DB79F577E} = {743796DD-6F87-4CD9-8419-0B8CE16B4CB9}
		{FFFE6E1C-B1EE-4582-85BB-7B9D666250A4} = {ADBE7D51-E255-42D4-A4A9-77901508B53D}
		{FFB94201-E558-4098-A438-6ECF75D2C9E0} = {ADBE7D51-E255-42D4-A4A9-77901508B53D}
		{DD36B157-C425-4F67-A363-373ED414DF88} = {ADBE7D51-E255-42D4-A4A9-77901508B53D}
		{853CA3F0-1A5D-45A9-AA90-6C27170D881E} = {ADBE7D51-E255-42D4-A4A9-77901508B53D}
		{B82B653D-4E2B-40CD-9C63-58DEF617CBD0} = {ADBE7D51-E255-42D4-A4A9-77901508B53D}
		{C3F461D0-9F4D-4B1F-9956-884665B1B652} = {ADBE7D51-E255-42D4-A4A9-77901508B53D}
		{CBA4A447-8489-430F-A5DC-F5EC658D556D} = {ADBE7D51-E255-42D4-A4A9-77901508B53D}
		{36A413B0-AF2C-4AA3-960D-BC5D165BC1AD} = {ADBE7D51-E255-42D4-A4A9-77901508B53D}
		{5FCDD2C8-B102-4F8D-BA36-CA9A954B1A93} = {ADBE7D51-E255-42D4-A4A9-77901508B53D}
		{E2896641-00F8-47FB-99AA-8104725F31B3} = {ADBE7D51-E255-42D4-A4A9-77901508B53D}
		{08094339-258E-4B6F-8845-3340E00CD971} = {743796DD-6F87-4CD9-8419-0B8CE16B4CB9}
		{341299FF-FB46-4473-B902-31C700F1EFB3} = {ADBE7D51-E255-42D4-A4A9-77901508B53D}
		{3BE709C8-66F4-4F45-A30D-21344CB6BCD2} = {ADBE7D51-E255-42D4-A4A9-77901508B53D}
		{80AC544C-310C-4EA2-BA49-CEE632768DED} = {ADBE7D51-E255-42D4-A4A9-77901508B53D}
		{1CE9ADAD-230C-4AA0-9ECA-07A365605ED4} = {ADBE7D51-E255-42D4-A4A9-77901508B53D}
		{38574086-7DAE-49DF-9327-09D78B02D33E} = {ADBE7D51-E255-42D4-A4A9-77901508B53D}
		{C53F1F95-A799-4060-AC46-336E95B69C4C} = {ADBE7D51-E255-42D4-A4A9-77901508B53D}
		{A59BECEE-36D0-48FD-A81B-FDE6C3E3970C} = {ADBE7D51-E255-42D4-A4A9-77901508B53D}
		{4AADA3D3-9B34-431C-9C73-23F0A9196D50} = {ADBE7D51-E255-42D4-A4A9-77901508B53D}
		{4E1F869D-9FA5-4D7B-B8B9-B1BAD5AE9612} = {ADBE7D51-E255-42D4-A4A9-77901508B53D}
		{5DB2C71E-DB8F-4ECD-BD5D-F4361A4813D4} = {ADBE7D51-E255-42D4-A4A9-77901508B53D}
	EndGlobalSection
	GlobalSection(ExtensibilityGlobals) = postSolution
		SolutionGuid = {421FE47D-FE2B-4EF3-A888-EC10030B8DBE}
	EndGlobalSection
EndGlobal
