
Microsoft Visual Studio Solution File, Format Version 12.00
# Visual Studio Version 17
VisualStudioVersion = 17.1.31911.260
MinimumVisualStudioVersion = 10.0.40219.1
Project("{2150E333-8FDC-42A3-9474-1A3956D46DE8}") = "WinForms", "WinForms", "{743796DD-6F87-4CD9-8419-0B8CE16B4CB9}"
EndProject
Project("{9A19103F-16F7-4668-BE54-9A1E7A4F7556}") = "RTSP MultiView Demo net6", "WinForms\CSharp\RTSP MultiView Demo\RTSP MultiView Demo net6.csproj", "{473CF44A-6FCE-4553-AE3E-CF056E761095}"
EndProject
Project("{9A19103F-16F7-4668-BE54-9A1E7A4F7556}") = "Simple Video Capture Demo net6", "WinForms\CSharp\Simple Video Capture Demo\Simple Video Capture Demo net6.csproj", "{A24ED407-998B-4A6F-83BE-E908DC61758B}"
EndProject
Project("{9A19103F-16F7-4668-BE54-9A1E7A4F7556}") = "Video Mixer Demo net6", "WinForms\CSharp\Video Mixer Demo\Video Mixer Demo net6.csproj", "{6072919F-08E7-4842-B541-03ED5B3E56AC}"
EndProject
Project("{9A19103F-16F7-4668-BE54-9A1E7A4F7556}") = "Simple Player Demo net6", "WinForms\CSharp\Simple Player Demo\Simple Player Demo net6.csproj", "{13BC142B-C1C3-4339-AA27-7BCCA9B03346}"
EndProject
Project("{9A19103F-16F7-4668-BE54-9A1E7A4F7556}") = "Memory Player Demo net6", "WinForms\CSharp\Memory Player Demo\Memory Player Demo net6.csproj", "{CF4098C2-B1AC-4A1F-A4A2-D2184A6B635F}"
EndProject
Global
	GlobalSection(SolutionConfigurationPlatforms) = preSolution
		Debug|Any CPU = Debug|Any CPU
		Release|Any CPU = Release|Any CPU
	EndGlobalSection
	GlobalSection(ProjectConfigurationPlatforms) = postSolution
		{473CF44A-6FCE-4553-AE3E-CF056E761095}.Debug|Any CPU.ActiveCfg = Debug|Any CPU
		{473CF44A-6FCE-4553-AE3E-CF056E761095}.Debug|Any CPU.Build.0 = Debug|Any CPU
		{473CF44A-6FCE-4553-AE3E-CF056E761095}.Release|Any CPU.ActiveCfg = Release|Any CPU
		{473CF44A-6FCE-4553-AE3E-CF056E761095}.Release|Any CPU.Build.0 = Release|Any CPU
		{A24ED407-998B-4A6F-83BE-E908DC61758B}.Debug|Any CPU.ActiveCfg = Debug|Any CPU
		{A24ED407-998B-4A6F-83BE-E908DC61758B}.Debug|Any CPU.Build.0 = Debug|Any CPU
		{A24ED407-998B-4A6F-83BE-E908DC61758B}.Release|Any CPU.ActiveCfg = Release|Any CPU
		{A24ED407-998B-4A6F-83BE-E908DC61758B}.Release|Any CPU.Build.0 = Release|Any CPU
		{6072919F-08E7-4842-B541-03ED5B3E56AC}.Debug|Any CPU.ActiveCfg = Debug|Any CPU
		{6072919F-08E7-4842-B541-03ED5B3E56AC}.Debug|Any CPU.Build.0 = Debug|Any CPU
		{6072919F-08E7-4842-B541-03ED5B3E56AC}.Release|Any CPU.ActiveCfg = Release|Any CPU
		{6072919F-08E7-4842-B541-03ED5B3E56AC}.Release|Any CPU.Build.0 = Release|Any CPU
		{13BC142B-C1C3-4339-AA27-7BCCA9B03346}.Debug|Any CPU.ActiveCfg = Debug|Any CPU
		{13BC142B-C1C3-4339-AA27-7BCCA9B03346}.Debug|Any CPU.Build.0 = Debug|Any CPU
		{13BC142B-C1C3-4339-AA27-7BCCA9B03346}.Release|Any CPU.ActiveCfg = Release|Any CPU
		{13BC142B-C1C3-4339-AA27-7BCCA9B03346}.Release|Any CPU.Build.0 = Release|Any CPU
		{CF4098C2-B1AC-4A1F-A4A2-D2184A6B635F}.Debug|Any CPU.ActiveCfg = Debug|Any CPU
		{CF4098C2-B1AC-4A1F-A4A2-D2184A6B635F}.Debug|Any CPU.Build.0 = Debug|Any CPU
		{CF4098C2-B1AC-4A1F-A4A2-D2184A6B635F}.Release|Any CPU.ActiveCfg = Release|Any CPU
		{CF4098C2-B1AC-4A1F-A4A2-D2184A6B635F}.Release|Any CPU.Build.0 = Release|Any CPU
	EndGlobalSection
	GlobalSection(SolutionProperties) = preSolution
		HideSolutionNode = FALSE
	EndGlobalSection
	GlobalSection(NestedProjects) = preSolution
		{473CF44A-6FCE-4553-AE3E-CF056E761095} = {743796DD-6F87-4CD9-8419-0B8CE16B4CB9}
		{A24ED407-998B-4A6F-83BE-E908DC61758B} = {743796DD-6F87-4CD9-8419-0B8CE16B4CB9}
		{6072919F-08E7-4842-B541-03ED5B3E56AC} = {743796DD-6F87-4CD9-8419-0B8CE16B4CB9}
		{13BC142B-C1C3-4339-AA27-7BCCA9B03346} = {743796DD-6F87-4CD9-8419-0B8CE16B4CB9}
		{CF4098C2-B1AC-4A1F-A4A2-D2184A6B635F} = {743796DD-6F87-4CD9-8419-0B8CE16B4CB9}
	EndGlobalSection
	GlobalSection(ExtensibilityGlobals) = postSolution
		SolutionGuid = {421FE47D-FE2B-4EF3-A888-EC10030B8DBE}
	EndGlobalSection
EndGlobal
