
Microsoft Visual Studio Solution File, Format Version 12.00
# Visual Studio Version 17
VisualStudioVersion = 17.1.32421.90
MinimumVisualStudioVersion = 10.0.40219.1
Project("{2150E333-8FDC-42A3-9474-1A3956D46DE8}") = "WinForms", "WinForms", "{743796DD-6F87-4CD9-8419-0B8CE16B4CB9}"
EndProject
Project("{9A19103F-16F7-4668-BE54-9A1E7A4F7556}") = "RTSP MultiView Demo net5", "WinForms\CSharp\RTSP MultiView Demo\RTSP MultiView Demo net5.csproj", "{92C4F482-8267-4DC3-8ED4-74E35D2BF438}"
EndProject
Project("{9A19103F-16F7-4668-BE54-9A1E7A4F7556}") = "Simple Video Capture Demo net5", "WinForms\CSharp\Simple Video Capture Demo\Simple Video Capture Demo net5.csproj", "{60F5F63F-AFB3-4C97-80DA-17813772A948}"
EndProject
Project("{9A19103F-16F7-4668-BE54-9A1E7A4F7556}") = "Video Mixer Demo net5", "WinForms\CSharp\Video Mixer Demo\Video Mixer Demo net5.csproj", "{5C03AEA0-E2E4-47A1-8477-211B25C17EA9}"
EndProject
Project("{9A19103F-16F7-4668-BE54-9A1E7A4F7556}") = "Simple Player Demo net5", "WinForms\CSharp\Simple Player Demo\Simple Player Demo net5.csproj", "{F8CDDEA5-0F1F-4C31-B840-33587993DC7F}"
EndProject
Project("{9A19103F-16F7-4668-BE54-9A1E7A4F7556}") = "Memory Player Demo net5", "WinForms\CSharp\Memory Player Demo\Memory Player Demo net5.csproj", "{30B1BD62-A790-465F-A03E-793159115156}"
EndProject
Project("{2150E333-8FDC-42A3-9474-1A3956D46DE8}") = "WPF", "WPF", "{27B355AB-D859-4D48-9F24-BA7E237779F9}"
EndProject
Project("{9A19103F-16F7-4668-BE54-9A1E7A4F7556}") = "Screen Capture MB WPF net5", "WPF\CSharp\Screen Capture\Screen Capture MB WPF net5.csproj", "{EF5C58E9-CDB7-4138-A0FD-1BEC1B49F1A9}"
EndProject
Project("{9A19103F-16F7-4668-BE54-9A1E7A4F7556}") = "Simple Video Capture Demo MB WPF net5", "WPF\CSharp\Simple Capture Demo\Simple Video Capture Demo MB WPF net5.csproj", "{93718556-AEE7-4A74-A4A5-37FF52BF9409}"
EndProject
Project("{9A19103F-16F7-4668-BE54-9A1E7A4F7556}") = "Simple Player Demo MB WPF net5", "WPF\CSharp\Simple Player Demo WPF\Simple Player Demo MB WPF net5.csproj", "{BBBDE76C-D2F1-40C4-B13C-7C2C07BF2780}"
EndProject
Project("{9A19103F-16F7-4668-BE54-9A1E7A4F7556}") = "Decklink MB Demo net5", "WPF\CSharp\Decklink Demo\Decklink MB Demo net5.csproj", "{31918977-5B47-4A34-98DE-CD748D745801}"
EndProject
Project("{9A19103F-16F7-4668-BE54-9A1E7A4F7556}") = "Social Networks Streamer Demo MB net5", "WPF\CSharp\Social Networks Streamer Demo\Social Networks Streamer Demo MB net5.csproj", "{7FA63F7F-A75A-4646-A560-68B81D5FDCD4}"
EndProject
Project("{9A19103F-16F7-4668-BE54-9A1E7A4F7556}") = "Video Compositor Demo net5", "WPF\CSharp\Video Compositor Demo\Video Compositor Demo net5.csproj", "{415D2D34-0C16-4AED-A3E7-C6C28AEBA22C}"
EndProject
Project("{9A19103F-16F7-4668-BE54-9A1E7A4F7556}") = "Face Detector Live net5", "WPF\CSharp\Face Detector Live\Face Detector Live net5.csproj", "{65DB41C3-C073-4FA4-9BBA-72CC8B78E3EC}"
EndProject
Project("{9A19103F-16F7-4668-BE54-9A1E7A4F7556}") = "Live Video Compositor Demo net5", "WPF\CSharp\Live Video Compositor Demo\Live Video Compositor Demo net5.csproj", "{83258ACE-954A-4ABE-A13E-8F763C7CA5E0}"
EndProject
Project("{9A19103F-16F7-4668-BE54-9A1E7A4F7556}") = "KLV Demo net5", "WPF\CSharp\KLV Demo\KLV Demo net5.csproj", "{90E29E4B-9DE5-4AD1-9955-0B0A6EAF0699}"
EndProject
Global
	GlobalSection(SolutionConfigurationPlatforms) = preSolution
		Debug|Any CPU = Debug|Any CPU
		Release|Any CPU = Release|Any CPU
	EndGlobalSection
	GlobalSection(ProjectConfigurationPlatforms) = postSolution
		{92C4F482-8267-4DC3-8ED4-74E35D2BF438}.Debug|Any CPU.ActiveCfg = Debug|Any CPU
		{92C4F482-8267-4DC3-8ED4-74E35D2BF438}.Debug|Any CPU.Build.0 = Debug|Any CPU
		{92C4F482-8267-4DC3-8ED4-74E35D2BF438}.Release|Any CPU.ActiveCfg = Release|Any CPU
		{92C4F482-8267-4DC3-8ED4-74E35D2BF438}.Release|Any CPU.Build.0 = Release|Any CPU
		{60F5F63F-AFB3-4C97-80DA-17813772A948}.Debug|Any CPU.ActiveCfg = Debug|Any CPU
		{60F5F63F-AFB3-4C97-80DA-17813772A948}.Debug|Any CPU.Build.0 = Debug|Any CPU
		{60F5F63F-AFB3-4C97-80DA-17813772A948}.Release|Any CPU.ActiveCfg = Release|Any CPU
		{60F5F63F-AFB3-4C97-80DA-17813772A948}.Release|Any CPU.Build.0 = Release|Any CPU
		{5C03AEA0-E2E4-47A1-8477-211B25C17EA9}.Debug|Any CPU.ActiveCfg = Debug|Any CPU
		{5C03AEA0-E2E4-47A1-8477-211B25C17EA9}.Debug|Any CPU.Build.0 = Debug|Any CPU
		{5C03AEA0-E2E4-47A1-8477-211B25C17EA9}.Release|Any CPU.ActiveCfg = Release|Any CPU
		{5C03AEA0-E2E4-47A1-8477-211B25C17EA9}.Release|Any CPU.Build.0 = Release|Any CPU
		{F8CDDEA5-0F1F-4C31-B840-33587993DC7F}.Debug|Any CPU.ActiveCfg = Debug|Any CPU
		{F8CDDEA5-0F1F-4C31-B840-33587993DC7F}.Debug|Any CPU.Build.0 = Debug|Any CPU
		{F8CDDEA5-0F1F-4C31-B840-33587993DC7F}.Release|Any CPU.ActiveCfg = Release|Any CPU
		{F8CDDEA5-0F1F-4C31-B840-33587993DC7F}.Release|Any CPU.Build.0 = Release|Any CPU
		{30B1BD62-A790-465F-A03E-793159115156}.Debug|Any CPU.ActiveCfg = Debug|Any CPU
		{30B1BD62-A790-465F-A03E-793159115156}.Debug|Any CPU.Build.0 = Debug|Any CPU
		{30B1BD62-A790-465F-A03E-793159115156}.Release|Any CPU.ActiveCfg = Release|Any CPU
		{30B1BD62-A790-465F-A03E-793159115156}.Release|Any CPU.Build.0 = Release|Any CPU
		{EF5C58E9-CDB7-4138-A0FD-1BEC1B49F1A9}.Debug|Any CPU.ActiveCfg = Debug|Any CPU
		{EF5C58E9-CDB7-4138-A0FD-1BEC1B49F1A9}.Debug|Any CPU.Build.0 = Debug|Any CPU
		{EF5C58E9-CDB7-4138-A0FD-1BEC1B49F1A9}.Release|Any CPU.ActiveCfg = Release|Any CPU
		{EF5C58E9-CDB7-4138-A0FD-1BEC1B49F1A9}.Release|Any CPU.Build.0 = Release|Any CPU
		{93718556-AEE7-4A74-A4A5-37FF52BF9409}.Debug|Any CPU.ActiveCfg = Debug|Any CPU
		{93718556-AEE7-4A74-A4A5-37FF52BF9409}.Debug|Any CPU.Build.0 = Debug|Any CPU
		{93718556-AEE7-4A74-A4A5-37FF52BF9409}.Release|Any CPU.ActiveCfg = Release|Any CPU
		{93718556-AEE7-4A74-A4A5-37FF52BF9409}.Release|Any CPU.Build.0 = Release|Any CPU
		{BBBDE76C-D2F1-40C4-B13C-7C2C07BF2780}.Debug|Any CPU.ActiveCfg = Debug|Any CPU
		{BBBDE76C-D2F1-40C4-B13C-7C2C07BF2780}.Debug|Any CPU.Build.0 = Debug|Any CPU
		{BBBDE76C-D2F1-40C4-B13C-7C2C07BF2780}.Release|Any CPU.ActiveCfg = Release|Any CPU
		{BBBDE76C-D2F1-40C4-B13C-7C2C07BF2780}.Release|Any CPU.Build.0 = Release|Any CPU
		{31918977-5B47-4A34-98DE-CD748D745801}.Debug|Any CPU.ActiveCfg = Debug|Any CPU
		{31918977-5B47-4A34-98DE-CD748D745801}.Debug|Any CPU.Build.0 = Debug|Any CPU
		{31918977-5B47-4A34-98DE-CD748D745801}.Release|Any CPU.ActiveCfg = Release|Any CPU
		{31918977-5B47-4A34-98DE-CD748D745801}.Release|Any CPU.Build.0 = Release|Any CPU
		{7FA63F7F-A75A-4646-A560-68B81D5FDCD4}.Debug|Any CPU.ActiveCfg = Debug|Any CPU
		{7FA63F7F-A75A-4646-A560-68B81D5FDCD4}.Debug|Any CPU.Build.0 = Debug|Any CPU
		{7FA63F7F-A75A-4646-A560-68B81D5FDCD4}.Release|Any CPU.ActiveCfg = Release|Any CPU
		{7FA63F7F-A75A-4646-A560-68B81D5FDCD4}.Release|Any CPU.Build.0 = Release|Any CPU
		{415D2D34-0C16-4AED-A3E7-C6C28AEBA22C}.Debug|Any CPU.ActiveCfg = Debug|Any CPU
		{415D2D34-0C16-4AED-A3E7-C6C28AEBA22C}.Debug|Any CPU.Build.0 = Debug|Any CPU
		{415D2D34-0C16-4AED-A3E7-C6C28AEBA22C}.Release|Any CPU.ActiveCfg = Release|Any CPU
		{415D2D34-0C16-4AED-A3E7-C6C28AEBA22C}.Release|Any CPU.Build.0 = Release|Any CPU
		{65DB41C3-C073-4FA4-9BBA-72CC8B78E3EC}.Debug|Any CPU.ActiveCfg = Debug|Any CPU
		{65DB41C3-C073-4FA4-9BBA-72CC8B78E3EC}.Debug|Any CPU.Build.0 = Debug|Any CPU
		{65DB41C3-C073-4FA4-9BBA-72CC8B78E3EC}.Release|Any CPU.ActiveCfg = Release|Any CPU
		{65DB41C3-C073-4FA4-9BBA-72CC8B78E3EC}.Release|Any CPU.Build.0 = Release|Any CPU
		{83258ACE-954A-4ABE-A13E-8F763C7CA5E0}.Debug|Any CPU.ActiveCfg = Debug|Any CPU
		{83258ACE-954A-4ABE-A13E-8F763C7CA5E0}.Debug|Any CPU.Build.0 = Debug|Any CPU
		{83258ACE-954A-4ABE-A13E-8F763C7CA5E0}.Release|Any CPU.ActiveCfg = Release|Any CPU
		{83258ACE-954A-4ABE-A13E-8F763C7CA5E0}.Release|Any CPU.Build.0 = Release|Any CPU
		{90E29E4B-9DE5-4AD1-9955-0B0A6EAF0699}.Debug|Any CPU.ActiveCfg = Debug|Any CPU
		{90E29E4B-9DE5-4AD1-9955-0B0A6EAF0699}.Debug|Any CPU.Build.0 = Debug|Any CPU
		{90E29E4B-9DE5-4AD1-9955-0B0A6EAF0699}.Release|Any CPU.ActiveCfg = Release|Any CPU
		{90E29E4B-9DE5-4AD1-9955-0B0A6EAF0699}.Release|Any CPU.Build.0 = Release|Any CPU
	EndGlobalSection
	GlobalSection(SolutionProperties) = preSolution
		HideSolutionNode = FALSE
	EndGlobalSection
	GlobalSection(NestedProjects) = preSolution
		{92C4F482-8267-4DC3-8ED4-74E35D2BF438} = {743796DD-6F87-4CD9-8419-0B8CE16B4CB9}
		{60F5F63F-AFB3-4C97-80DA-17813772A948} = {743796DD-6F87-4CD9-8419-0B8CE16B4CB9}
		{5C03AEA0-E2E4-47A1-8477-211B25C17EA9} = {743796DD-6F87-4CD9-8419-0B8CE16B4CB9}
		{F8CDDEA5-0F1F-4C31-B840-33587993DC7F} = {743796DD-6F87-4CD9-8419-0B8CE16B4CB9}
		{30B1BD62-A790-465F-A03E-793159115156} = {743796DD-6F87-4CD9-8419-0B8CE16B4CB9}
		{EF5C58E9-CDB7-4138-A0FD-1BEC1B49F1A9} = {27B355AB-D859-4D48-9F24-BA7E237779F9}
		{93718556-AEE7-4A74-A4A5-37FF52BF9409} = {27B355AB-D859-4D48-9F24-BA7E237779F9}
		{BBBDE76C-D2F1-40C4-B13C-7C2C07BF2780} = {27B355AB-D859-4D48-9F24-BA7E237779F9}
		{31918977-5B47-4A34-98DE-CD748D745801} = {27B355AB-D859-4D48-9F24-BA7E237779F9}
		{7FA63F7F-A75A-4646-A560-68B81D5FDCD4} = {27B355AB-D859-4D48-9F24-BA7E237779F9}
		{415D2D34-0C16-4AED-A3E7-C6C28AEBA22C} = {27B355AB-D859-4D48-9F24-BA7E237779F9}
		{65DB41C3-C073-4FA4-9BBA-72CC8B78E3EC} = {27B355AB-D859-4D48-9F24-BA7E237779F9}
		{83258ACE-954A-4ABE-A13E-8F763C7CA5E0} = {27B355AB-D859-4D48-9F24-BA7E237779F9}
		{90E29E4B-9DE5-4AD1-9955-0B0A6EAF0699} = {27B355AB-D859-4D48-9F24-BA7E237779F9}
	EndGlobalSection
	GlobalSection(ExtensibilityGlobals) = postSolution
		SolutionGuid = {421FE47D-FE2B-4EF3-A888-EC10030B8DBE}
	EndGlobalSection
EndGlobal
