
Microsoft Visual Studio Solution File, Format Version 12.00
# Visual Studio Version 17
VisualStudioVersion = 17.1.32421.90
MinimumVisualStudioVersion = 10.0.40219.1
Project("{9A19103F-16F7-4668-BE54-9A1E7A4F7556}") = "SimpleMediaPlayerMBMac", "macOS\SimpleMediaPlayerMBMac\SimpleMediaPlayerMBMac.csproj", "{A875B84D-1FED-4D81-87DD-9CB9CF317A1A}"
EndProject
Project("{9A19103F-16F7-4668-BE54-9A1E7A4F7556}") = "SimpleVideoCaptureMBMac", "macOS\SimpleVideoCaptureMBMac\SimpleVideoCaptureMBMac.csproj", "{F9792036-7323-42CF-B8EF-B6AE1380D4D1}"
EndProject
Project("{FAE04EC0-301F-11D3-BF4B-00C04F79EFBC}") = "ScreenCaptureMB", "macOS\ScreenCaptureMB\ScreenCaptureMB.csproj", "{1FEDE295-F8AC-440C-B541-1719FDE97DFE}"
EndProject
Global
	GlobalSection(SolutionConfigurationPlatforms) = preSolution
		Debug|Any CPU = Debug|Any CPU
		Release|Any CPU = Release|Any CPU
	EndGlobalSection
	GlobalSection(ProjectConfigurationPlatforms) = postSolution
		{A875B84D-1FED-4D81-87DD-9CB9CF317A1A}.Debug|Any CPU.ActiveCfg = Debug|Any CPU
		{A875B84D-1FED-4D81-87DD-9CB9CF317A1A}.Debug|Any CPU.Build.0 = Debug|Any CPU
		{A875B84D-1FED-4D81-87DD-9CB9CF317A1A}.Release|Any CPU.ActiveCfg = Release|Any CPU
		{A875B84D-1FED-4D81-87DD-9CB9CF317A1A}.Release|Any CPU.Build.0 = Release|Any CPU
		{F9792036-7323-42CF-B8EF-B6AE1380D4D1}.Debug|Any CPU.ActiveCfg = Debug|Any CPU
		{F9792036-7323-42CF-B8EF-B6AE1380D4D1}.Debug|Any CPU.Build.0 = Debug|Any CPU
		{F9792036-7323-42CF-B8EF-B6AE1380D4D1}.Release|Any CPU.ActiveCfg = Release|Any CPU
		{F9792036-7323-42CF-B8EF-B6AE1380D4D1}.Release|Any CPU.Build.0 = Release|Any CPU
		{1FEDE295-F8AC-440C-B541-1719FDE97DFE}.Debug|Any CPU.ActiveCfg = Debug|Any CPU
		{1FEDE295-F8AC-440C-B541-1719FDE97DFE}.Debug|Any CPU.Build.0 = Debug|Any CPU
		{1FEDE295-F8AC-440C-B541-1719FDE97DFE}.Release|Any CPU.ActiveCfg = Release|Any CPU
		{1FEDE295-F8AC-440C-B541-1719FDE97DFE}.Release|Any CPU.Build.0 = Release|Any CPU
	EndGlobalSection
	GlobalSection(SolutionProperties) = preSolution
		HideSolutionNode = FALSE
	EndGlobalSection
	GlobalSection(ExtensibilityGlobals) = postSolution
		SolutionGuid = {421FE47D-FE2B-4EF3-A888-EC10030B8DBE}
	EndGlobalSection
	GlobalSection(RiderSharedRunConfigurations) = postSolution
		File = macOS\SimpleVideoCaptureMBMac\SimpleVideoCaptureMBMac.run.xml
		File = macOS\SimpleMediaPlayerMBMac\SimpleMediaPlayerMBMac.run.xml
		File = macOS\ScreenCaptureMB\ScreenCaptureMB.run.xml
	EndGlobalSection
EndGlobal
