
Microsoft Visual Studio Solution File, Format Version 12.00
# Visual Studio Version 17
VisualStudioVersion = 17.1.31911.260
MinimumVisualStudioVersion = 10.0.40219.1
Project("{2150E333-8FDC-42A3-9474-1A3956D46DE8}") = "WinForms", "WinForms", "{743796DD-6F87-4CD9-8419-0B8CE16B4CB9}"
EndProject
Project("{9A19103F-16F7-4668-BE54-9A1E7A4F7556}") = "RTSP MultiView Demo net8", "WinForms\CSharp\RTSP MultiView Demo\RTSP MultiView Demo net8.csproj", "{473CF44A-6FCE-4553-AE3E-CF056E761095}"
EndProject
Project("{9A19103F-16F7-4668-BE54-9A1E7A4F7556}") = "Simple Video Capture Demo net8", "WinForms\CSharp\Simple Video Capture Demo\Simple Video Capture Demo net8.csproj", "{A24ED407-998B-4A6F-83BE-E908DC61758B}"
EndProject
Project("{9A19103F-16F7-4668-BE54-9A1E7A4F7556}") = "Video Mixer Demo net8", "WinForms\CSharp\Video Mixer Demo\Video Mixer Demo net8.csproj", "{6072919F-08E7-4842-B541-03ED5B3E56AC}"
EndProject
Project("{9A19103F-16F7-4668-BE54-9A1E7A4F7556}") = "Simple Player Demo net8", "WinForms\CSharp\Simple Player Demo\Simple Player Demo net8.csproj", "{13BC142B-C1C3-4339-AA27-7BCCA9B03346}"
EndProject
Project("{9A19103F-16F7-4668-BE54-9A1E7A4F7556}") = "Memory Player Demo net8", "WinForms\CSharp\Memory Player Demo\Memory Player Demo net8.csproj", "{CF4098C2-B1AC-4A1F-A4A2-D2184A6B635F}"
EndProject
Project("{2150E333-8FDC-42A3-9474-1A3956D46DE8}") = "WPF", "WPF", "{0C3276A5-B4ED-4D44-BD9E-C622613A2F56}"
EndProject
Project("{9A19103F-16F7-4668-BE54-9A1E7A4F7556}") = "Screen Capture MB WPF net8", "WPF\CSharp\Screen Capture\Screen Capture MB WPF net8.csproj", "{1941CAB1-CC6F-48A4-9BEB-21F87E6FC6AF}"
EndProject
Project("{9A19103F-16F7-4668-BE54-9A1E7A4F7556}") = "Simple Video Capture Demo MB WPF net8", "WPF\CSharp\Simple Capture Demo\Simple Video Capture Demo MB WPF net8.csproj", "{C0077718-4D9B-46A2-9F65-4F4533BF1739}"
EndProject
Project("{9A19103F-16F7-4668-BE54-9A1E7A4F7556}") = "Simple Player Demo MB WPF net8", "WPF\CSharp\Simple Player Demo WPF\Simple Player Demo MB WPF net8.csproj", "{BAFC5FCA-4568-4E23-898E-E7E839E4941E}"
EndProject
Project("{9A19103F-16F7-4668-BE54-9A1E7A4F7556}") = "Decklink MB Demo net8", "WPF\CSharp\Decklink Demo\Decklink MB Demo net8.csproj", "{4AC3B01D-511C-48FD-8A70-5313747DE81A}"
EndProject
Project("{9A19103F-16F7-4668-BE54-9A1E7A4F7556}") = "Networks Streamer Demo MB net8", "WPF\CSharp\Networks Streamer Demo\Networks Streamer Demo MB net8.csproj", "{B099787C-07B7-4469-B430-B70B0C87BEA8}"
EndProject
Project("{9A19103F-16F7-4668-BE54-9A1E7A4F7556}") = "Video Compositor Demo net8", "WPF\CSharp\Video Compositor Demo\Video Compositor Demo net8.csproj", "{ABE9639C-A500-41EF-9320-2B0CA557FB3C}"
EndProject
Project("{9A19103F-16F7-4668-BE54-9A1E7A4F7556}") = "Face Detector Live net8", "WPF\CSharp\Face Detector Live\Face Detector Live net8.csproj", "{2EB9A066-884A-402B-910E-135655F8F359}"
EndProject
Project("{9A19103F-16F7-4668-BE54-9A1E7A4F7556}") = "Live Video Compositor Demo net8", "WPF\CSharp\Live Video Compositor Demo\Live Video Compositor Demo net8.csproj", "{7B948001-268C-465F-BDF3-C1A1826304B0}"
EndProject
Project("{9A19103F-16F7-4668-BE54-9A1E7A4F7556}") = "KLV Demo net8", "WPF\CSharp\KLV Demo\KLV Demo net8.csproj", "{6B896BA6-518B-4C22-9723-F644DE16B9B6}"
EndProject
Project("{9A19103F-16F7-4668-BE54-9A1E7A4F7556}") = "VNC Source Demo net8", "WPF\CSharp\VNC Source Demo\VNC Source Demo net8.csproj", "{0BEC20A9-DC1D-42D6-A2AD-DAD48D2173E7}"
EndProject
Project("{9A19103F-16F7-4668-BE54-9A1E7A4F7556}") = "Karaoke Demo MB net8", "WinForms\CSharp\Karaoke Demo\Karaoke Demo MB net8.csproj", "{CED4D367-B7D5-451A-8EF0-1072B6F3C268}"
EndProject
Project("{9A19103F-16F7-4668-BE54-9A1E7A4F7556}") = "NDI Source Demo net8", "WPF\CSharp\NDI Source Demo\NDI Source Demo net8.csproj", "{F892C490-5D60-4646-9F01-05C603FBDF71}"
EndProject
Project("{9A19103F-16F7-4668-BE54-9A1E7A4F7556}") = "Overlay Manager Demo net8", "WPF\CSharp\Overlay Manager Demo\Overlay Manager Demo net8.csproj", "{6FD37263-207E-48FF-8FAB-85168438F59D}"
EndProject
Project("{9A19103F-16F7-4668-BE54-9A1E7A4F7556}") = "Simple Player Core Demo net8", "WPF\CSharp\Simple Player Core Demo\Simple Player Core Demo net8.csproj", "{88CD2C24-E397-4B13-B5CE-87673BF5DB0F}"
EndProject
Project("{9A19103F-16F7-4668-BE54-9A1E7A4F7556}") = "HTTP MJPEG Source Demo net8", "WPF\CSharp\HTTP MJPEG Source Demo\HTTP MJPEG Source Demo net8.csproj", "{BBC211F5-A00F-449E-96B3-B5468747A188}"
EndProject
Project("{9A19103F-16F7-4668-BE54-9A1E7A4F7556}") = "USB3V-GigE Spinnaker net8", "WPF\CSharp\USB3V-GigE Spinnaker\USB3V-GigE Spinnaker net8.csproj", "{11AC8524-1FB3-4D01-8129-73B0D0604718}"
EndProject
Project("{9A19103F-16F7-4668-BE54-9A1E7A4F7556}") = "GenICam Source Demo net8", "WPF\CSharp\GenICam Source Demo\GenICam Source Demo net8.csproj", "{482A3AD5-CDF8-424A-8301-FDE35EB496F8}"
EndProject
Project("{9A19103F-16F7-4668-BE54-9A1E7A4F7556}") = "RTSP MultiViewSync Demo net8", "WPF\CSharp\RTSP MultiViewSync Demo\RTSP MultiViewSync Demo net8.csproj", "{D26860B9-06D8-41CB-8023-89E9E7F01C28}"
EndProject
Project("{9A19103F-16F7-4668-BE54-9A1E7A4F7556}") = "Basler Source Demo net8", "WPF\CSharp\Basler Source Demo\Basler Source Demo net8.csproj", "{189FE367-B3BA-4B11-9DF6-06888ECEDDD5}"
EndProject
Project("{9A19103F-16F7-4668-BE54-9A1E7A4F7556}") = "AlliedVision Source Demo net8", "WPF\CSharp\AlliedVision Source Demo\AlliedVision Source Demo net8.csproj", "{80747CE6-2EAA-4631-9FFA-F5EF855282CF}"
EndProject
Project("{9A19103F-16F7-4668-BE54-9A1E7A4F7556}") = "Decklink MultiOutput net8", "WPF\CSharp\Decklink MultiOutput\Decklink MultiOutput net8.csproj", "{A67AE6B2-C9C9-45E5-A3CA-87B5D184A6ED}"
EndProject
Project("{9A19103F-16F7-4668-BE54-9A1E7A4F7556}") = "Audio Capture Demo MB net8", "WPF\CSharp\Audio Capture Demo\Audio Capture Demo MB net8.csproj", "{76489FBD-06F1-4C9A-B886-CE794ADB4CBE}"
EndProject
Project("{9A19103F-16F7-4668-BE54-9A1E7A4F7556}") = "RTSP Preview Demo MB WPF net8", "WPF\CSharp\RTSP Preview Demo\RTSP Preview Demo MB WPF net8.csproj", "{40CCE521-29E6-4301-8457-A8DDDC1A4311}"
EndProject
Project("{9A19103F-16F7-4668-BE54-9A1E7A4F7556}") = "SRT Source Demo net8", "WPF\CSharp\SRT Source Demo\SRT Source Demo net8.csproj", "{0080701E-1F5B-4E5A-B743-A62049A43EC7}"
EndProject
Project("{9A19103F-16F7-4668-BE54-9A1E7A4F7556}") = "Bridge Demo net8", "WPF\CSharp\Bridge Demo\Bridge Demo net8.csproj", "{7F0B52AD-96EB-4519-8F8E-6F3034A59864}"
EndProject
Global
	GlobalSection(SolutionConfigurationPlatforms) = preSolution
		Debug|Any CPU = Debug|Any CPU
		Release|Any CPU = Release|Any CPU
	EndGlobalSection
	GlobalSection(ProjectConfigurationPlatforms) = postSolution
		{473CF44A-6FCE-4553-AE3E-CF056E761095}.Debug|Any CPU.ActiveCfg = Debug|Any CPU
		{473CF44A-6FCE-4553-AE3E-CF056E761095}.Debug|Any CPU.Build.0 = Debug|Any CPU
		{473CF44A-6FCE-4553-AE3E-CF056E761095}.Release|Any CPU.ActiveCfg = Release|Any CPU
		{473CF44A-6FCE-4553-AE3E-CF056E761095}.Release|Any CPU.Build.0 = Release|Any CPU
		{A24ED407-998B-4A6F-83BE-E908DC61758B}.Debug|Any CPU.ActiveCfg = Debug|Any CPU
		{A24ED407-998B-4A6F-83BE-E908DC61758B}.Debug|Any CPU.Build.0 = Debug|Any CPU
		{A24ED407-998B-4A6F-83BE-E908DC61758B}.Release|Any CPU.ActiveCfg = Release|Any CPU
		{A24ED407-998B-4A6F-83BE-E908DC61758B}.Release|Any CPU.Build.0 = Release|Any CPU
		{6072919F-08E7-4842-B541-03ED5B3E56AC}.Debug|Any CPU.ActiveCfg = Debug|Any CPU
		{6072919F-08E7-4842-B541-03ED5B3E56AC}.Debug|Any CPU.Build.0 = Debug|Any CPU
		{6072919F-08E7-4842-B541-03ED5B3E56AC}.Release|Any CPU.ActiveCfg = Release|Any CPU
		{6072919F-08E7-4842-B541-03ED5B3E56AC}.Release|Any CPU.Build.0 = Release|Any CPU
		{13BC142B-C1C3-4339-AA27-7BCCA9B03346}.Debug|Any CPU.ActiveCfg = Debug|Any CPU
		{13BC142B-C1C3-4339-AA27-7BCCA9B03346}.Debug|Any CPU.Build.0 = Debug|Any CPU
		{13BC142B-C1C3-4339-AA27-7BCCA9B03346}.Release|Any CPU.ActiveCfg = Release|Any CPU
		{13BC142B-C1C3-4339-AA27-7BCCA9B03346}.Release|Any CPU.Build.0 = Release|Any CPU
		{CF4098C2-B1AC-4A1F-A4A2-D2184A6B635F}.Debug|Any CPU.ActiveCfg = Debug|Any CPU
		{CF4098C2-B1AC-4A1F-A4A2-D2184A6B635F}.Debug|Any CPU.Build.0 = Debug|Any CPU
		{CF4098C2-B1AC-4A1F-A4A2-D2184A6B635F}.Release|Any CPU.ActiveCfg = Release|Any CPU
		{CF4098C2-B1AC-4A1F-A4A2-D2184A6B635F}.Release|Any CPU.Build.0 = Release|Any CPU
		{1941CAB1-CC6F-48A4-9BEB-21F87E6FC6AF}.Debug|Any CPU.ActiveCfg = Debug|Any CPU
		{1941CAB1-CC6F-48A4-9BEB-21F87E6FC6AF}.Debug|Any CPU.Build.0 = Debug|Any CPU
		{1941CAB1-CC6F-48A4-9BEB-21F87E6FC6AF}.Release|Any CPU.ActiveCfg = Release|Any CPU
		{1941CAB1-CC6F-48A4-9BEB-21F87E6FC6AF}.Release|Any CPU.Build.0 = Release|Any CPU
		{C0077718-4D9B-46A2-9F65-4F4533BF1739}.Debug|Any CPU.ActiveCfg = Debug|Any CPU
		{C0077718-4D9B-46A2-9F65-4F4533BF1739}.Debug|Any CPU.Build.0 = Debug|Any CPU
		{C0077718-4D9B-46A2-9F65-4F4533BF1739}.Release|Any CPU.ActiveCfg = Release|Any CPU
		{C0077718-4D9B-46A2-9F65-4F4533BF1739}.Release|Any CPU.Build.0 = Release|Any CPU
		{BAFC5FCA-4568-4E23-898E-E7E839E4941E}.Debug|Any CPU.ActiveCfg = Debug|Any CPU
		{BAFC5FCA-4568-4E23-898E-E7E839E4941E}.Debug|Any CPU.Build.0 = Debug|Any CPU
		{BAFC5FCA-4568-4E23-898E-E7E839E4941E}.Release|Any CPU.ActiveCfg = Release|Any CPU
		{BAFC5FCA-4568-4E23-898E-E7E839E4941E}.Release|Any CPU.Build.0 = Release|Any CPU
		{4AC3B01D-511C-48FD-8A70-5313747DE81A}.Debug|Any CPU.ActiveCfg = Debug|Any CPU
		{4AC3B01D-511C-48FD-8A70-5313747DE81A}.Debug|Any CPU.Build.0 = Debug|Any CPU
		{4AC3B01D-511C-48FD-8A70-5313747DE81A}.Release|Any CPU.ActiveCfg = Release|Any CPU
		{4AC3B01D-511C-48FD-8A70-5313747DE81A}.Release|Any CPU.Build.0 = Release|Any CPU
		{B099787C-07B7-4469-B430-B70B0C87BEA8}.Debug|Any CPU.ActiveCfg = Debug|Any CPU
		{B099787C-07B7-4469-B430-B70B0C87BEA8}.Debug|Any CPU.Build.0 = Debug|Any CPU
		{B099787C-07B7-4469-B430-B70B0C87BEA8}.Release|Any CPU.ActiveCfg = Release|Any CPU
		{B099787C-07B7-4469-B430-B70B0C87BEA8}.Release|Any CPU.Build.0 = Release|Any CPU
		{ABE9639C-A500-41EF-9320-2B0CA557FB3C}.Debug|Any CPU.ActiveCfg = Debug|Any CPU
		{ABE9639C-A500-41EF-9320-2B0CA557FB3C}.Debug|Any CPU.Build.0 = Debug|Any CPU
		{ABE9639C-A500-41EF-9320-2B0CA557FB3C}.Release|Any CPU.ActiveCfg = Release|Any CPU
		{ABE9639C-A500-41EF-9320-2B0CA557FB3C}.Release|Any CPU.Build.0 = Release|Any CPU
		{2EB9A066-884A-402B-910E-135655F8F359}.Debug|Any CPU.ActiveCfg = Debug|Any CPU
		{2EB9A066-884A-402B-910E-135655F8F359}.Debug|Any CPU.Build.0 = Debug|Any CPU
		{2EB9A066-884A-402B-910E-135655F8F359}.Release|Any CPU.ActiveCfg = Release|Any CPU
		{2EB9A066-884A-402B-910E-135655F8F359}.Release|Any CPU.Build.0 = Release|Any CPU
		{7B948001-268C-465F-BDF3-C1A1826304B0}.Debug|Any CPU.ActiveCfg = Debug|Any CPU
		{7B948001-268C-465F-BDF3-C1A1826304B0}.Debug|Any CPU.Build.0 = Debug|Any CPU
		{7B948001-268C-465F-BDF3-C1A1826304B0}.Release|Any CPU.ActiveCfg = Release|Any CPU
		{7B948001-268C-465F-BDF3-C1A1826304B0}.Release|Any CPU.Build.0 = Release|Any CPU
		{6B896BA6-518B-4C22-9723-F644DE16B9B6}.Debug|Any CPU.ActiveCfg = Debug|Any CPU
		{6B896BA6-518B-4C22-9723-F644DE16B9B6}.Debug|Any CPU.Build.0 = Debug|Any CPU
		{6B896BA6-518B-4C22-9723-F644DE16B9B6}.Release|Any CPU.ActiveCfg = Release|Any CPU
		{6B896BA6-518B-4C22-9723-F644DE16B9B6}.Release|Any CPU.Build.0 = Release|Any CPU
		{0BEC20A9-DC1D-42D6-A2AD-DAD48D2173E7}.Debug|Any CPU.ActiveCfg = Debug|Any CPU
		{0BEC20A9-DC1D-42D6-A2AD-DAD48D2173E7}.Debug|Any CPU.Build.0 = Debug|Any CPU
		{0BEC20A9-DC1D-42D6-A2AD-DAD48D2173E7}.Release|Any CPU.ActiveCfg = Release|Any CPU
		{0BEC20A9-DC1D-42D6-A2AD-DAD48D2173E7}.Release|Any CPU.Build.0 = Release|Any CPU
		{CED4D367-B7D5-451A-8EF0-1072B6F3C268}.Debug|Any CPU.ActiveCfg = Debug|Any CPU
		{CED4D367-B7D5-451A-8EF0-1072B6F3C268}.Debug|Any CPU.Build.0 = Debug|Any CPU
		{CED4D367-B7D5-451A-8EF0-1072B6F3C268}.Release|Any CPU.ActiveCfg = Release|Any CPU
		{CED4D367-B7D5-451A-8EF0-1072B6F3C268}.Release|Any CPU.Build.0 = Release|Any CPU
		{F892C490-5D60-4646-9F01-05C603FBDF71}.Debug|Any CPU.ActiveCfg = Debug|Any CPU
		{F892C490-5D60-4646-9F01-05C603FBDF71}.Debug|Any CPU.Build.0 = Debug|Any CPU
		{F892C490-5D60-4646-9F01-05C603FBDF71}.Release|Any CPU.ActiveCfg = Release|Any CPU
		{F892C490-5D60-4646-9F01-05C603FBDF71}.Release|Any CPU.Build.0 = Release|Any CPU
		{6FD37263-207E-48FF-8FAB-85168438F59D}.Debug|Any CPU.ActiveCfg = Debug|Any CPU
		{6FD37263-207E-48FF-8FAB-85168438F59D}.Debug|Any CPU.Build.0 = Debug|Any CPU
		{6FD37263-207E-48FF-8FAB-85168438F59D}.Release|Any CPU.ActiveCfg = Release|Any CPU
		{6FD37263-207E-48FF-8FAB-85168438F59D}.Release|Any CPU.Build.0 = Release|Any CPU
		{88CD2C24-E397-4B13-B5CE-87673BF5DB0F}.Debug|Any CPU.ActiveCfg = Debug|Any CPU
		{88CD2C24-E397-4B13-B5CE-87673BF5DB0F}.Debug|Any CPU.Build.0 = Debug|Any CPU
		{88CD2C24-E397-4B13-B5CE-87673BF5DB0F}.Release|Any CPU.ActiveCfg = Release|Any CPU
		{88CD2C24-E397-4B13-B5CE-87673BF5DB0F}.Release|Any CPU.Build.0 = Release|Any CPU
		{BBC211F5-A00F-449E-96B3-B5468747A188}.Debug|Any CPU.ActiveCfg = Debug|Any CPU
		{BBC211F5-A00F-449E-96B3-B5468747A188}.Debug|Any CPU.Build.0 = Debug|Any CPU
		{BBC211F5-A00F-449E-96B3-B5468747A188}.Release|Any CPU.ActiveCfg = Release|Any CPU
		{BBC211F5-A00F-449E-96B3-B5468747A188}.Release|Any CPU.Build.0 = Release|Any CPU
		{11AC8524-1FB3-4D01-8129-73B0D0604718}.Debug|Any CPU.ActiveCfg = Debug|Any CPU
		{11AC8524-1FB3-4D01-8129-73B0D0604718}.Debug|Any CPU.Build.0 = Debug|Any CPU
		{11AC8524-1FB3-4D01-8129-73B0D0604718}.Release|Any CPU.ActiveCfg = Release|Any CPU
		{11AC8524-1FB3-4D01-8129-73B0D0604718}.Release|Any CPU.Build.0 = Release|Any CPU
		{482A3AD5-CDF8-424A-8301-FDE35EB496F8}.Debug|Any CPU.ActiveCfg = Debug|Any CPU
		{482A3AD5-CDF8-424A-8301-FDE35EB496F8}.Debug|Any CPU.Build.0 = Debug|Any CPU
		{482A3AD5-CDF8-424A-8301-FDE35EB496F8}.Release|Any CPU.ActiveCfg = Release|Any CPU
		{482A3AD5-CDF8-424A-8301-FDE35EB496F8}.Release|Any CPU.Build.0 = Release|Any CPU
		{D26860B9-06D8-41CB-8023-89E9E7F01C28}.Debug|Any CPU.ActiveCfg = Debug|Any CPU
		{D26860B9-06D8-41CB-8023-89E9E7F01C28}.Debug|Any CPU.Build.0 = Debug|Any CPU
		{D26860B9-06D8-41CB-8023-89E9E7F01C28}.Release|Any CPU.ActiveCfg = Release|Any CPU
		{D26860B9-06D8-41CB-8023-89E9E7F01C28}.Release|Any CPU.Build.0 = Release|Any CPU
		{189FE367-B3BA-4B11-9DF6-06888ECEDDD5}.Debug|Any CPU.ActiveCfg = Debug|Any CPU
		{189FE367-B3BA-4B11-9DF6-06888ECEDDD5}.Debug|Any CPU.Build.0 = Debug|Any CPU
		{189FE367-B3BA-4B11-9DF6-06888ECEDDD5}.Release|Any CPU.ActiveCfg = Release|Any CPU
		{189FE367-B3BA-4B11-9DF6-06888ECEDDD5}.Release|Any CPU.Build.0 = Release|Any CPU
		{80747CE6-2EAA-4631-9FFA-F5EF855282CF}.Debug|Any CPU.ActiveCfg = Debug|Any CPU
		{80747CE6-2EAA-4631-9FFA-F5EF855282CF}.Debug|Any CPU.Build.0 = Debug|Any CPU
		{80747CE6-2EAA-4631-9FFA-F5EF855282CF}.Release|Any CPU.ActiveCfg = Release|Any CPU
		{80747CE6-2EAA-4631-9FFA-F5EF855282CF}.Release|Any CPU.Build.0 = Release|Any CPU
		{A67AE6B2-C9C9-45E5-A3CA-87B5D184A6ED}.Debug|Any CPU.ActiveCfg = Debug|Any CPU
		{A67AE6B2-C9C9-45E5-A3CA-87B5D184A6ED}.Debug|Any CPU.Build.0 = Debug|Any CPU
		{A67AE6B2-C9C9-45E5-A3CA-87B5D184A6ED}.Release|Any CPU.ActiveCfg = Release|Any CPU
		{A67AE6B2-C9C9-45E5-A3CA-87B5D184A6ED}.Release|Any CPU.Build.0 = Release|Any CPU
		{76489FBD-06F1-4C9A-B886-CE794ADB4CBE}.Debug|Any CPU.ActiveCfg = Debug|Any CPU
		{76489FBD-06F1-4C9A-B886-CE794ADB4CBE}.Debug|Any CPU.Build.0 = Debug|Any CPU
		{76489FBD-06F1-4C9A-B886-CE794ADB4CBE}.Release|Any CPU.ActiveCfg = Release|Any CPU
		{76489FBD-06F1-4C9A-B886-CE794ADB4CBE}.Release|Any CPU.Build.0 = Release|Any CPU
		{40CCE521-29E6-4301-8457-A8DDDC1A4311}.Debug|Any CPU.ActiveCfg = Debug|Any CPU
		{40CCE521-29E6-4301-8457-A8DDDC1A4311}.Debug|Any CPU.Build.0 = Debug|Any CPU
		{40CCE521-29E6-4301-8457-A8DDDC1A4311}.Release|Any CPU.ActiveCfg = Release|Any CPU
		{40CCE521-29E6-4301-8457-A8DDDC1A4311}.Release|Any CPU.Build.0 = Release|Any CPU
		{0080701E-1F5B-4E5A-B743-A62049A43EC7}.Debug|Any CPU.ActiveCfg = Debug|Any CPU
		{0080701E-1F5B-4E5A-B743-A62049A43EC7}.Debug|Any CPU.Build.0 = Debug|Any CPU
		{0080701E-1F5B-4E5A-B743-A62049A43EC7}.Release|Any CPU.ActiveCfg = Release|Any CPU
		{0080701E-1F5B-4E5A-B743-A62049A43EC7}.Release|Any CPU.Build.0 = Release|Any CPU
		{7F0B52AD-96EB-4519-8F8E-6F3034A59864}.Debug|Any CPU.ActiveCfg = Debug|Any CPU
		{7F0B52AD-96EB-4519-8F8E-6F3034A59864}.Debug|Any CPU.Build.0 = Debug|Any CPU
		{7F0B52AD-96EB-4519-8F8E-6F3034A59864}.Release|Any CPU.ActiveCfg = Release|Any CPU
		{7F0B52AD-96EB-4519-8F8E-6F3034A59864}.Release|Any CPU.Build.0 = Release|Any CPU
	EndGlobalSection
	GlobalSection(SolutionProperties) = preSolution
		HideSolutionNode = FALSE
	EndGlobalSection
	GlobalSection(NestedProjects) = preSolution
		{473CF44A-6FCE-4553-AE3E-CF056E761095} = {743796DD-6F87-4CD9-8419-0B8CE16B4CB9}
		{A24ED407-998B-4A6F-83BE-E908DC61758B} = {743796DD-6F87-4CD9-8419-0B8CE16B4CB9}
		{6072919F-08E7-4842-B541-03ED5B3E56AC} = {743796DD-6F87-4CD9-8419-0B8CE16B4CB9}
		{13BC142B-C1C3-4339-AA27-7BCCA9B03346} = {743796DD-6F87-4CD9-8419-0B8CE16B4CB9}
		{CF4098C2-B1AC-4A1F-A4A2-D2184A6B635F} = {743796DD-6F87-4CD9-8419-0B8CE16B4CB9}
		{1941CAB1-CC6F-48A4-9BEB-21F87E6FC6AF} = {0C3276A5-B4ED-4D44-BD9E-C622613A2F56}
		{C0077718-4D9B-46A2-9F65-4F4533BF1739} = {0C3276A5-B4ED-4D44-BD9E-C622613A2F56}
		{BAFC5FCA-4568-4E23-898E-E7E839E4941E} = {0C3276A5-B4ED-4D44-BD9E-C622613A2F56}
		{4AC3B01D-511C-48FD-8A70-5313747DE81A} = {0C3276A5-B4ED-4D44-BD9E-C622613A2F56}
		{B099787C-07B7-4469-B430-B70B0C87BEA8} = {0C3276A5-B4ED-4D44-BD9E-C622613A2F56}
		{ABE9639C-A500-41EF-9320-2B0CA557FB3C} = {0C3276A5-B4ED-4D44-BD9E-C622613A2F56}
		{2EB9A066-884A-402B-910E-135655F8F359} = {0C3276A5-B4ED-4D44-BD9E-C622613A2F56}
		{7B948001-268C-465F-BDF3-C1A1826304B0} = {0C3276A5-B4ED-4D44-BD9E-C622613A2F56}
		{6B896BA6-518B-4C22-9723-F644DE16B9B6} = {0C3276A5-B4ED-4D44-BD9E-C622613A2F56}
		{0BEC20A9-DC1D-42D6-A2AD-DAD48D2173E7} = {0C3276A5-B4ED-4D44-BD9E-C622613A2F56}
		{CED4D367-B7D5-451A-8EF0-1072B6F3C268} = {743796DD-6F87-4CD9-8419-0B8CE16B4CB9}
		{F892C490-5D60-4646-9F01-05C603FBDF71} = {0C3276A5-B4ED-4D44-BD9E-C622613A2F56}
		{6FD37263-207E-48FF-8FAB-85168438F59D} = {0C3276A5-B4ED-4D44-BD9E-C622613A2F56}
		{88CD2C24-E397-4B13-B5CE-87673BF5DB0F} = {0C3276A5-B4ED-4D44-BD9E-C622613A2F56}
		{BBC211F5-A00F-449E-96B3-B5468747A188} = {0C3276A5-B4ED-4D44-BD9E-C622613A2F56}
		{11AC8524-1FB3-4D01-8129-73B0D0604718} = {0C3276A5-B4ED-4D44-BD9E-C622613A2F56}
		{482A3AD5-CDF8-424A-8301-FDE35EB496F8} = {0C3276A5-B4ED-4D44-BD9E-C622613A2F56}
		{D26860B9-06D8-41CB-8023-89E9E7F01C28} = {0C3276A5-B4ED-4D44-BD9E-C622613A2F56}
		{189FE367-B3BA-4B11-9DF6-06888ECEDDD5} = {0C3276A5-B4ED-4D44-BD9E-C622613A2F56}
		{80747CE6-2EAA-4631-9FFA-F5EF855282CF} = {0C3276A5-B4ED-4D44-BD9E-C622613A2F56}
		{A67AE6B2-C9C9-45E5-A3CA-87B5D184A6ED} = {0C3276A5-B4ED-4D44-BD9E-C622613A2F56}
		{76489FBD-06F1-4C9A-B886-CE794ADB4CBE} = {0C3276A5-B4ED-4D44-BD9E-C622613A2F56}
		{40CCE521-29E6-4301-8457-A8DDDC1A4311} = {0C3276A5-B4ED-4D44-BD9E-C622613A2F56}
		{0080701E-1F5B-4E5A-B743-A62049A43EC7} = {0C3276A5-B4ED-4D44-BD9E-C622613A2F56}
		{7F0B52AD-96EB-4519-8F8E-6F3034A59864} = {0C3276A5-B4ED-4D44-BD9E-C622613A2F56}
	EndGlobalSection
	GlobalSection(ExtensibilityGlobals) = postSolution
		SolutionGuid = {421FE47D-FE2B-4EF3-A888-EC10030B8DBE}
	EndGlobalSection
EndGlobal
