
Microsoft Visual Studio Solution File, Format Version 12.00
# Visual Studio Version 17
VisualStudioVersion = 17.1.31911.260
MinimumVisualStudioVersion = 10.0.40219.1
Project("{2150E333-8FDC-42A3-9474-1A3956D46DE8}") = "WinForms", "WinForms", "{743796DD-6F87-4CD9-8419-0B8CE16B4CB9}"
EndProject
Project("{9A19103F-16F7-4668-BE54-9A1E7A4F7556}") = "RTSP MultiView Demo net7", "WinForms\CSharp\RTSP MultiView Demo\RTSP MultiView Demo net7.csproj", "{473CF44A-6FCE-4553-AE3E-CF056E761095}"
EndProject
Project("{9A19103F-16F7-4668-BE54-9A1E7A4F7556}") = "Simple Video Capture Demo net7", "WinForms\CSharp\Simple Video Capture Demo\Simple Video Capture Demo net7.csproj", "{A24ED407-998B-4A6F-83BE-E908DC61758B}"
EndProject
Project("{9A19103F-16F7-4668-BE54-9A1E7A4F7556}") = "Video Mixer Demo net7", "WinForms\CSharp\Video Mixer Demo\Video Mixer Demo net7.csproj", "{6072919F-08E7-4842-B541-03ED5B3E56AC}"
EndProject
Project("{9A19103F-16F7-4668-BE54-9A1E7A4F7556}") = "Simple Player Demo net7", "WinForms\CSharp\Simple Player Demo\Simple Player Demo net7.csproj", "{13BC142B-C1C3-4339-AA27-7BCCA9B03346}"
EndProject
Project("{9A19103F-16F7-4668-BE54-9A1E7A4F7556}") = "Memory Player Demo net7", "WinForms\CSharp\Memory Player Demo\Memory Player Demo net7.csproj", "{CF4098C2-B1AC-4A1F-A4A2-D2184A6B635F}"
EndProject
Project("{2150E333-8FDC-42A3-9474-1A3956D46DE8}") = "WPF", "WPF", "{0C3276A5-B4ED-4D44-BD9E-C622613A2F56}"
EndProject
Project("{9A19103F-16F7-4668-BE54-9A1E7A4F7556}") = "Screen Capture MB WPF net7", "WPF\CSharp\Screen Capture\Screen Capture MB WPF net7.csproj", "{1941CAB1-CC6F-48A4-9BEB-21F87E6FC6AF}"
EndProject
Project("{9A19103F-16F7-4668-BE54-9A1E7A4F7556}") = "Simple Video Capture Demo MB WPF net7", "WPF\CSharp\Simple Capture Demo\Simple Video Capture Demo MB WPF net7.csproj", "{C0077718-4D9B-46A2-9F65-4F4533BF1739}"
EndProject
Project("{9A19103F-16F7-4668-BE54-9A1E7A4F7556}") = "Simple Player Demo MB WPF net7", "WPF\CSharp\Simple Player Demo WPF\Simple Player Demo MB WPF net7.csproj", "{BAFC5FCA-4568-4E23-898E-E7E839E4941E}"
EndProject
Project("{9A19103F-16F7-4668-BE54-9A1E7A4F7556}") = "Decklink MB Demo net7", "WPF\CSharp\Decklink Demo\Decklink MB Demo net7.csproj", "{4AC3B01D-511C-48FD-8A70-5313747DE81A}"
EndProject
Project("{9A19103F-16F7-4668-BE54-9A1E7A4F7556}") = "Social Networks Streamer Demo MB net7", "WPF\CSharp\Social Networks Streamer Demo\Social Networks Streamer Demo MB net7.csproj", "{B099787C-07B7-4469-B430-B70B0C87BEA8}"
EndProject
Project("{9A19103F-16F7-4668-BE54-9A1E7A4F7556}") = "Video Compositor Demo net7", "WPF\CSharp\Video Compositor Demo\Video Compositor Demo net7.csproj", "{ABE9639C-A500-41EF-9320-2B0CA557FB3C}"
EndProject
Project("{9A19103F-16F7-4668-BE54-9A1E7A4F7556}") = "Face Detector Live net7", "WPF\CSharp\Face Detector Live\Face Detector Live net7.csproj", "{2EB9A066-884A-402B-910E-135655F8F359}"
EndProject
Project("{9A19103F-16F7-4668-BE54-9A1E7A4F7556}") = "Live Video Compositor Demo net7", "WPF\CSharp\Live Video Compositor Demo\Live Video Compositor Demo net7.csproj", "{7B948001-268C-465F-BDF3-C1A1826304B0}"
EndProject
Project("{9A19103F-16F7-4668-BE54-9A1E7A4F7556}") = "KLV Demo net7", "WPF\CSharp\KLV Demo\KLV Demo net7.csproj", "{6B896BA6-518B-4C22-9723-F644DE16B9B6}"
EndProject
Global
	GlobalSection(SolutionConfigurationPlatforms) = preSolution
		Debug|Any CPU = Debug|Any CPU
		Release|Any CPU = Release|Any CPU
	EndGlobalSection
	GlobalSection(ProjectConfigurationPlatforms) = postSolution
		{473CF44A-6FCE-4553-AE3E-CF056E761095}.Debug|Any CPU.ActiveCfg = Debug|Any CPU
		{473CF44A-6FCE-4553-AE3E-CF056E761095}.Debug|Any CPU.Build.0 = Debug|Any CPU
		{473CF44A-6FCE-4553-AE3E-CF056E761095}.Release|Any CPU.ActiveCfg = Release|Any CPU
		{473CF44A-6FCE-4553-AE3E-CF056E761095}.Release|Any CPU.Build.0 = Release|Any CPU
		{A24ED407-998B-4A6F-83BE-E908DC61758B}.Debug|Any CPU.ActiveCfg = Debug|Any CPU
		{A24ED407-998B-4A6F-83BE-E908DC61758B}.Debug|Any CPU.Build.0 = Debug|Any CPU
		{A24ED407-998B-4A6F-83BE-E908DC61758B}.Release|Any CPU.ActiveCfg = Release|Any CPU
		{A24ED407-998B-4A6F-83BE-E908DC61758B}.Release|Any CPU.Build.0 = Release|Any CPU
		{6072919F-08E7-4842-B541-03ED5B3E56AC}.Debug|Any CPU.ActiveCfg = Debug|Any CPU
		{6072919F-08E7-4842-B541-03ED5B3E56AC}.Debug|Any CPU.Build.0 = Debug|Any CPU
		{6072919F-08E7-4842-B541-03ED5B3E56AC}.Release|Any CPU.ActiveCfg = Release|Any CPU
		{6072919F-08E7-4842-B541-03ED5B3E56AC}.Release|Any CPU.Build.0 = Release|Any CPU
		{13BC142B-C1C3-4339-AA27-7BCCA9B03346}.Debug|Any CPU.ActiveCfg = Debug|Any CPU
		{13BC142B-C1C3-4339-AA27-7BCCA9B03346}.Debug|Any CPU.Build.0 = Debug|Any CPU
		{13BC142B-C1C3-4339-AA27-7BCCA9B03346}.Release|Any CPU.ActiveCfg = Release|Any CPU
		{13BC142B-C1C3-4339-AA27-7BCCA9B03346}.Release|Any CPU.Build.0 = Release|Any CPU
		{CF4098C2-B1AC-4A1F-A4A2-D2184A6B635F}.Debug|Any CPU.ActiveCfg = Debug|Any CPU
		{CF4098C2-B1AC-4A1F-A4A2-D2184A6B635F}.Debug|Any CPU.Build.0 = Debug|Any CPU
		{CF4098C2-B1AC-4A1F-A4A2-D2184A6B635F}.Release|Any CPU.ActiveCfg = Release|Any CPU
		{CF4098C2-B1AC-4A1F-A4A2-D2184A6B635F}.Release|Any CPU.Build.0 = Release|Any CPU
		{1941CAB1-CC6F-48A4-9BEB-21F87E6FC6AF}.Debug|Any CPU.ActiveCfg = Debug|Any CPU
		{1941CAB1-CC6F-48A4-9BEB-21F87E6FC6AF}.Debug|Any CPU.Build.0 = Debug|Any CPU
		{1941CAB1-CC6F-48A4-9BEB-21F87E6FC6AF}.Release|Any CPU.ActiveCfg = Release|Any CPU
		{1941CAB1-CC6F-48A4-9BEB-21F87E6FC6AF}.Release|Any CPU.Build.0 = Release|Any CPU
		{C0077718-4D9B-46A2-9F65-4F4533BF1739}.Debug|Any CPU.ActiveCfg = Debug|Any CPU
		{C0077718-4D9B-46A2-9F65-4F4533BF1739}.Debug|Any CPU.Build.0 = Debug|Any CPU
		{C0077718-4D9B-46A2-9F65-4F4533BF1739}.Release|Any CPU.ActiveCfg = Release|Any CPU
		{C0077718-4D9B-46A2-9F65-4F4533BF1739}.Release|Any CPU.Build.0 = Release|Any CPU
		{BAFC5FCA-4568-4E23-898E-E7E839E4941E}.Debug|Any CPU.ActiveCfg = Debug|Any CPU
		{BAFC5FCA-4568-4E23-898E-E7E839E4941E}.Debug|Any CPU.Build.0 = Debug|Any CPU
		{BAFC5FCA-4568-4E23-898E-E7E839E4941E}.Release|Any CPU.ActiveCfg = Release|Any CPU
		{BAFC5FCA-4568-4E23-898E-E7E839E4941E}.Release|Any CPU.Build.0 = Release|Any CPU
		{4AC3B01D-511C-48FD-8A70-5313747DE81A}.Debug|Any CPU.ActiveCfg = Debug|Any CPU
		{4AC3B01D-511C-48FD-8A70-5313747DE81A}.Debug|Any CPU.Build.0 = Debug|Any CPU
		{4AC3B01D-511C-48FD-8A70-5313747DE81A}.Release|Any CPU.ActiveCfg = Release|Any CPU
		{4AC3B01D-511C-48FD-8A70-5313747DE81A}.Release|Any CPU.Build.0 = Release|Any CPU
		{B099787C-07B7-4469-B430-B70B0C87BEA8}.Debug|Any CPU.ActiveCfg = Debug|Any CPU
		{B099787C-07B7-4469-B430-B70B0C87BEA8}.Debug|Any CPU.Build.0 = Debug|Any CPU
		{B099787C-07B7-4469-B430-B70B0C87BEA8}.Release|Any CPU.ActiveCfg = Release|Any CPU
		{B099787C-07B7-4469-B430-B70B0C87BEA8}.Release|Any CPU.Build.0 = Release|Any CPU
		{ABE9639C-A500-41EF-9320-2B0CA557FB3C}.Debug|Any CPU.ActiveCfg = Debug|Any CPU
		{ABE9639C-A500-41EF-9320-2B0CA557FB3C}.Debug|Any CPU.Build.0 = Debug|Any CPU
		{ABE9639C-A500-41EF-9320-2B0CA557FB3C}.Release|Any CPU.ActiveCfg = Release|Any CPU
		{ABE9639C-A500-41EF-9320-2B0CA557FB3C}.Release|Any CPU.Build.0 = Release|Any CPU
		{2EB9A066-884A-402B-910E-135655F8F359}.Debug|Any CPU.ActiveCfg = Debug|Any CPU
		{2EB9A066-884A-402B-910E-135655F8F359}.Debug|Any CPU.Build.0 = Debug|Any CPU
		{2EB9A066-884A-402B-910E-135655F8F359}.Release|Any CPU.ActiveCfg = Release|Any CPU
		{2EB9A066-884A-402B-910E-135655F8F359}.Release|Any CPU.Build.0 = Release|Any CPU
		{7B948001-268C-465F-BDF3-C1A1826304B0}.Debug|Any CPU.ActiveCfg = Debug|Any CPU
		{7B948001-268C-465F-BDF3-C1A1826304B0}.Debug|Any CPU.Build.0 = Debug|Any CPU
		{7B948001-268C-465F-BDF3-C1A1826304B0}.Release|Any CPU.ActiveCfg = Release|Any CPU
		{7B948001-268C-465F-BDF3-C1A1826304B0}.Release|Any CPU.Build.0 = Release|Any CPU
		{6B896BA6-518B-4C22-9723-F644DE16B9B6}.Debug|Any CPU.ActiveCfg = Debug|Any CPU
		{6B896BA6-518B-4C22-9723-F644DE16B9B6}.Debug|Any CPU.Build.0 = Debug|Any CPU
		{6B896BA6-518B-4C22-9723-F644DE16B9B6}.Release|Any CPU.ActiveCfg = Release|Any CPU
		{6B896BA6-518B-4C22-9723-F644DE16B9B6}.Release|Any CPU.Build.0 = Release|Any CPU
	EndGlobalSection
	GlobalSection(SolutionProperties) = preSolution
		HideSolutionNode = FALSE
	EndGlobalSection
	GlobalSection(NestedProjects) = preSolution
		{473CF44A-6FCE-4553-AE3E-CF056E761095} = {743796DD-6F87-4CD9-8419-0B8CE16B4CB9}
		{A24ED407-998B-4A6F-83BE-E908DC61758B} = {743796DD-6F87-4CD9-8419-0B8CE16B4CB9}
		{6072919F-08E7-4842-B541-03ED5B3E56AC} = {743796DD-6F87-4CD9-8419-0B8CE16B4CB9}
		{13BC142B-C1C3-4339-AA27-7BCCA9B03346} = {743796DD-6F87-4CD9-8419-0B8CE16B4CB9}
		{CF4098C2-B1AC-4A1F-A4A2-D2184A6B635F} = {743796DD-6F87-4CD9-8419-0B8CE16B4CB9}
		{1941CAB1-CC6F-48A4-9BEB-21F87E6FC6AF} = {0C3276A5-B4ED-4D44-BD9E-C622613A2F56}
		{C0077718-4D9B-46A2-9F65-4F4533BF1739} = {0C3276A5-B4ED-4D44-BD9E-C622613A2F56}
		{BAFC5FCA-4568-4E23-898E-E7E839E4941E} = {0C3276A5-B4ED-4D44-BD9E-C622613A2F56}
		{4AC3B01D-511C-48FD-8A70-5313747DE81A} = {0C3276A5-B4ED-4D44-BD9E-C622613A2F56}
		{B099787C-07B7-4469-B430-B70B0C87BEA8} = {0C3276A5-B4ED-4D44-BD9E-C622613A2F56}
		{ABE9639C-A500-41EF-9320-2B0CA557FB3C} = {0C3276A5-B4ED-4D44-BD9E-C622613A2F56}
		{2EB9A066-884A-402B-910E-135655F8F359} = {0C3276A5-B4ED-4D44-BD9E-C622613A2F56}
		{7B948001-268C-465F-BDF3-C1A1826304B0} = {0C3276A5-B4ED-4D44-BD9E-C622613A2F56}
		{6B896BA6-518B-4C22-9723-F644DE16B9B6} = {0C3276A5-B4ED-4D44-BD9E-C622613A2F56}
	EndGlobalSection
	GlobalSection(ExtensibilityGlobals) = postSolution
		SolutionGuid = {421FE47D-FE2B-4EF3-A888-EC10030B8DBE}
	EndGlobalSection
EndGlobal
