
Microsoft Visual Studio Solution File, Format Version 12.00
# Visual Studio Version 17
VisualStudioVersion = 17.1.31911.260
MinimumVisualStudioVersion = 10.0.40219.1
Project("{9A19103F-16F7-4668-BE54-9A1E7A4F7556}") = "MediaPlayer net8", "Android\MediaPlayer\MediaPlayer net8.csproj", "{3650E895-910B-45C6-8344-941D91A4F653}"
EndProject
Project("{9A19103F-16F7-4668-BE54-9A1E7A4F7556}") = "VisioForge.Core.Android.X8", "..\AndroidDependency\VisioForge.Core.Android.X8.csproj", "{95D3F6E3-9727-4A12-B359-09CFD89B21DC}"
EndProject
Global
	GlobalSection(SolutionConfigurationPlatforms) = preSolution
		Debug|Any CPU = Debug|Any CPU
		Release|Any CPU = Release|Any CPU
	EndGlobalSection
	GlobalSection(ProjectConfigurationPlatforms) = postSolution
		{3650E895-910B-45C6-8344-941D91A4F653}.Debug|Any CPU.ActiveCfg = Debug|Any CPU
		{3650E895-910B-45C6-8344-941D91A4F653}.Debug|Any CPU.Build.0 = Debug|Any CPU
		{3650E895-910B-45C6-8344-941D91A4F653}.Debug|Any CPU.Deploy.0 = Debug|Any CPU
		{3650E895-910B-45C6-8344-941D91A4F653}.Release|Any CPU.ActiveCfg = Release|Any CPU
		{3650E895-910B-45C6-8344-941D91A4F653}.Release|Any CPU.Build.0 = Release|Any CPU
		{3650E895-910B-45C6-8344-941D91A4F653}.Release|Any CPU.Deploy.0 = Release|Any CPU
		{95D3F6E3-9727-4A12-B359-09CFD89B21DC}.Debug|Any CPU.ActiveCfg = Debug|Any CPU
		{95D3F6E3-9727-4A12-B359-09CFD89B21DC}.Debug|Any CPU.Build.0 = Debug|Any CPU
		{95D3F6E3-9727-4A12-B359-09CFD89B21DC}.Release|Any CPU.ActiveCfg = Release|Any CPU
		{95D3F6E3-9727-4A12-B359-09CFD89B21DC}.Release|Any CPU.Build.0 = Release|Any CPU
	EndGlobalSection
	GlobalSection(SolutionProperties) = preSolution
		HideSolutionNode = FALSE
	EndGlobalSection
	GlobalSection(ExtensibilityGlobals) = postSolution
		SolutionGuid = {23833106-1A40-4105-9674-C90843B23533}
	EndGlobalSection
EndGlobal
