
Microsoft Visual Studio Solution File, Format Version 12.00
# Visual Studio Version 17
VisualStudioVersion = 17.1.31911.260
MinimumVisualStudioVersion = 10.0.40219.1
Project("{9A19103F-16F7-4668-BE54-9A1E7A4F7556}") = "Simple Video Player Avalonia", "Avalonia\Simple Video Player Avalonia\Simple Video Player Avalonia.csproj", "{9D25219F-9874-47DB-903E-69C11CB8EA1E}"
EndProject
Global
	GlobalSection(SolutionConfigurationPlatforms) = preSolution
		Debug|Any CPU = Debug|Any CPU
		Release|Any CPU = Release|Any CPU
	EndGlobalSection
	GlobalSection(ProjectConfigurationPlatforms) = postSolution
		{9D25219F-9874-47DB-903E-69C11CB8EA1E}.Debug|Any CPU.ActiveCfg = Debug|Any CPU
		{9D25219F-9874-47DB-903E-69C11CB8EA1E}.Debug|Any CPU.Build.0 = Debug|Any CPU
		{9D25219F-9874-47DB-903E-69C11CB8EA1E}.Release|Any CPU.ActiveCfg = Release|Any CPU
		{9D25219F-9874-47DB-903E-69C11CB8EA1E}.Release|Any CPU.Build.0 = Release|Any CPU
	EndGlobalSection
	GlobalSection(SolutionProperties) = preSolution
		HideSolutionNode = FALSE
	EndGlobalSection
	GlobalSection(ExtensibilityGlobals) = postSolution
		SolutionGuid = {23833106-1A40-4105-9674-C90843B23533}
	EndGlobalSection
EndGlobal
