
Microsoft Visual Studio Solution File, Format Version 12.00
# Visual Studio Version 17
VisualStudioVersion = 17.1.31911.260
MinimumVisualStudioVersion = 10.0.40219.1
Project("{2150E333-8FDC-42A3-9474-1A3956D46DE8}") = "WPF", "WPF", "{BEB35102-F434-47CE-A231-2FC3F089F75B}"
EndProject
Project("{9A19103F-16F7-4668-BE54-9A1E7A4F7556}") = "Decklink Demo X netcore31", "WPF\CSharp\Decklink Demo X\Decklink Demo X netcore31.csproj", "{4FBAE614-E164-4C44-8F99-F4D2A9B9AE84}"
EndProject
Project("{9A19103F-16F7-4668-BE54-9A1E7A4F7556}") = "Screen Capture X Demo WPF netcore31", "WPF\CSharp\Screen_Capture\Screen Capture X Demo WPF netcore31.csproj", "{707D821A-3C60-4213-BDEA-60805C6FFD3F}"
EndProject
Project("{9A19103F-16F7-4668-BE54-9A1E7A4F7556}") = "Simple Video Capture X netcore31", "WPF\CSharp\Simple Video Capture\Simple Video Capture X netcore31.csproj", "{5E57DF75-C4D6-4E5A-BD69-89BDE3FCE951}"
EndProject
Project("{9A19103F-16F7-4668-BE54-9A1E7A4F7556}") = "Social Networks Streamer netcore31", "WPF\CSharp\Social Networks Streamer\Social Networks Streamer netcore31.csproj", "{81F17EA4-72C2-437D-9F1F-7BFE14D66418}"
EndProject
Project("{9A19103F-16F7-4668-BE54-9A1E7A4F7556}") = "Video Compositor Demo netcore31", "WPF\CSharp\Video Compositor Demo\Video Compositor Demo netcore31.csproj", "{A9A2205B-9F61-4919-B68E-700AA15B5B4C}"
EndProject
Project("{9A19103F-16F7-4668-BE54-9A1E7A4F7556}") = "VNC Source Demo X netcore31", "WPF\CSharp\VNC Source Demo\VNC Source Demo X netcore31.csproj", "{4391B447-4F38-4A52-A412-2FAB827297E6}"
EndProject
Project("{9A19103F-16F7-4668-BE54-9A1E7A4F7556}") = "NDI Source Demo X netcore31", "WPF\CSharp\NDI Source Demo\NDI Source Demo X netcore31.csproj", "{2D534E37-E531-40F1-A47C-D072E5759C31}"
EndProject
Project("{9A19103F-16F7-4668-BE54-9A1E7A4F7556}") = "IP Capture X Demo WPF netcore31", "WPF\CSharp\IP Capture\IP Capture X Demo WPF netcore31.csproj", "{A69E6CD0-14CE-4BF5-92AC-8BC3B08E5106}"
EndProject
Project("{9A19103F-16F7-4668-BE54-9A1E7A4F7556}") = "Audio Capture Demo X WPF netcore31", "WPF\CSharp\Audio Capture Demo X WPF\Audio Capture Demo X WPF netcore31.csproj", "{64D1B3CB-DBC8-4133-891C-310D381ACDA7}"
EndProject
Project("{9A19103F-16F7-4668-BE54-9A1E7A4F7556}") = "Overlay Manager Demo X netcore31", "WPF\CSharp\Overlay Manager Demo\Overlay Manager Demo X netcore31.csproj", "{5E458DE1-5460-4244-A802-A575412F81F7}"
EndProject
Project("{9A19103F-16F7-4668-BE54-9A1E7A4F7556}") = "NDI Streamer Demo netcore31", "WPF\CSharp\NDI Streamer Demo\NDI Streamer Demo netcore31.csproj", "{6247EF66-B82F-4F63-9B6F-3AA7DF8265CF}"
EndProject
Global
	GlobalSection(SolutionConfigurationPlatforms) = preSolution
		Debug|Any CPU = Debug|Any CPU
		Release|Any CPU = Release|Any CPU
	EndGlobalSection
	GlobalSection(ProjectConfigurationPlatforms) = postSolution
		{4FBAE614-E164-4C44-8F99-F4D2A9B9AE84}.Debug|Any CPU.ActiveCfg = Debug|Any CPU
		{4FBAE614-E164-4C44-8F99-F4D2A9B9AE84}.Debug|Any CPU.Build.0 = Debug|Any CPU
		{4FBAE614-E164-4C44-8F99-F4D2A9B9AE84}.Release|Any CPU.ActiveCfg = Release|Any CPU
		{4FBAE614-E164-4C44-8F99-F4D2A9B9AE84}.Release|Any CPU.Build.0 = Release|Any CPU
		{707D821A-3C60-4213-BDEA-60805C6FFD3F}.Debug|Any CPU.ActiveCfg = Debug|Any CPU
		{707D821A-3C60-4213-BDEA-60805C6FFD3F}.Debug|Any CPU.Build.0 = Debug|Any CPU
		{707D821A-3C60-4213-BDEA-60805C6FFD3F}.Release|Any CPU.ActiveCfg = Release|Any CPU
		{707D821A-3C60-4213-BDEA-60805C6FFD3F}.Release|Any CPU.Build.0 = Release|Any CPU
		{5E57DF75-C4D6-4E5A-BD69-89BDE3FCE951}.Debug|Any CPU.ActiveCfg = Debug|Any CPU
		{5E57DF75-C4D6-4E5A-BD69-89BDE3FCE951}.Debug|Any CPU.Build.0 = Debug|Any CPU
		{5E57DF75-C4D6-4E5A-BD69-89BDE3FCE951}.Release|Any CPU.ActiveCfg = Release|Any CPU
		{5E57DF75-C4D6-4E5A-BD69-89BDE3FCE951}.Release|Any CPU.Build.0 = Release|Any CPU
		{81F17EA4-72C2-437D-9F1F-7BFE14D66418}.Debug|Any CPU.ActiveCfg = Debug|Any CPU
		{81F17EA4-72C2-437D-9F1F-7BFE14D66418}.Debug|Any CPU.Build.0 = Debug|Any CPU
		{81F17EA4-72C2-437D-9F1F-7BFE14D66418}.Release|Any CPU.ActiveCfg = Release|Any CPU
		{81F17EA4-72C2-437D-9F1F-7BFE14D66418}.Release|Any CPU.Build.0 = Release|Any CPU
		{A9A2205B-9F61-4919-B68E-700AA15B5B4C}.Debug|Any CPU.ActiveCfg = Debug|Any CPU
		{A9A2205B-9F61-4919-B68E-700AA15B5B4C}.Debug|Any CPU.Build.0 = Debug|Any CPU
		{A9A2205B-9F61-4919-B68E-700AA15B5B4C}.Release|Any CPU.ActiveCfg = Release|Any CPU
		{A9A2205B-9F61-4919-B68E-700AA15B5B4C}.Release|Any CPU.Build.0 = Release|Any CPU
		{4391B447-4F38-4A52-A412-2FAB827297E6}.Debug|Any CPU.ActiveCfg = Debug|Any CPU
		{4391B447-4F38-4A52-A412-2FAB827297E6}.Debug|Any CPU.Build.0 = Debug|Any CPU
		{4391B447-4F38-4A52-A412-2FAB827297E6}.Release|Any CPU.ActiveCfg = Release|Any CPU
		{4391B447-4F38-4A52-A412-2FAB827297E6}.Release|Any CPU.Build.0 = Release|Any CPU
		{2D534E37-E531-40F1-A47C-D072E5759C31}.Debug|Any CPU.ActiveCfg = Debug|Any CPU
		{2D534E37-E531-40F1-A47C-D072E5759C31}.Debug|Any CPU.Build.0 = Debug|Any CPU
		{2D534E37-E531-40F1-A47C-D072E5759C31}.Release|Any CPU.ActiveCfg = Release|Any CPU
		{2D534E37-E531-40F1-A47C-D072E5759C31}.Release|Any CPU.Build.0 = Release|Any CPU
		{A69E6CD0-14CE-4BF5-92AC-8BC3B08E5106}.Debug|Any CPU.ActiveCfg = Debug|Any CPU
		{A69E6CD0-14CE-4BF5-92AC-8BC3B08E5106}.Debug|Any CPU.Build.0 = Debug|Any CPU
		{A69E6CD0-14CE-4BF5-92AC-8BC3B08E5106}.Release|Any CPU.ActiveCfg = Release|Any CPU
		{A69E6CD0-14CE-4BF5-92AC-8BC3B08E5106}.Release|Any CPU.Build.0 = Release|Any CPU
		{64D1B3CB-DBC8-4133-891C-310D381ACDA7}.Debug|Any CPU.ActiveCfg = Debug|Any CPU
		{64D1B3CB-DBC8-4133-891C-310D381ACDA7}.Debug|Any CPU.Build.0 = Debug|Any CPU
		{64D1B3CB-DBC8-4133-891C-310D381ACDA7}.Release|Any CPU.ActiveCfg = Release|Any CPU
		{64D1B3CB-DBC8-4133-891C-310D381ACDA7}.Release|Any CPU.Build.0 = Release|Any CPU
		{5E458DE1-5460-4244-A802-A575412F81F7}.Debug|Any CPU.ActiveCfg = Debug|Any CPU
		{5E458DE1-5460-4244-A802-A575412F81F7}.Debug|Any CPU.Build.0 = Debug|Any CPU
		{5E458DE1-5460-4244-A802-A575412F81F7}.Release|Any CPU.ActiveCfg = Release|Any CPU
		{5E458DE1-5460-4244-A802-A575412F81F7}.Release|Any CPU.Build.0 = Release|Any CPU
		{6247EF66-B82F-4F63-9B6F-3AA7DF8265CF}.Debug|Any CPU.ActiveCfg = Debug|Any CPU
		{6247EF66-B82F-4F63-9B6F-3AA7DF8265CF}.Debug|Any CPU.Build.0 = Debug|Any CPU
		{6247EF66-B82F-4F63-9B6F-3AA7DF8265CF}.Release|Any CPU.ActiveCfg = Release|Any CPU
		{6247EF66-B82F-4F63-9B6F-3AA7DF8265CF}.Release|Any CPU.Build.0 = Release|Any CPU
	EndGlobalSection
	GlobalSection(SolutionProperties) = preSolution
		HideSolutionNode = FALSE
	EndGlobalSection
	GlobalSection(NestedProjects) = preSolution
		{4FBAE614-E164-4C44-8F99-F4D2A9B9AE84} = {BEB35102-F434-47CE-A231-2FC3F089F75B}
		{707D821A-3C60-4213-BDEA-60805C6FFD3F} = {BEB35102-F434-47CE-A231-2FC3F089F75B}
		{5E57DF75-C4D6-4E5A-BD69-89BDE3FCE951} = {BEB35102-F434-47CE-A231-2FC3F089F75B}
		{81F17EA4-72C2-437D-9F1F-7BFE14D66418} = {BEB35102-F434-47CE-A231-2FC3F089F75B}
		{A9A2205B-9F61-4919-B68E-700AA15B5B4C} = {BEB35102-F434-47CE-A231-2FC3F089F75B}
		{4391B447-4F38-4A52-A412-2FAB827297E6} = {BEB35102-F434-47CE-A231-2FC3F089F75B}
		{2D534E37-E531-40F1-A47C-D072E5759C31} = {BEB35102-F434-47CE-A231-2FC3F089F75B}
		{A69E6CD0-14CE-4BF5-92AC-8BC3B08E5106} = {BEB35102-F434-47CE-A231-2FC3F089F75B}
		{64D1B3CB-DBC8-4133-891C-310D381ACDA7} = {BEB35102-F434-47CE-A231-2FC3F089F75B}
		{5E458DE1-5460-4244-A802-A575412F81F7} = {BEB35102-F434-47CE-A231-2FC3F089F75B}
		{6247EF66-B82F-4F63-9B6F-3AA7DF8265CF} = {BEB35102-F434-47CE-A231-2FC3F089F75B}
	EndGlobalSection
	GlobalSection(ExtensibilityGlobals) = postSolution
		SolutionGuid = {4F46B964-BC4D-4675-AF4A-17347CF13390}
	EndGlobalSection
EndGlobal
