
Microsoft Visual Studio Solution File, Format Version 12.00
# Visual Studio Version 17
VisualStudioVersion = 17.1.31911.260
MinimumVisualStudioVersion = 10.0.40219.1
Project("{9A19103F-16F7-4668-BE54-9A1E7A4F7556}") = "QRReader", "MAUI\QRReader\QRReader.csproj", "{0CBFB56A-A453-4677-8D85-14BAC516F2AD}"
EndProject
Project("{9A19103F-16F7-4668-BE54-9A1E7A4F7556}") = "SimpleCapture", "MAUI\SimpleCapture\SimpleCapture.csproj", "{1A9B8956-BFFC-4777-8916-2D559EE151D8}"
EndProject
Project("{9A19103F-16F7-4668-BE54-9A1E7A4F7556}") = "PhotoCapture", "MAUI\PhotoCapture\PhotoCapture.csproj", "{E20EBFFC-6D11-4C58-9C9A-52D2582990A7}"
EndProject
Project("{2150E333-8FDC-42A3-9474-1A3956D46DE8}") = "MAUI", "MAUI", "{5358A8DD-221C-A68E-DDFB-CD91B98A505E}"
EndProject
Project("{9A19103F-16F7-4668-BE54-9A1E7A4F7556}") = "NDIPlayer", "MAUI\NDIPlayer\NDIPlayer.csproj", "{54E8B161-75BA-44FF-9108-082CDCD6E6C5}"
EndProject
Global
	GlobalSection(SolutionConfigurationPlatforms) = preSolution
		Debug|Any CPU = Debug|Any CPU
		Debug|x64 = Debug|x64
		Debug|x86 = Debug|x86
		Release|Any CPU = Release|Any CPU
		Release|x64 = Release|x64
		Release|x86 = Release|x86
	EndGlobalSection
	GlobalSection(ProjectConfigurationPlatforms) = postSolution
		{0CBFB56A-A453-4677-8D85-14BAC516F2AD}.Debug|Any CPU.ActiveCfg = Debug|Any CPU
		{0CBFB56A-A453-4677-8D85-14BAC516F2AD}.Debug|Any CPU.Build.0 = Debug|Any CPU
		{0CBFB56A-A453-4677-8D85-14BAC516F2AD}.Debug|Any CPU.Deploy.0 = Debug|Any CPU
		{0CBFB56A-A453-4677-8D85-14BAC516F2AD}.Debug|x64.ActiveCfg = Debug|Any CPU
		{0CBFB56A-A453-4677-8D85-14BAC516F2AD}.Debug|x64.Build.0 = Debug|Any CPU
		{0CBFB56A-A453-4677-8D85-14BAC516F2AD}.Debug|x86.ActiveCfg = Debug|Any CPU
		{0CBFB56A-A453-4677-8D85-14BAC516F2AD}.Debug|x86.Build.0 = Debug|Any CPU
		{0CBFB56A-A453-4677-8D85-14BAC516F2AD}.Release|Any CPU.ActiveCfg = Release|Any CPU
		{0CBFB56A-A453-4677-8D85-14BAC516F2AD}.Release|Any CPU.Build.0 = Release|Any CPU
		{0CBFB56A-A453-4677-8D85-14BAC516F2AD}.Release|Any CPU.Deploy.0 = Release|Any CPU
		{0CBFB56A-A453-4677-8D85-14BAC516F2AD}.Release|x64.ActiveCfg = Release|Any CPU
		{0CBFB56A-A453-4677-8D85-14BAC516F2AD}.Release|x64.Build.0 = Release|Any CPU
		{0CBFB56A-A453-4677-8D85-14BAC516F2AD}.Release|x86.ActiveCfg = Release|Any CPU
		{0CBFB56A-A453-4677-8D85-14BAC516F2AD}.Release|x86.Build.0 = Release|Any CPU
		{1A9B8956-BFFC-4777-8916-2D559EE151D8}.Debug|Any CPU.ActiveCfg = Debug|Any CPU
		{1A9B8956-BFFC-4777-8916-2D559EE151D8}.Debug|Any CPU.Build.0 = Debug|Any CPU
		{1A9B8956-BFFC-4777-8916-2D559EE151D8}.Debug|x64.ActiveCfg = Debug|Any CPU
		{1A9B8956-BFFC-4777-8916-2D559EE151D8}.Debug|x64.Build.0 = Debug|Any CPU
		{1A9B8956-BFFC-4777-8916-2D559EE151D8}.Debug|x86.ActiveCfg = Debug|Any CPU
		{1A9B8956-BFFC-4777-8916-2D559EE151D8}.Debug|x86.Build.0 = Debug|Any CPU
		{1A9B8956-BFFC-4777-8916-2D559EE151D8}.Release|Any CPU.ActiveCfg = Release|Any CPU
		{1A9B8956-BFFC-4777-8916-2D559EE151D8}.Release|Any CPU.Build.0 = Release|Any CPU
		{1A9B8956-BFFC-4777-8916-2D559EE151D8}.Release|x64.ActiveCfg = Release|Any CPU
		{1A9B8956-BFFC-4777-8916-2D559EE151D8}.Release|x64.Build.0 = Release|Any CPU
		{1A9B8956-BFFC-4777-8916-2D559EE151D8}.Release|x86.ActiveCfg = Release|Any CPU
		{1A9B8956-BFFC-4777-8916-2D559EE151D8}.Release|x86.Build.0 = Release|Any CPU
		{E20EBFFC-6D11-4C58-9C9A-52D2582990A7}.Debug|Any CPU.ActiveCfg = Debug|Any CPU
		{E20EBFFC-6D11-4C58-9C9A-52D2582990A7}.Debug|Any CPU.Build.0 = Debug|Any CPU
		{E20EBFFC-6D11-4C58-9C9A-52D2582990A7}.Debug|Any CPU.Deploy.0 = Debug|Any CPU
		{E20EBFFC-6D11-4C58-9C9A-52D2582990A7}.Debug|x64.ActiveCfg = Debug|Any CPU
		{E20EBFFC-6D11-4C58-9C9A-52D2582990A7}.Debug|x64.Build.0 = Debug|Any CPU
		{E20EBFFC-6D11-4C58-9C9A-52D2582990A7}.Debug|x86.ActiveCfg = Debug|Any CPU
		{E20EBFFC-6D11-4C58-9C9A-52D2582990A7}.Debug|x86.Build.0 = Debug|Any CPU
		{E20EBFFC-6D11-4C58-9C9A-52D2582990A7}.Release|Any CPU.ActiveCfg = Release|Any CPU
		{E20EBFFC-6D11-4C58-9C9A-52D2582990A7}.Release|Any CPU.Build.0 = Release|Any CPU
		{E20EBFFC-6D11-4C58-9C9A-52D2582990A7}.Release|Any CPU.Deploy.0 = Release|Any CPU
		{E20EBFFC-6D11-4C58-9C9A-52D2582990A7}.Release|x64.ActiveCfg = Release|Any CPU
		{E20EBFFC-6D11-4C58-9C9A-52D2582990A7}.Release|x64.Build.0 = Release|Any CPU
		{E20EBFFC-6D11-4C58-9C9A-52D2582990A7}.Release|x86.ActiveCfg = Release|Any CPU
		{E20EBFFC-6D11-4C58-9C9A-52D2582990A7}.Release|x86.Build.0 = Release|Any CPU
		{54E8B161-75BA-44FF-9108-082CDCD6E6C5}.Debug|Any CPU.ActiveCfg = Debug|Any CPU
		{54E8B161-75BA-44FF-9108-082CDCD6E6C5}.Debug|Any CPU.Build.0 = Debug|Any CPU
		{54E8B161-75BA-44FF-9108-082CDCD6E6C5}.Debug|x64.ActiveCfg = Debug|Any CPU
		{54E8B161-75BA-44FF-9108-082CDCD6E6C5}.Debug|x64.Build.0 = Debug|Any CPU
		{54E8B161-75BA-44FF-9108-082CDCD6E6C5}.Debug|x86.ActiveCfg = Debug|Any CPU
		{54E8B161-75BA-44FF-9108-082CDCD6E6C5}.Debug|x86.Build.0 = Debug|Any CPU
		{54E8B161-75BA-44FF-9108-082CDCD6E6C5}.Release|Any CPU.ActiveCfg = Release|Any CPU
		{54E8B161-75BA-44FF-9108-082CDCD6E6C5}.Release|Any CPU.Build.0 = Release|Any CPU
		{54E8B161-75BA-44FF-9108-082CDCD6E6C5}.Release|x64.ActiveCfg = Release|Any CPU
		{54E8B161-75BA-44FF-9108-082CDCD6E6C5}.Release|x64.Build.0 = Release|Any CPU
		{54E8B161-75BA-44FF-9108-082CDCD6E6C5}.Release|x86.ActiveCfg = Release|Any CPU
		{54E8B161-75BA-44FF-9108-082CDCD6E6C5}.Release|x86.Build.0 = Release|Any CPU
	EndGlobalSection
	GlobalSection(SolutionProperties) = preSolution
		HideSolutionNode = FALSE
	EndGlobalSection
	GlobalSection(NestedProjects) = preSolution
		{54E8B161-75BA-44FF-9108-082CDCD6E6C5} = {5358A8DD-221C-A68E-DDFB-CD91B98A505E}
	EndGlobalSection
	GlobalSection(ExtensibilityGlobals) = postSolution
		SolutionGuid = {23833106-1A40-4105-9674-C90843B23533}
	EndGlobalSection
EndGlobal
