
Microsoft Visual Studio Solution File, Format Version 12.00
# Visual Studio Version 18
VisualStudioVersion = 18.1.11304.174 d18.0
MinimumVisualStudioVersion = 10.0.40219.1
Project("{2150E333-8FDC-42A3-9474-1A3956D46DE8}") = "WPF", "WPF", "{BEB35102-F434-47CE-A231-2FC3F089F75B}"
EndProject
Project("{9A19103F-16F7-4668-BE54-9A1E7A4F7556}") = "Decklink Demo X net472", "WPF\CSharp\Decklink Demo X\Decklink Demo X net472.csproj", "{E7CE89AA-4C57-4CFD-9371-E80ED0F8D225}"
EndProject
Project("{9A19103F-16F7-4668-BE54-9A1E7A4F7556}") = "Screen Capture X Demo WPF net472", "WPF\CSharp\Screen_Capture\Screen Capture X Demo WPF net472.csproj", "{59A0AD25-50DD-48F0-B7DE-BD30C877168C}"
EndProject
Project("{9A19103F-16F7-4668-BE54-9A1E7A4F7556}") = "Simple Video Capture X net472", "WPF\CSharp\Simple Video Capture\Simple Video Capture X net472.csproj", "{5FC51610-2C06-4D07-9163-FD326B65C3B7}"
EndProject
Project("{9A19103F-16F7-4668-BE54-9A1E7A4F7556}") = "Networks Streamer net472", "WPF\CSharp\Networks Streamer\Networks Streamer net472.csproj", "{7AB6E46E-D9E2-4618-94DB-AA34C830EA3C}"
EndProject
Project("{9A19103F-16F7-4668-BE54-9A1E7A4F7556}") = "Video Compositor Demo net472", "WPF\CSharp\Video Compositor Demo\Video Compositor Demo net472.csproj", "{ACF6629A-7575-4E05-AC2C-2236796A82A2}"
EndProject
Project("{9A19103F-16F7-4668-BE54-9A1E7A4F7556}") = "VNC Source Demo X net472", "WPF\CSharp\VNC Source Demo\VNC Source Demo X net472.csproj", "{AED1EA65-5568-4EB6-8AF5-5778B260ECB7}"
EndProject
Project("{9A19103F-16F7-4668-BE54-9A1E7A4F7556}") = "NDI Source Demo X net472", "WPF\CSharp\NDI Source Demo\NDI Source Demo X net472.csproj", "{61F2BE9C-8DEB-4F87-83DD-C05E71A28AC4}"
EndProject
Project("{9A19103F-16F7-4668-BE54-9A1E7A4F7556}") = "IP Capture X Demo WPF net472", "WPF\CSharp\IP Capture\IP Capture X Demo WPF net472.csproj", "{AB625ABE-947E-4FD3-A5F6-2B59DB4B3DE3}"
EndProject
Project("{9A19103F-16F7-4668-BE54-9A1E7A4F7556}") = "Audio Capture Demo X WPF net472", "WPF\CSharp\Audio Capture Demo X WPF\Audio Capture Demo X WPF net472.csproj", "{EBBED7C9-465A-4C12-8DB5-726E1EDCC753}"
EndProject
Project("{9A19103F-16F7-4668-BE54-9A1E7A4F7556}") = "Overlay Manager Demo X net472", "WPF\CSharp\Overlay Manager Demo\Overlay Manager Demo X net472.csproj", "{D5A8881E-981F-4B05-9835-51182DAE5231}"
EndProject
Project("{9A19103F-16F7-4668-BE54-9A1E7A4F7556}") = "NDI Streamer Demo net472", "WPF\CSharp\NDI Streamer Demo\NDI Streamer Demo net472.csproj", "{6B90F829-A3B4-4373-ACEA-43D1C421C614}"
EndProject
Project("{9A19103F-16F7-4668-BE54-9A1E7A4F7556}") = "USB3V-GigE Spinnaker net472", "WPF\CSharp\USB3V-GigE Spinnaker\USB3V-GigE Spinnaker net472.csproj", "{92F825D0-AFD6-4A9D-AE66-B11F8B1D7DF4}"
EndProject
Project("{9A19103F-16F7-4668-BE54-9A1E7A4F7556}") = "GenICam Capture X Demo WPF net472", "WPF\CSharp\GenICam Capture\GenICam Capture X Demo WPF net472.csproj", "{00C8DFEB-2C44-441C-AC14-09EF12008429}"
EndProject
Project("{9A19103F-16F7-4668-BE54-9A1E7A4F7556}") = "Basler Camera Demo net472", "WPF\CSharp\Basler Camera Demo\Basler Camera Demo net472.csproj", "{9E94090E-9939-4369-B67B-CE6F5EDE4499}"
EndProject
Project("{9A19103F-16F7-4668-BE54-9A1E7A4F7556}") = "AlliedVision Camera Demo net472", "WPF\CSharp\Allied Vision Camera Demo\AlliedVision Camera Demo net472.csproj", "{CC23EBBC-8E2A-42AF-85D6-E0DA2778AB65}"
EndProject
Project("{2150E333-8FDC-42A3-9474-1A3956D46DE8}") = "Code Snippets", "Code Snippets", "{7896E2F8-DC20-4CF4-9225-7AC899A30AB5}"
EndProject
Project("{9A19103F-16F7-4668-BE54-9A1E7A4F7556}") = "ip-camera-capture-mp4-x net472", "_CodeSnippets\ip-camera-capture-mp4\ip-camera-capture-mp4-x net472.csproj", "{161833BC-629E-4112-A9A3-60DA78D450FA}"
EndProject
Project("{9A19103F-16F7-4668-BE54-9A1E7A4F7556}") = "ip-camera-preview-x net472", "_CodeSnippets\ip-camera-preview\ip-camera-preview-x net472.csproj", "{9B73F306-1635-4AC3-B730-CD601134439E}"
EndProject
Project("{9A19103F-16F7-4668-BE54-9A1E7A4F7556}") = "screen-capture-avi-x net472", "_CodeSnippets\screen-capture-avi\screen-capture-avi-x net472.csproj", "{70F7F420-E017-46B5-850A-6C01AC6AE9C2}"
EndProject
Project("{9A19103F-16F7-4668-BE54-9A1E7A4F7556}") = "screen-capture-mp4-x net472", "_CodeSnippets\screen-capture-mp4\screen-capture-mp4-x net472.csproj", "{CF86644A-4B29-4E06-9560-C4C2971D5292}"
EndProject
Project("{9A19103F-16F7-4668-BE54-9A1E7A4F7556}") = "screen-capture-wmv-x net472", "_CodeSnippets\screen-capture-wmv\screen-capture-wmv-x net472.csproj", "{9B92EC3D-16FD-453C-805B-EB2A0D154310}"
EndProject
Project("{9A19103F-16F7-4668-BE54-9A1E7A4F7556}") = "speaker-capture-x net472", "_CodeSnippets\speaker-capture\speaker-capture-x net472.csproj", "{7D8F194C-148C-4968-9CF7-5611F51CD99F}"
EndProject
Project("{9A19103F-16F7-4668-BE54-9A1E7A4F7556}") = "video-capture-text-overlay-x net472", "_CodeSnippets\video-capture-text-overlay\video-capture-text-overlay-x net472.csproj", "{5AA20225-9027-4522-B6B0-D4D74B8A5E50}"
EndProject
Project("{9A19103F-16F7-4668-BE54-9A1E7A4F7556}") = "video-capture-webcam-avi-x net472", "_CodeSnippets\video-capture-webcam-avi\video-capture-webcam-avi-x net472.csproj", "{D3C349C3-1979-42CB-892A-B86830F812D3}"
EndProject
Project("{9A19103F-16F7-4668-BE54-9A1E7A4F7556}") = "video-capture-webcam-mp4-x net472", "_CodeSnippets\video-capture-webcam-mp4\video-capture-webcam-mp4-x net472.csproj", "{6A8E6293-B9FF-4E7F-83DC-F6645E5528E2}"
EndProject
Project("{9A19103F-16F7-4668-BE54-9A1E7A4F7556}") = "video-capture-webcam-wmv-x net472", "_CodeSnippets\video-capture-webcam-wmv\video-capture-webcam-wmv-x net472.csproj", "{3B29D4B6-3658-4516-9819-90557966A8B1}"
EndProject
Project("{9A19103F-16F7-4668-BE54-9A1E7A4F7556}") = "video-preview-webcam-frame-capture-x net472", "_CodeSnippets\video-preview-webcam-frame-capture\video-preview-webcam-frame-capture-x net472.csproj", "{3C3C9206-14BC-4CB6-B7C7-CF107D7695C0}"
EndProject
Project("{9A19103F-16F7-4668-BE54-9A1E7A4F7556}") = "webcam-preview-x net472", "_CodeSnippets\webcam-preview\webcam-preview-x net472.csproj", "{E1295810-4AD8-40F9-B10E-1B5718E7BC8F}"
EndProject
Project("{9A19103F-16F7-4668-BE54-9A1E7A4F7556}") = "screen-capture-webm-x net472", "_CodeSnippets\screen-capture-webm\screen-capture-webm-x net472.csproj", "{802F8ED3-92CC-492C-BE15-AC16C3899AD0}"
EndProject
Project("{9A19103F-16F7-4668-BE54-9A1E7A4F7556}") = "video-capture-image-overlay-x net472", "_CodeSnippets\video-capture-image-overlay\video-capture-image-overlay-x net472.csproj", "{11EA491D-39E9-4024-A482-B77252229013}"
EndProject
Project("{9A19103F-16F7-4668-BE54-9A1E7A4F7556}") = "Multiple Encoders net472", "WPF\CSharp\Multiple Encoders\Multiple Encoders net472.csproj", "{C39C3DFE-BD84-47B9-960D-9B1C6059D5FD}"
EndProject
Project("{FAE04EC0-301F-11D3-BF4B-00C04F79EFBC}") = "screen-to-decklink net472", "_CodeSnippets\screen-to-decklink\screen-to-decklink net472.csproj", "{661D8D0E-FFF3-4F07-B218-D2D574551692}"
EndProject
Project("{FAE04EC0-301F-11D3-BF4B-00C04F79EFBC}") = "Audio Mixer net472", "WPF\CSharp\Audio Mixer\Audio Mixer net472.csproj", "{AD5F5941-A82C-4B9F-DAAB-F6D62D4D1DDF}"
EndProject
Project("{FAE04EC0-301F-11D3-BF4B-00C04F79EFBC}") = "two-video-views net472", "_CodeSnippets\two-video-views\two-video-views net472.csproj", "{7EE531F0-BE69-9D65-0A31-8E3A4B0200C6}"
EndProject
Project("{FAE04EC0-301F-11D3-BF4B-00C04F79EFBC}") = "video-view-rotate-wpf net472", "_CodeSnippets\video-view-rotate-wpf\video-view-rotate-wpf net472.csproj", "{6F672F7E-10E3-F8A3-3168-E529D95DD7B0}"
EndProject
Project("{FAE04EC0-301F-11D3-BF4B-00C04F79EFBC}") = "webcam-preview-wpf net472", "_CodeSnippets\webcam-preview-wpf\webcam-preview-wpf net472.csproj", "{9A5C8069-C370-A741-F043-6F1CB8648071}"
EndProject
Global
	GlobalSection(SolutionConfigurationPlatforms) = preSolution
		Debug|Any CPU = Debug|Any CPU
		Release|Any CPU = Release|Any CPU
	EndGlobalSection
	GlobalSection(ProjectConfigurationPlatforms) = postSolution
		{E7CE89AA-4C57-4CFD-9371-E80ED0F8D225}.Debug|Any CPU.ActiveCfg = Debug|Any CPU
		{E7CE89AA-4C57-4CFD-9371-E80ED0F8D225}.Debug|Any CPU.Build.0 = Debug|Any CPU
		{E7CE89AA-4C57-4CFD-9371-E80ED0F8D225}.Release|Any CPU.ActiveCfg = Release|Any CPU
		{E7CE89AA-4C57-4CFD-9371-E80ED0F8D225}.Release|Any CPU.Build.0 = Release|Any CPU
		{59A0AD25-50DD-48F0-B7DE-BD30C877168C}.Debug|Any CPU.ActiveCfg = Debug|Any CPU
		{59A0AD25-50DD-48F0-B7DE-BD30C877168C}.Debug|Any CPU.Build.0 = Debug|Any CPU
		{59A0AD25-50DD-48F0-B7DE-BD30C877168C}.Release|Any CPU.ActiveCfg = Release|Any CPU
		{59A0AD25-50DD-48F0-B7DE-BD30C877168C}.Release|Any CPU.Build.0 = Release|Any CPU
		{5FC51610-2C06-4D07-9163-FD326B65C3B7}.Debug|Any CPU.ActiveCfg = Debug|Any CPU
		{5FC51610-2C06-4D07-9163-FD326B65C3B7}.Debug|Any CPU.Build.0 = Debug|Any CPU
		{5FC51610-2C06-4D07-9163-FD326B65C3B7}.Release|Any CPU.ActiveCfg = Release|Any CPU
		{5FC51610-2C06-4D07-9163-FD326B65C3B7}.Release|Any CPU.Build.0 = Release|Any CPU
		{7AB6E46E-D9E2-4618-94DB-AA34C830EA3C}.Debug|Any CPU.ActiveCfg = Debug|Any CPU
		{7AB6E46E-D9E2-4618-94DB-AA34C830EA3C}.Debug|Any CPU.Build.0 = Debug|Any CPU
		{7AB6E46E-D9E2-4618-94DB-AA34C830EA3C}.Release|Any CPU.ActiveCfg = Release|Any CPU
		{7AB6E46E-D9E2-4618-94DB-AA34C830EA3C}.Release|Any CPU.Build.0 = Release|Any CPU
		{ACF6629A-7575-4E05-AC2C-2236796A82A2}.Debug|Any CPU.ActiveCfg = Debug|Any CPU
		{ACF6629A-7575-4E05-AC2C-2236796A82A2}.Debug|Any CPU.Build.0 = Debug|Any CPU
		{ACF6629A-7575-4E05-AC2C-2236796A82A2}.Release|Any CPU.ActiveCfg = Release|Any CPU
		{ACF6629A-7575-4E05-AC2C-2236796A82A2}.Release|Any CPU.Build.0 = Release|Any CPU
		{AED1EA65-5568-4EB6-8AF5-5778B260ECB7}.Debug|Any CPU.ActiveCfg = Debug|Any CPU
		{AED1EA65-5568-4EB6-8AF5-5778B260ECB7}.Debug|Any CPU.Build.0 = Debug|Any CPU
		{AED1EA65-5568-4EB6-8AF5-5778B260ECB7}.Release|Any CPU.ActiveCfg = Release|Any CPU
		{AED1EA65-5568-4EB6-8AF5-5778B260ECB7}.Release|Any CPU.Build.0 = Release|Any CPU
		{61F2BE9C-8DEB-4F87-83DD-C05E71A28AC4}.Debug|Any CPU.ActiveCfg = Debug|Any CPU
		{61F2BE9C-8DEB-4F87-83DD-C05E71A28AC4}.Debug|Any CPU.Build.0 = Debug|Any CPU
		{61F2BE9C-8DEB-4F87-83DD-C05E71A28AC4}.Release|Any CPU.ActiveCfg = Release|Any CPU
		{61F2BE9C-8DEB-4F87-83DD-C05E71A28AC4}.Release|Any CPU.Build.0 = Release|Any CPU
		{AB625ABE-947E-4FD3-A5F6-2B59DB4B3DE3}.Debug|Any CPU.ActiveCfg = Debug|Any CPU
		{AB625ABE-947E-4FD3-A5F6-2B59DB4B3DE3}.Debug|Any CPU.Build.0 = Debug|Any CPU
		{AB625ABE-947E-4FD3-A5F6-2B59DB4B3DE3}.Release|Any CPU.ActiveCfg = Release|Any CPU
		{AB625ABE-947E-4FD3-A5F6-2B59DB4B3DE3}.Release|Any CPU.Build.0 = Release|Any CPU
		{EBBED7C9-465A-4C12-8DB5-726E1EDCC753}.Debug|Any CPU.ActiveCfg = Debug|Any CPU
		{EBBED7C9-465A-4C12-8DB5-726E1EDCC753}.Debug|Any CPU.Build.0 = Debug|Any CPU
		{EBBED7C9-465A-4C12-8DB5-726E1EDCC753}.Release|Any CPU.ActiveCfg = Release|Any CPU
		{EBBED7C9-465A-4C12-8DB5-726E1EDCC753}.Release|Any CPU.Build.0 = Release|Any CPU
		{D5A8881E-981F-4B05-9835-51182DAE5231}.Debug|Any CPU.ActiveCfg = Debug|Any CPU
		{D5A8881E-981F-4B05-9835-51182DAE5231}.Debug|Any CPU.Build.0 = Debug|Any CPU
		{D5A8881E-981F-4B05-9835-51182DAE5231}.Release|Any CPU.ActiveCfg = Release|Any CPU
		{D5A8881E-981F-4B05-9835-51182DAE5231}.Release|Any CPU.Build.0 = Release|Any CPU
		{6B90F829-A3B4-4373-ACEA-43D1C421C614}.Debug|Any CPU.ActiveCfg = Debug|Any CPU
		{6B90F829-A3B4-4373-ACEA-43D1C421C614}.Debug|Any CPU.Build.0 = Debug|Any CPU
		{6B90F829-A3B4-4373-ACEA-43D1C421C614}.Release|Any CPU.ActiveCfg = Release|Any CPU
		{6B90F829-A3B4-4373-ACEA-43D1C421C614}.Release|Any CPU.Build.0 = Release|Any CPU
		{92F825D0-AFD6-4A9D-AE66-B11F8B1D7DF4}.Debug|Any CPU.ActiveCfg = Debug|Any CPU
		{92F825D0-AFD6-4A9D-AE66-B11F8B1D7DF4}.Debug|Any CPU.Build.0 = Debug|Any CPU
		{92F825D0-AFD6-4A9D-AE66-B11F8B1D7DF4}.Release|Any CPU.ActiveCfg = Release|Any CPU
		{92F825D0-AFD6-4A9D-AE66-B11F8B1D7DF4}.Release|Any CPU.Build.0 = Release|Any CPU
		{00C8DFEB-2C44-441C-AC14-09EF12008429}.Debug|Any CPU.ActiveCfg = Debug|Any CPU
		{00C8DFEB-2C44-441C-AC14-09EF12008429}.Debug|Any CPU.Build.0 = Debug|Any CPU
		{00C8DFEB-2C44-441C-AC14-09EF12008429}.Release|Any CPU.ActiveCfg = Release|Any CPU
		{00C8DFEB-2C44-441C-AC14-09EF12008429}.Release|Any CPU.Build.0 = Release|Any CPU
		{9E94090E-9939-4369-B67B-CE6F5EDE4499}.Debug|Any CPU.ActiveCfg = Debug|Any CPU
		{9E94090E-9939-4369-B67B-CE6F5EDE4499}.Debug|Any CPU.Build.0 = Debug|Any CPU
		{9E94090E-9939-4369-B67B-CE6F5EDE4499}.Release|Any CPU.ActiveCfg = Release|Any CPU
		{9E94090E-9939-4369-B67B-CE6F5EDE4499}.Release|Any CPU.Build.0 = Release|Any CPU
		{CC23EBBC-8E2A-42AF-85D6-E0DA2778AB65}.Debug|Any CPU.ActiveCfg = Debug|Any CPU
		{CC23EBBC-8E2A-42AF-85D6-E0DA2778AB65}.Debug|Any CPU.Build.0 = Debug|Any CPU
		{CC23EBBC-8E2A-42AF-85D6-E0DA2778AB65}.Release|Any CPU.ActiveCfg = Release|Any CPU
		{CC23EBBC-8E2A-42AF-85D6-E0DA2778AB65}.Release|Any CPU.Build.0 = Release|Any CPU
		{161833BC-629E-4112-A9A3-60DA78D450FA}.Debug|Any CPU.ActiveCfg = Debug|Any CPU
		{161833BC-629E-4112-A9A3-60DA78D450FA}.Debug|Any CPU.Build.0 = Debug|Any CPU
		{161833BC-629E-4112-A9A3-60DA78D450FA}.Release|Any CPU.ActiveCfg = Release|Any CPU
		{161833BC-629E-4112-A9A3-60DA78D450FA}.Release|Any CPU.Build.0 = Release|Any CPU
		{9B73F306-1635-4AC3-B730-CD601134439E}.Debug|Any CPU.ActiveCfg = Debug|Any CPU
		{9B73F306-1635-4AC3-B730-CD601134439E}.Debug|Any CPU.Build.0 = Debug|Any CPU
		{9B73F306-1635-4AC3-B730-CD601134439E}.Release|Any CPU.ActiveCfg = Release|Any CPU
		{9B73F306-1635-4AC3-B730-CD601134439E}.Release|Any CPU.Build.0 = Release|Any CPU
		{70F7F420-E017-46B5-850A-6C01AC6AE9C2}.Debug|Any CPU.ActiveCfg = Debug|Any CPU
		{70F7F420-E017-46B5-850A-6C01AC6AE9C2}.Debug|Any CPU.Build.0 = Debug|Any CPU
		{70F7F420-E017-46B5-850A-6C01AC6AE9C2}.Release|Any CPU.ActiveCfg = Release|Any CPU
		{70F7F420-E017-46B5-850A-6C01AC6AE9C2}.Release|Any CPU.Build.0 = Release|Any CPU
		{CF86644A-4B29-4E06-9560-C4C2971D5292}.Debug|Any CPU.ActiveCfg = Debug|Any CPU
		{CF86644A-4B29-4E06-9560-C4C2971D5292}.Debug|Any CPU.Build.0 = Debug|Any CPU
		{CF86644A-4B29-4E06-9560-C4C2971D5292}.Release|Any CPU.ActiveCfg = Release|Any CPU
		{CF86644A-4B29-4E06-9560-C4C2971D5292}.Release|Any CPU.Build.0 = Release|Any CPU
		{9B92EC3D-16FD-453C-805B-EB2A0D154310}.Debug|Any CPU.ActiveCfg = Debug|Any CPU
		{9B92EC3D-16FD-453C-805B-EB2A0D154310}.Debug|Any CPU.Build.0 = Debug|Any CPU
		{9B92EC3D-16FD-453C-805B-EB2A0D154310}.Release|Any CPU.ActiveCfg = Release|Any CPU
		{9B92EC3D-16FD-453C-805B-EB2A0D154310}.Release|Any CPU.Build.0 = Release|Any CPU
		{7D8F194C-148C-4968-9CF7-5611F51CD99F}.Debug|Any CPU.ActiveCfg = Debug|Any CPU
		{7D8F194C-148C-4968-9CF7-5611F51CD99F}.Debug|Any CPU.Build.0 = Debug|Any CPU
		{7D8F194C-148C-4968-9CF7-5611F51CD99F}.Release|Any CPU.ActiveCfg = Release|Any CPU
		{7D8F194C-148C-4968-9CF7-5611F51CD99F}.Release|Any CPU.Build.0 = Release|Any CPU
		{5AA20225-9027-4522-B6B0-D4D74B8A5E50}.Debug|Any CPU.ActiveCfg = Debug|Any CPU
		{5AA20225-9027-4522-B6B0-D4D74B8A5E50}.Debug|Any CPU.Build.0 = Debug|Any CPU
		{5AA20225-9027-4522-B6B0-D4D74B8A5E50}.Release|Any CPU.ActiveCfg = Release|Any CPU
		{5AA20225-9027-4522-B6B0-D4D74B8A5E50}.Release|Any CPU.Build.0 = Release|Any CPU
		{D3C349C3-1979-42CB-892A-B86830F812D3}.Debug|Any CPU.ActiveCfg = Debug|Any CPU
		{D3C349C3-1979-42CB-892A-B86830F812D3}.Debug|Any CPU.Build.0 = Debug|Any CPU
		{D3C349C3-1979-42CB-892A-B86830F812D3}.Release|Any CPU.ActiveCfg = Release|Any CPU
		{D3C349C3-1979-42CB-892A-B86830F812D3}.Release|Any CPU.Build.0 = Release|Any CPU
		{6A8E6293-B9FF-4E7F-83DC-F6645E5528E2}.Debug|Any CPU.ActiveCfg = Debug|Any CPU
		{6A8E6293-B9FF-4E7F-83DC-F6645E5528E2}.Debug|Any CPU.Build.0 = Debug|Any CPU
		{6A8E6293-B9FF-4E7F-83DC-F6645E5528E2}.Release|Any CPU.ActiveCfg = Release|Any CPU
		{6A8E6293-B9FF-4E7F-83DC-F6645E5528E2}.Release|Any CPU.Build.0 = Release|Any CPU
		{3B29D4B6-3658-4516-9819-90557966A8B1}.Debug|Any CPU.ActiveCfg = Debug|Any CPU
		{3B29D4B6-3658-4516-9819-90557966A8B1}.Debug|Any CPU.Build.0 = Debug|Any CPU
		{3B29D4B6-3658-4516-9819-90557966A8B1}.Release|Any CPU.ActiveCfg = Release|Any CPU
		{3B29D4B6-3658-4516-9819-90557966A8B1}.Release|Any CPU.Build.0 = Release|Any CPU
		{3C3C9206-14BC-4CB6-B7C7-CF107D7695C0}.Debug|Any CPU.ActiveCfg = Debug|Any CPU
		{3C3C9206-14BC-4CB6-B7C7-CF107D7695C0}.Debug|Any CPU.Build.0 = Debug|Any CPU
		{3C3C9206-14BC-4CB6-B7C7-CF107D7695C0}.Release|Any CPU.ActiveCfg = Release|Any CPU
		{3C3C9206-14BC-4CB6-B7C7-CF107D7695C0}.Release|Any CPU.Build.0 = Release|Any CPU
		{E1295810-4AD8-40F9-B10E-1B5718E7BC8F}.Debug|Any CPU.ActiveCfg = Debug|Any CPU
		{E1295810-4AD8-40F9-B10E-1B5718E7BC8F}.Debug|Any CPU.Build.0 = Debug|Any CPU
		{E1295810-4AD8-40F9-B10E-1B5718E7BC8F}.Release|Any CPU.ActiveCfg = Release|Any CPU
		{E1295810-4AD8-40F9-B10E-1B5718E7BC8F}.Release|Any CPU.Build.0 = Release|Any CPU
		{802F8ED3-92CC-492C-BE15-AC16C3899AD0}.Debug|Any CPU.ActiveCfg = Debug|Any CPU
		{802F8ED3-92CC-492C-BE15-AC16C3899AD0}.Debug|Any CPU.Build.0 = Debug|Any CPU
		{802F8ED3-92CC-492C-BE15-AC16C3899AD0}.Release|Any CPU.ActiveCfg = Release|Any CPU
		{802F8ED3-92CC-492C-BE15-AC16C3899AD0}.Release|Any CPU.Build.0 = Release|Any CPU
		{11EA491D-39E9-4024-A482-B77252229013}.Debug|Any CPU.ActiveCfg = Debug|Any CPU
		{11EA491D-39E9-4024-A482-B77252229013}.Debug|Any CPU.Build.0 = Debug|Any CPU
		{11EA491D-39E9-4024-A482-B77252229013}.Release|Any CPU.ActiveCfg = Release|Any CPU
		{11EA491D-39E9-4024-A482-B77252229013}.Release|Any CPU.Build.0 = Release|Any CPU
		{C39C3DFE-BD84-47B9-960D-9B1C6059D5FD}.Debug|Any CPU.ActiveCfg = Debug|Any CPU
		{C39C3DFE-BD84-47B9-960D-9B1C6059D5FD}.Debug|Any CPU.Build.0 = Debug|Any CPU
		{C39C3DFE-BD84-47B9-960D-9B1C6059D5FD}.Release|Any CPU.ActiveCfg = Release|Any CPU
		{C39C3DFE-BD84-47B9-960D-9B1C6059D5FD}.Release|Any CPU.Build.0 = Release|Any CPU
		{661D8D0E-FFF3-4F07-B218-D2D574551692}.Debug|Any CPU.ActiveCfg = Debug|Any CPU
		{661D8D0E-FFF3-4F07-B218-D2D574551692}.Debug|Any CPU.Build.0 = Debug|Any CPU
		{661D8D0E-FFF3-4F07-B218-D2D574551692}.Release|Any CPU.ActiveCfg = Release|Any CPU
		{661D8D0E-FFF3-4F07-B218-D2D574551692}.Release|Any CPU.Build.0 = Release|Any CPU
		{AD5F5941-A82C-4B9F-DAAB-F6D62D4D1DDF}.Debug|Any CPU.ActiveCfg = Debug|Any CPU
		{AD5F5941-A82C-4B9F-DAAB-F6D62D4D1DDF}.Debug|Any CPU.Build.0 = Debug|Any CPU
		{AD5F5941-A82C-4B9F-DAAB-F6D62D4D1DDF}.Release|Any CPU.ActiveCfg = Release|Any CPU
		{AD5F5941-A82C-4B9F-DAAB-F6D62D4D1DDF}.Release|Any CPU.Build.0 = Release|Any CPU
		{7EE531F0-BE69-9D65-0A31-8E3A4B0200C6}.Debug|Any CPU.ActiveCfg = Debug|Any CPU
		{7EE531F0-BE69-9D65-0A31-8E3A4B0200C6}.Debug|Any CPU.Build.0 = Debug|Any CPU
		{7EE531F0-BE69-9D65-0A31-8E3A4B0200C6}.Release|Any CPU.ActiveCfg = Release|Any CPU
		{7EE531F0-BE69-9D65-0A31-8E3A4B0200C6}.Release|Any CPU.Build.0 = Release|Any CPU
		{6F672F7E-10E3-F8A3-3168-E529D95DD7B0}.Debug|Any CPU.ActiveCfg = Debug|Any CPU
		{6F672F7E-10E3-F8A3-3168-E529D95DD7B0}.Debug|Any CPU.Build.0 = Debug|Any CPU
		{6F672F7E-10E3-F8A3-3168-E529D95DD7B0}.Release|Any CPU.ActiveCfg = Release|Any CPU
		{6F672F7E-10E3-F8A3-3168-E529D95DD7B0}.Release|Any CPU.Build.0 = Release|Any CPU
		{9A5C8069-C370-A741-F043-6F1CB8648071}.Debug|Any CPU.ActiveCfg = Debug|Any CPU
		{9A5C8069-C370-A741-F043-6F1CB8648071}.Debug|Any CPU.Build.0 = Debug|Any CPU
		{9A5C8069-C370-A741-F043-6F1CB8648071}.Release|Any CPU.ActiveCfg = Release|Any CPU
		{9A5C8069-C370-A741-F043-6F1CB8648071}.Release|Any CPU.Build.0 = Release|Any CPU
	EndGlobalSection
	GlobalSection(SolutionProperties) = preSolution
		HideSolutionNode = FALSE
	EndGlobalSection
	GlobalSection(NestedProjects) = preSolution
		{E7CE89AA-4C57-4CFD-9371-E80ED0F8D225} = {BEB35102-F434-47CE-A231-2FC3F089F75B}
		{59A0AD25-50DD-48F0-B7DE-BD30C877168C} = {BEB35102-F434-47CE-A231-2FC3F089F75B}
		{5FC51610-2C06-4D07-9163-FD326B65C3B7} = {BEB35102-F434-47CE-A231-2FC3F089F75B}
		{7AB6E46E-D9E2-4618-94DB-AA34C830EA3C} = {BEB35102-F434-47CE-A231-2FC3F089F75B}
		{ACF6629A-7575-4E05-AC2C-2236796A82A2} = {BEB35102-F434-47CE-A231-2FC3F089F75B}
		{AED1EA65-5568-4EB6-8AF5-5778B260ECB7} = {BEB35102-F434-47CE-A231-2FC3F089F75B}
		{61F2BE9C-8DEB-4F87-83DD-C05E71A28AC4} = {BEB35102-F434-47CE-A231-2FC3F089F75B}
		{AB625ABE-947E-4FD3-A5F6-2B59DB4B3DE3} = {BEB35102-F434-47CE-A231-2FC3F089F75B}
		{EBBED7C9-465A-4C12-8DB5-726E1EDCC753} = {BEB35102-F434-47CE-A231-2FC3F089F75B}
		{D5A8881E-981F-4B05-9835-51182DAE5231} = {BEB35102-F434-47CE-A231-2FC3F089F75B}
		{6B90F829-A3B4-4373-ACEA-43D1C421C614} = {BEB35102-F434-47CE-A231-2FC3F089F75B}
		{92F825D0-AFD6-4A9D-AE66-B11F8B1D7DF4} = {BEB35102-F434-47CE-A231-2FC3F089F75B}
		{00C8DFEB-2C44-441C-AC14-09EF12008429} = {BEB35102-F434-47CE-A231-2FC3F089F75B}
		{9E94090E-9939-4369-B67B-CE6F5EDE4499} = {BEB35102-F434-47CE-A231-2FC3F089F75B}
		{CC23EBBC-8E2A-42AF-85D6-E0DA2778AB65} = {BEB35102-F434-47CE-A231-2FC3F089F75B}
		{161833BC-629E-4112-A9A3-60DA78D450FA} = {7896E2F8-DC20-4CF4-9225-7AC899A30AB5}
		{9B73F306-1635-4AC3-B730-CD601134439E} = {7896E2F8-DC20-4CF4-9225-7AC899A30AB5}
		{70F7F420-E017-46B5-850A-6C01AC6AE9C2} = {7896E2F8-DC20-4CF4-9225-7AC899A30AB5}
		{CF86644A-4B29-4E06-9560-C4C2971D5292} = {7896E2F8-DC20-4CF4-9225-7AC899A30AB5}
		{9B92EC3D-16FD-453C-805B-EB2A0D154310} = {7896E2F8-DC20-4CF4-9225-7AC899A30AB5}
		{7D8F194C-148C-4968-9CF7-5611F51CD99F} = {7896E2F8-DC20-4CF4-9225-7AC899A30AB5}
		{5AA20225-9027-4522-B6B0-D4D74B8A5E50} = {7896E2F8-DC20-4CF4-9225-7AC899A30AB5}
		{D3C349C3-1979-42CB-892A-B86830F812D3} = {7896E2F8-DC20-4CF4-9225-7AC899A30AB5}
		{6A8E6293-B9FF-4E7F-83DC-F6645E5528E2} = {7896E2F8-DC20-4CF4-9225-7AC899A30AB5}
		{3B29D4B6-3658-4516-9819-90557966A8B1} = {7896E2F8-DC20-4CF4-9225-7AC899A30AB5}
		{3C3C9206-14BC-4CB6-B7C7-CF107D7695C0} = {7896E2F8-DC20-4CF4-9225-7AC899A30AB5}
		{E1295810-4AD8-40F9-B10E-1B5718E7BC8F} = {7896E2F8-DC20-4CF4-9225-7AC899A30AB5}
		{802F8ED3-92CC-492C-BE15-AC16C3899AD0} = {7896E2F8-DC20-4CF4-9225-7AC899A30AB5}
		{11EA491D-39E9-4024-A482-B77252229013} = {7896E2F8-DC20-4CF4-9225-7AC899A30AB5}
		{C39C3DFE-BD84-47B9-960D-9B1C6059D5FD} = {BEB35102-F434-47CE-A231-2FC3F089F75B}
		{661D8D0E-FFF3-4F07-B218-D2D574551692} = {7896E2F8-DC20-4CF4-9225-7AC899A30AB5}
		{AD5F5941-A82C-4B9F-DAAB-F6D62D4D1DDF} = {BEB35102-F434-47CE-A231-2FC3F089F75B}
		{7EE531F0-BE69-9D65-0A31-8E3A4B0200C6} = {7896E2F8-DC20-4CF4-9225-7AC899A30AB5}
		{6F672F7E-10E3-F8A3-3168-E529D95DD7B0} = {7896E2F8-DC20-4CF4-9225-7AC899A30AB5}
		{9A5C8069-C370-A741-F043-6F1CB8648071} = {7896E2F8-DC20-4CF4-9225-7AC899A30AB5}
	EndGlobalSection
	GlobalSection(ExtensibilityGlobals) = postSolution
		SolutionGuid = {4F46B964-BC4D-4675-AF4A-17347CF13390}
	EndGlobalSection
EndGlobal
