
Microsoft Visual Studio Solution File, Format Version 12.00
# Visual Studio Version 17
VisualStudioVersion = 17.8.34330.188
MinimumVisualStudioVersion = 10.0.40219.1
Project("{9A19103F-16F7-4668-BE54-9A1E7A4F7556}") = "Simple Video Capture", "Android\Simple Video Capture\Simple Video Capture.csproj", "{839E9F40-ED93-4167-9ADD-CDFBD0AC1455}"
EndProject
Project("{9A19103F-16F7-4668-BE54-9A1E7A4F7556}") = "VisioForge.Core.Android.X10", "..\AndroidDependency\VisioForge.Core.Android.X10.csproj", "{EF80D735-7DE2-4E67-9F68-9055CC497E1B}"
EndProject
Project("{9A19103F-16F7-4668-BE54-9A1E7A4F7556}") = "PhotoCapture", "Android\PhotoCapture\PhotoCapture.csproj", "{CEC6C1E7-C926-4844-A607-A08D5F8FA0EC}"
EndProject
Project("{2150E333-8FDC-42A3-9474-1A3956D46DE8}") = "Android", "Android", "{BF99073B-E2A2-3B6C-DD7F-8271E9BF10B9}"
EndProject
Project("{9A19103F-16F7-4668-BE54-9A1E7A4F7556}") = "NDIPlayer", "Android\NDIPlayer\NDIPlayer.csproj", "{B7734B23-2B56-429D-A57F-82F02EFFB5D2}"
EndProject
Global
	GlobalSection(SolutionConfigurationPlatforms) = preSolution
		Debug|Any CPU = Debug|Any CPU
		Debug|x64 = Debug|x64
		Debug|x86 = Debug|x86
		Release|Any CPU = Release|Any CPU
		Release|x64 = Release|x64
		Release|x86 = Release|x86
	EndGlobalSection
	GlobalSection(ProjectConfigurationPlatforms) = postSolution
		{839E9F40-ED93-4167-9ADD-CDFBD0AC1455}.Debug|Any CPU.ActiveCfg = Debug|Any CPU
		{839E9F40-ED93-4167-9ADD-CDFBD0AC1455}.Debug|Any CPU.Build.0 = Debug|Any CPU
		{839E9F40-ED93-4167-9ADD-CDFBD0AC1455}.Debug|Any CPU.Deploy.0 = Debug|Any CPU
		{839E9F40-ED93-4167-9ADD-CDFBD0AC1455}.Debug|x64.ActiveCfg = Debug|Any CPU
		{839E9F40-ED93-4167-9ADD-CDFBD0AC1455}.Debug|x64.Build.0 = Debug|Any CPU
		{839E9F40-ED93-4167-9ADD-CDFBD0AC1455}.Debug|x86.ActiveCfg = Debug|Any CPU
		{839E9F40-ED93-4167-9ADD-CDFBD0AC1455}.Debug|x86.Build.0 = Debug|Any CPU
		{839E9F40-ED93-4167-9ADD-CDFBD0AC1455}.Release|Any CPU.ActiveCfg = Release|Any CPU
		{839E9F40-ED93-4167-9ADD-CDFBD0AC1455}.Release|Any CPU.Build.0 = Release|Any CPU
		{839E9F40-ED93-4167-9ADD-CDFBD0AC1455}.Release|Any CPU.Deploy.0 = Release|Any CPU
		{839E9F40-ED93-4167-9ADD-CDFBD0AC1455}.Release|x64.ActiveCfg = Release|Any CPU
		{839E9F40-ED93-4167-9ADD-CDFBD0AC1455}.Release|x64.Build.0 = Release|Any CPU
		{839E9F40-ED93-4167-9ADD-CDFBD0AC1455}.Release|x86.ActiveCfg = Release|Any CPU
		{839E9F40-ED93-4167-9ADD-CDFBD0AC1455}.Release|x86.Build.0 = Release|Any CPU
		{EF80D735-7DE2-4E67-9F68-9055CC497E1B}.Debug|Any CPU.ActiveCfg = Debug|Any CPU
		{EF80D735-7DE2-4E67-9F68-9055CC497E1B}.Debug|Any CPU.Build.0 = Debug|Any CPU
		{EF80D735-7DE2-4E67-9F68-9055CC497E1B}.Debug|x64.ActiveCfg = Debug|Any CPU
		{EF80D735-7DE2-4E67-9F68-9055CC497E1B}.Debug|x64.Build.0 = Debug|Any CPU
		{EF80D735-7DE2-4E67-9F68-9055CC497E1B}.Debug|x86.ActiveCfg = Debug|Any CPU
		{EF80D735-7DE2-4E67-9F68-9055CC497E1B}.Debug|x86.Build.0 = Debug|Any CPU
		{EF80D735-7DE2-4E67-9F68-9055CC497E1B}.Release|Any CPU.ActiveCfg = Release|Any CPU
		{EF80D735-7DE2-4E67-9F68-9055CC497E1B}.Release|Any CPU.Build.0 = Release|Any CPU
		{EF80D735-7DE2-4E67-9F68-9055CC497E1B}.Release|x64.ActiveCfg = Release|Any CPU
		{EF80D735-7DE2-4E67-9F68-9055CC497E1B}.Release|x64.Build.0 = Release|Any CPU
		{EF80D735-7DE2-4E67-9F68-9055CC497E1B}.Release|x86.ActiveCfg = Release|Any CPU
		{EF80D735-7DE2-4E67-9F68-9055CC497E1B}.Release|x86.Build.0 = Release|Any CPU
		{CEC6C1E7-C926-4844-A607-A08D5F8FA0EC}.Debug|Any CPU.ActiveCfg = Debug|Any CPU
		{CEC6C1E7-C926-4844-A607-A08D5F8FA0EC}.Debug|Any CPU.Build.0 = Debug|Any CPU
		{CEC6C1E7-C926-4844-A607-A08D5F8FA0EC}.Debug|Any CPU.Deploy.0 = Debug|Any CPU
		{CEC6C1E7-C926-4844-A607-A08D5F8FA0EC}.Debug|x64.ActiveCfg = Debug|Any CPU
		{CEC6C1E7-C926-4844-A607-A08D5F8FA0EC}.Debug|x64.Build.0 = Debug|Any CPU
		{CEC6C1E7-C926-4844-A607-A08D5F8FA0EC}.Debug|x86.ActiveCfg = Debug|Any CPU
		{CEC6C1E7-C926-4844-A607-A08D5F8FA0EC}.Debug|x86.Build.0 = Debug|Any CPU
		{CEC6C1E7-C926-4844-A607-A08D5F8FA0EC}.Release|Any CPU.ActiveCfg = Release|Any CPU
		{CEC6C1E7-C926-4844-A607-A08D5F8FA0EC}.Release|Any CPU.Build.0 = Release|Any CPU
		{CEC6C1E7-C926-4844-A607-A08D5F8FA0EC}.Release|Any CPU.Deploy.0 = Release|Any CPU
		{CEC6C1E7-C926-4844-A607-A08D5F8FA0EC}.Release|x64.ActiveCfg = Release|Any CPU
		{CEC6C1E7-C926-4844-A607-A08D5F8FA0EC}.Release|x64.Build.0 = Release|Any CPU
		{CEC6C1E7-C926-4844-A607-A08D5F8FA0EC}.Release|x86.ActiveCfg = Release|Any CPU
		{CEC6C1E7-C926-4844-A607-A08D5F8FA0EC}.Release|x86.Build.0 = Release|Any CPU
		{B7734B23-2B56-429D-A57F-82F02EFFB5D2}.Debug|Any CPU.ActiveCfg = Debug|Any CPU
		{B7734B23-2B56-429D-A57F-82F02EFFB5D2}.Debug|Any CPU.Build.0 = Debug|Any CPU
		{B7734B23-2B56-429D-A57F-82F02EFFB5D2}.Debug|x64.ActiveCfg = Debug|Any CPU
		{B7734B23-2B56-429D-A57F-82F02EFFB5D2}.Debug|x64.Build.0 = Debug|Any CPU
		{B7734B23-2B56-429D-A57F-82F02EFFB5D2}.Debug|x86.ActiveCfg = Debug|Any CPU
		{B7734B23-2B56-429D-A57F-82F02EFFB5D2}.Debug|x86.Build.0 = Debug|Any CPU
		{B7734B23-2B56-429D-A57F-82F02EFFB5D2}.Release|Any CPU.ActiveCfg = Release|Any CPU
		{B7734B23-2B56-429D-A57F-82F02EFFB5D2}.Release|Any CPU.Build.0 = Release|Any CPU
		{B7734B23-2B56-429D-A57F-82F02EFFB5D2}.Release|x64.ActiveCfg = Release|Any CPU
		{B7734B23-2B56-429D-A57F-82F02EFFB5D2}.Release|x64.Build.0 = Release|Any CPU
		{B7734B23-2B56-429D-A57F-82F02EFFB5D2}.Release|x86.ActiveCfg = Release|Any CPU
		{B7734B23-2B56-429D-A57F-82F02EFFB5D2}.Release|x86.Build.0 = Release|Any CPU
	EndGlobalSection
	GlobalSection(SolutionProperties) = preSolution
		HideSolutionNode = FALSE
	EndGlobalSection
	GlobalSection(NestedProjects) = preSolution
		{B7734B23-2B56-429D-A57F-82F02EFFB5D2} = {BF99073B-E2A2-3B6C-DD7F-8271E9BF10B9}
	EndGlobalSection
	GlobalSection(ExtensibilityGlobals) = postSolution
		SolutionGuid = {E455BA40-AB1A-4241-8722-4A134894822F}
	EndGlobalSection
EndGlobal
